{
    "version": 3,
    "terraform_version": "0.11.14",
    "serial": 19,
    "lineage": "01bd42f8-c34a-89ed-5b9b-0c9a4ed389db",
    "modules": [
        {
            "path": [
                "root"
            ],
            "outputs": {},
            "resources": {
                "google_compute_backend_service.default": {
                    "type": "google_compute_backend_service",
                    "depends_on": [
                        "google_compute_http_health_check.default"
                    ],
                    "primary": {
                        "id": "backend-service",
                        "attributes": {
                            "affinity_cookie_ttl_sec": "0",
                            "backend.#": "0",
                            "cdn_policy.#": "0",
                            "connection_draining_timeout_sec": "300",
                            "creation_timestamp": "2019-05-29T05:16:12.582-07:00",
                            "description": "",
                            "enable_cdn": "false",
                            "fingerprint": "hc8pzJXILdE=",
                            "health_checks.#": "1",
                            "health_checks.3224325861": "https://www.googleapis.com/compute/v1/projects/fabled-orbit-241907/global/httpHealthChecks/http-health-check",
                            "iap.#": "0",
                            "id": "backend-service",
                            "load_balancing_scheme": "EXTERNAL",
                            "name": "backend-service",
                            "port_name": "http",
                            "project": "fabled-orbit-241907",
                            "protocol": "HTTP",
                            "security_policy": "",
                            "self_link": "https://www.googleapis.com/compute/v1/projects/fabled-orbit-241907/global/backendServices/backend-service",
                            "session_affinity": "NONE",
                            "timeout_sec": "10"
                        },
                        "meta": {
                            "e2bfb730-ecaa-11e6-8f88-34363bc7c4c0": {
                                "create": 240000000000,
                                "delete": 240000000000,
                                "update": 240000000000
                            },
                            "schema_version": "1"
                        },
                        "tainted": false
                    },
                    "deposed": [],
                    "provider": "provider.google"
                },
                "google_compute_firewall.egress-firewall": {
                    "type": "google_compute_firewall",
                    "depends_on": [
                        "google_compute_network.vnet"
                    ],
                    "primary": {
                        "id": "egress-firewall",
                        "attributes": {
                            "allow.#": "1",
                            "allow.3848845357.ports.#": "0",
                            "allow.3848845357.protocol": "tcp",
                            "creation_timestamp": "2019-05-29T05:16:09.050-07:00",
                            "deny.#": "0",
                            "description": "",
                            "destination_ranges.#": "1",
                            "destination_ranges.1080289494": "0.0.0.0/0",
                            "direction": "EGRESS",
                            "disabled": "false",
                            "id": "egress-firewall",
                            "name": "egress-firewall",
                            "network": "https://www.googleapis.com/compute/v1/projects/fabled-orbit-241907/global/networks/project-vnet",
                            "priority": "1001",
                            "project": "fabled-orbit-241907",
                            "self_link": "https://www.googleapis.com/compute/v1/projects/fabled-orbit-241907/global/firewalls/egress-firewall",
                            "source_ranges.#": "0",
                            "source_service_accounts.#": "0",
                            "source_tags.#": "0",
                            "target_service_accounts.#": "0",
                            "target_tags.#": "0"
                        },
                        "meta": {
                            "e2bfb730-ecaa-11e6-8f88-34363bc7c4c0": {
                                "create": 240000000000,
                                "delete": 240000000000,
                                "update": 240000000000
                            },
                            "schema_version": "1"
                        },
                        "tainted": false
                    },
                    "deposed": [],
                    "provider": "provider.google"
                },
                "google_compute_firewall.jenkins-firewall": {
                    "type": "google_compute_firewall",
                    "depends_on": [
                        "google_compute_network.vnet"
                    ],
                    "primary": {
                        "id": "jenkins-firewall",
                        "attributes": {
                            "allow.#": "1",
                            "allow.2481140388.ports.#": "1",
                            "allow.2481140388.ports.0": "8080",
                            "allow.2481140388.protocol": "tcp",
                            "creation_timestamp": "2019-05-29T05:16:08.913-07:00",
                            "deny.#": "0",
                            "description": "",
                            "destination_ranges.#": "0",
                            "direction": "INGRESS",
                            "disabled": "false",
                            "id": "jenkins-firewall",
                            "name": "jenkins-firewall",
                            "network": "https://www.googleapis.com/compute/v1/projects/fabled-orbit-241907/global/networks/project-vnet",
                            "priority": "1003",
                            "project": "fabled-orbit-241907",
                            "self_link": "https://www.googleapis.com/compute/v1/projects/fabled-orbit-241907/global/firewalls/jenkins-firewall",
                            "source_ranges.#": "1",
                            "source_ranges.1080289494": "0.0.0.0/0",
                            "source_service_accounts.#": "0",
                            "source_tags.#": "0",
                            "target_service_accounts.#": "0",
                            "target_tags.#": "0"
                        },
                        "meta": {
                            "e2bfb730-ecaa-11e6-8f88-34363bc7c4c0": {
                                "create": 240000000000,
                                "delete": 240000000000,
                                "update": 240000000000
                            },
                            "schema_version": "1"
                        },
                        "tainted": false
                    },
                    "deposed": [],
                    "provider": "provider.google"
                },
                "google_compute_firewall.kub-firewall": {
                    "type": "google_compute_firewall",
                    "depends_on": [
                        "google_compute_network.vnet"
                    ],
                    "primary": {
                        "id": "kub-firewall",
                        "attributes": {
                            "allow.#": "1",
                            "allow.680193008.ports.#": "1",
                            "allow.680193008.ports.0": "443",
                            "allow.680193008.protocol": "tcp",
                            "creation_timestamp": "2019-05-29T05:16:08.919-07:00",
                            "deny.#": "0",
                            "description": "",
                            "destination_ranges.#": "0",
                            "direction": "INGRESS",
                            "disabled": "false",
                            "id": "kub-firewall",
                            "name": "kub-firewall",
                            "network": "https://www.googleapis.com/compute/v1/projects/fabled-orbit-241907/global/networks/project-vnet",
                            "priority": "1002",
                            "project": "fabled-orbit-241907",
                            "self_link": "https://www.googleapis.com/compute/v1/projects/fabled-orbit-241907/global/firewalls/kub-firewall",
                            "source_ranges.#": "1",
                            "source_ranges.1080289494": "0.0.0.0/0",
                            "source_service_accounts.#": "0",
                            "source_tags.#": "0",
                            "target_service_accounts.#": "0",
                            "target_tags.#": "0"
                        },
                        "meta": {
                            "e2bfb730-ecaa-11e6-8f88-34363bc7c4c0": {
                                "create": 240000000000,
                                "delete": 240000000000,
                                "update": 240000000000
                            },
                            "schema_version": "1"
                        },
                        "tainted": false
                    },
                    "deposed": [],
                    "provider": "provider.google"
                },
                "google_compute_firewall.nexus-firewall": {
                    "type": "google_compute_firewall",
                    "depends_on": [
                        "google_compute_network.vnet"
                    ],
                    "primary": {
                        "id": "nexus-firewall",
                        "attributes": {
                            "allow.#": "1",
                            "allow.2331509733.ports.#": "1",
                            "allow.2331509733.ports.0": "8081",
                            "allow.2331509733.protocol": "tcp",
                            "creation_timestamp": "2019-05-29T05:16:09.023-07:00",
                            "deny.#": "0",
                            "description": "",
                            "destination_ranges.#": "0",
                            "direction": "INGRESS",
                            "disabled": "false",
                            "id": "nexus-firewall",
                            "name": "nexus-firewall",
                            "network": "https://www.googleapis.com/compute/v1/projects/fabled-orbit-241907/global/networks/project-vnet",
                            "priority": "1004",
                            "project": "fabled-orbit-241907",
                            "self_link": "https://www.googleapis.com/compute/v1/projects/fabled-orbit-241907/global/firewalls/nexus-firewall",
                            "source_ranges.#": "1",
                            "source_ranges.1080289494": "0.0.0.0/0",
                            "source_service_accounts.#": "0",
                            "source_tags.#": "0",
                            "target_service_accounts.#": "0",
                            "target_tags.#": "0"
                        },
                        "meta": {
                            "e2bfb730-ecaa-11e6-8f88-34363bc7c4c0": {
                                "create": 240000000000,
                                "delete": 240000000000,
                                "update": 240000000000
                            },
                            "schema_version": "1"
                        },
                        "tainted": false
                    },
                    "deposed": [],
                    "provider": "provider.google"
                },
                "google_compute_firewall.ssh-firewall": {
                    "type": "google_compute_firewall",
                    "depends_on": [
                        "google_compute_network.vnet"
                    ],
                    "primary": {
                        "id": "ssh-firewall",
                        "attributes": {
                            "allow.#": "1",
                            "allow.803338340.ports.#": "1",
                            "allow.803338340.ports.0": "22",
                            "allow.803338340.protocol": "tcp",
                            "creation_timestamp": "2019-05-29T05:16:08.902-07:00",
                            "deny.#": "0",
                            "description": "",
                            "destination_ranges.#": "0",
                            "direction": "INGRESS",
                            "disabled": "false",
                            "id": "ssh-firewall",
                            "name": "ssh-firewall",
                            "network": "https://www.googleapis.com/compute/v1/projects/fabled-orbit-241907/global/networks/project-vnet",
                            "priority": "1000",
                            "project": "fabled-orbit-241907",
                            "self_link": "https://www.googleapis.com/compute/v1/projects/fabled-orbit-241907/global/firewalls/ssh-firewall",
                            "source_ranges.#": "1",
                            "source_ranges.1080289494": "0.0.0.0/0",
                            "source_service_accounts.#": "0",
                            "source_tags.#": "0",
                            "target_service_accounts.#": "0",
                            "target_tags.#": "0"
                        },
                        "meta": {
                            "e2bfb730-ecaa-11e6-8f88-34363bc7c4c0": {
                                "create": 240000000000,
                                "delete": 240000000000,
                                "update": 240000000000
                            },
                            "schema_version": "1"
                        },
                        "tainted": false
                    },
                    "deposed": [],
                    "provider": "provider.google"
                },
                "google_compute_http_health_check.default": {
                    "type": "google_compute_http_health_check",
                    "depends_on": [],
                    "primary": {
                        "id": "http-health-check",
                        "attributes": {
                            "check_interval_sec": "1",
                            "creation_timestamp": "2019-05-29T05:16:08.943-07:00",
                            "description": "",
                            "healthy_threshold": "2",
                            "host": "",
                            "id": "http-health-check",
                            "name": "http-health-check",
                            "port": "80",
                            "project": "fabled-orbit-241907",
                            "request_path": "/",
                            "self_link": "https://www.googleapis.com/compute/v1/projects/fabled-orbit-241907/global/httpHealthChecks/http-health-check",
                            "timeout_sec": "1",
                            "unhealthy_threshold": "2"
                        },
                        "meta": {
                            "e2bfb730-ecaa-11e6-8f88-34363bc7c4c0": {
                                "create": 240000000000,
                                "delete": 240000000000,
                                "update": 240000000000
                            }
                        },
                        "tainted": false
                    },
                    "deposed": [],
                    "provider": "provider.google"
                },
                "google_compute_instance.docker": {
                    "type": "google_compute_instance",
                    "depends_on": [
                        "google_compute_network.vnet",
                        "google_compute_subnetwork.kub-docker"
                    ],
                    "primary": {
                        "id": "docker",
                        "attributes": {
                            "attached_disk.#": "0",
                            "boot_disk.#": "1",
                            "boot_disk.0.auto_delete": "true",
                            "boot_disk.0.device_name": "persistent-disk-0",
                            "boot_disk.0.disk_encryption_key_raw": "",
                            "boot_disk.0.disk_encryption_key_sha256": "",
                            "boot_disk.0.initialize_params.#": "1",
                            "boot_disk.0.initialize_params.0.image": "https://www.googleapis.com/compute/v1/projects/centos-cloud/global/images/centos-7-v20190515",
                            "boot_disk.0.initialize_params.0.size": "10",
                            "boot_disk.0.initialize_params.0.type": "pd-standard",
                            "boot_disk.0.kms_key_self_link": "",
                            "boot_disk.0.source": "https://www.googleapis.com/compute/v1/projects/fabled-orbit-241907/zones/us-central1-a/disks/docker",
                            "can_ip_forward": "false",
                            "cpu_platform": "Intel Haswell",
                            "deletion_protection": "false",
                            "guest_accelerator.#": "0",
                            "hostname": "",
                            "id": "docker",
                            "instance_id": "1413241076625688309",
                            "label_fingerprint": "42WmSpB8rSM=",
                            "labels.%": "0",
                            "machine_type": "n1-standard-1",
                            "metadata.%": "1",
                            "metadata.sshKeys": "henry:ssh-rsa AAAAB3NzaC1yc2EAAAADAQABAAABAQC/loFdLgNMVS5xbaZubYj/0EBhQxq/MlqsgcoJpjDiXYyDsDrmMqPBCR3n0516DBJfYXG5wXeKik6h60vJscDp27z1DNkAHBxgLUYErOvMkftEyHnb+KeoI3AtmKvpn9wozENHP9VqmSmbv+h0zASK0MJjkxQxsZVAZTPNDJIdW9cFBgx9KRLD4Xct7c+VhToQeaWG/ChQszsyC7uT7YAsIQVAVBpRPiiQ1H4+nrj43KwrtAYSSNcRhEppsZCS0QVzrgBJ98DrvLfv2qDLuFGZ34AyzNtS7ZVrii+NU6n0a80pIYMFy/dZUbnwRP4tKuq8eyF/uBlk+I7NyvDeEZcN henry@linux-3.home\n",
                            "metadata_fingerprint": "l1UasU_qqow=",
                            "metadata_startup_script": "",
                            "min_cpu_platform": "",
                            "name": "docker",
                            "network_interface.#": "1",
                            "network_interface.0.access_config.#": "1",
                            "network_interface.0.access_config.0.assigned_nat_ip": "",
                            "network_interface.0.access_config.0.nat_ip": "35.192.28.71",
                            "network_interface.0.access_config.0.network_tier": "PREMIUM",
                            "network_interface.0.access_config.0.public_ptr_domain_name": "",
                            "network_interface.0.address": "",
                            "network_interface.0.alias_ip_range.#": "0",
                            "network_interface.0.name": "nic0",
                            "network_interface.0.network": "https://www.googleapis.com/compute/v1/projects/fabled-orbit-241907/global/networks/project-vnet",
                            "network_interface.0.network_ip": "10.3.0.2",
                            "network_interface.0.subnetwork": "https://www.googleapis.com/compute/v1/projects/fabled-orbit-241907/regions/us-central1/subnetworks/kub-docker",
                            "network_interface.0.subnetwork_project": "fabled-orbit-241907",
                            "project": "fabled-orbit-241907",
                            "scheduling.#": "1",
                            "scheduling.0.automatic_restart": "true",
                            "scheduling.0.node_affinities.#": "0",
                            "scheduling.0.on_host_maintenance": "MIGRATE",
                            "scheduling.0.preemptible": "false",
                            "scratch_disk.#": "0",
                            "self_link": "https://www.googleapis.com/compute/v1/projects/fabled-orbit-241907/zones/us-central1-a/instances/docker",
                            "service_account.#": "0",
                            "shielded_instance_config.#": "0",
                            "tags.#": "0",
                            "tags_fingerprint": "42WmSpB8rSM=",
                            "zone": "us-central1-a"
                        },
                        "meta": {
                            "e2bfb730-ecaa-11e6-8f88-34363bc7c4c0": {
                                "create": 360000000000,
                                "delete": 360000000000,
                                "update": 360000000000
                            },
                            "schema_version": "6"
                        },
                        "tainted": false
                    },
                    "deposed": [],
                    "provider": "provider.google"
                },
                "google_compute_instance.jenkins": {
                    "type": "google_compute_instance",
                    "depends_on": [
                        "google_compute_network.vnet",
                        "google_compute_subnetwork.jenkins-nexus"
                    ],
                    "primary": {
                        "id": "jenkins",
                        "attributes": {
                            "attached_disk.#": "0",
                            "boot_disk.#": "1",
                            "boot_disk.0.auto_delete": "true",
                            "boot_disk.0.device_name": "persistent-disk-0",
                            "boot_disk.0.disk_encryption_key_raw": "",
                            "boot_disk.0.disk_encryption_key_sha256": "",
                            "boot_disk.0.initialize_params.#": "1",
                            "boot_disk.0.initialize_params.0.image": "https://www.googleapis.com/compute/v1/projects/centos-cloud/global/images/centos-7-v20190515",
                            "boot_disk.0.initialize_params.0.size": "10",
                            "boot_disk.0.initialize_params.0.type": "pd-standard",
                            "boot_disk.0.kms_key_self_link": "",
                            "boot_disk.0.source": "https://www.googleapis.com/compute/v1/projects/fabled-orbit-241907/zones/us-central1-a/disks/jenkins",
                            "can_ip_forward": "false",
                            "cpu_platform": "Intel Haswell",
                            "deletion_protection": "false",
                            "guest_accelerator.#": "0",
                            "hostname": "",
                            "id": "jenkins",
                            "instance_id": "3751971161525962469",
                            "label_fingerprint": "42WmSpB8rSM=",
                            "labels.%": "0",
                            "machine_type": "n1-standard-1",
                            "metadata.%": "1",
                            "metadata.sshKeys": "henry:ssh-rsa AAAAB3NzaC1yc2EAAAADAQABAAABAQC/loFdLgNMVS5xbaZubYj/0EBhQxq/MlqsgcoJpjDiXYyDsDrmMqPBCR3n0516DBJfYXG5wXeKik6h60vJscDp27z1DNkAHBxgLUYErOvMkftEyHnb+KeoI3AtmKvpn9wozENHP9VqmSmbv+h0zASK0MJjkxQxsZVAZTPNDJIdW9cFBgx9KRLD4Xct7c+VhToQeaWG/ChQszsyC7uT7YAsIQVAVBpRPiiQ1H4+nrj43KwrtAYSSNcRhEppsZCS0QVzrgBJ98DrvLfv2qDLuFGZ34AyzNtS7ZVrii+NU6n0a80pIYMFy/dZUbnwRP4tKuq8eyF/uBlk+I7NyvDeEZcN henry@linux-3.home\n",
                            "metadata_fingerprint": "l1UasU_qqow=",
                            "metadata_startup_script": "",
                            "min_cpu_platform": "",
                            "name": "jenkins",
                            "network_interface.#": "1",
                            "network_interface.0.access_config.#": "1",
                            "network_interface.0.access_config.0.assigned_nat_ip": "",
                            "network_interface.0.access_config.0.nat_ip": "35.222.185.13",
                            "network_interface.0.access_config.0.network_tier": "PREMIUM",
                            "network_interface.0.access_config.0.public_ptr_domain_name": "",
                            "network_interface.0.address": "",
                            "network_interface.0.alias_ip_range.#": "0",
                            "network_interface.0.name": "nic0",
                            "network_interface.0.network": "https://www.googleapis.com/compute/v1/projects/fabled-orbit-241907/global/networks/project-vnet",
                            "network_interface.0.network_ip": "10.2.0.6",
                            "network_interface.0.subnetwork": "https://www.googleapis.com/compute/v1/projects/fabled-orbit-241907/regions/us-central1/subnetworks/jenins-nexus",
                            "network_interface.0.subnetwork_project": "fabled-orbit-241907",
                            "project": "fabled-orbit-241907",
                            "scheduling.#": "1",
                            "scheduling.0.automatic_restart": "true",
                            "scheduling.0.node_affinities.#": "0",
                            "scheduling.0.on_host_maintenance": "MIGRATE",
                            "scheduling.0.preemptible": "false",
                            "scratch_disk.#": "0",
                            "self_link": "https://www.googleapis.com/compute/v1/projects/fabled-orbit-241907/zones/us-central1-a/instances/jenkins",
                            "service_account.#": "0",
                            "shielded_instance_config.#": "0",
                            "tags.#": "0",
                            "tags_fingerprint": "42WmSpB8rSM=",
                            "zone": "us-central1-a"
                        },
                        "meta": {
                            "e2bfb730-ecaa-11e6-8f88-34363bc7c4c0": {
                                "create": 360000000000,
                                "delete": 360000000000,
                                "update": 360000000000
                            },
                            "schema_version": "6"
                        },
                        "tainted": false
                    },
                    "deposed": [],
                    "provider": "provider.google"
                },
                "google_compute_instance.kub": {
                    "type": "google_compute_instance",
                    "depends_on": [
                        "google_compute_network.vnet",
                        "google_compute_subnetwork.kub-docker"
                    ],
                    "primary": {
                        "id": "kub",
                        "attributes": {
                            "attached_disk.#": "0",
                            "boot_disk.#": "1",
                            "boot_disk.0.auto_delete": "true",
                            "boot_disk.0.device_name": "persistent-disk-0",
                            "boot_disk.0.disk_encryption_key_raw": "",
                            "boot_disk.0.disk_encryption_key_sha256": "",
                            "boot_disk.0.initialize_params.#": "1",
                            "boot_disk.0.initialize_params.0.image": "https://www.googleapis.com/compute/v1/projects/centos-cloud/global/images/centos-7-v20190515",
                            "boot_disk.0.initialize_params.0.size": "10",
                            "boot_disk.0.initialize_params.0.type": "pd-standard",
                            "boot_disk.0.kms_key_self_link": "",
                            "boot_disk.0.source": "https://www.googleapis.com/compute/v1/projects/fabled-orbit-241907/zones/us-central1-a/disks/kub",
                            "can_ip_forward": "false",
                            "cpu_platform": "Intel Haswell",
                            "deletion_protection": "false",
                            "guest_accelerator.#": "0",
                            "hostname": "",
                            "id": "kub",
                            "instance_id": "849949140728399605",
                            "label_fingerprint": "42WmSpB8rSM=",
                            "labels.%": "0",
                            "machine_type": "n1-standard-1",
                            "metadata.%": "1",
                            "metadata.sshKeys": "henry:ssh-rsa AAAAB3NzaC1yc2EAAAADAQABAAABAQC/loFdLgNMVS5xbaZubYj/0EBhQxq/MlqsgcoJpjDiXYyDsDrmMqPBCR3n0516DBJfYXG5wXeKik6h60vJscDp27z1DNkAHBxgLUYErOvMkftEyHnb+KeoI3AtmKvpn9wozENHP9VqmSmbv+h0zASK0MJjkxQxsZVAZTPNDJIdW9cFBgx9KRLD4Xct7c+VhToQeaWG/ChQszsyC7uT7YAsIQVAVBpRPiiQ1H4+nrj43KwrtAYSSNcRhEppsZCS0QVzrgBJ98DrvLfv2qDLuFGZ34AyzNtS7ZVrii+NU6n0a80pIYMFy/dZUbnwRP4tKuq8eyF/uBlk+I7NyvDeEZcN henry@linux-3.home\n",
                            "metadata_fingerprint": "l1UasU_qqow=",
                            "metadata_startup_script": "",
                            "min_cpu_platform": "",
                            "name": "kub",
                            "network_interface.#": "1",
                            "network_interface.0.access_config.#": "1",
                            "network_interface.0.access_config.0.assigned_nat_ip": "",
                            "network_interface.0.access_config.0.nat_ip": "107.178.220.243",
                            "network_interface.0.access_config.0.network_tier": "PREMIUM",
                            "network_interface.0.access_config.0.public_ptr_domain_name": "",
                            "network_interface.0.address": "",
                            "network_interface.0.alias_ip_range.#": "0",
                            "network_interface.0.name": "nic0",
                            "network_interface.0.network": "https://www.googleapis.com/compute/v1/projects/fabled-orbit-241907/global/networks/project-vnet",
                            "network_interface.0.network_ip": "10.3.0.3",
                            "network_interface.0.subnetwork": "https://www.googleapis.com/compute/v1/projects/fabled-orbit-241907/regions/us-central1/subnetworks/kub-docker",
                            "network_interface.0.subnetwork_project": "fabled-orbit-241907",
                            "project": "fabled-orbit-241907",
                            "scheduling.#": "1",
                            "scheduling.0.automatic_restart": "true",
                            "scheduling.0.node_affinities.#": "0",
                            "scheduling.0.on_host_maintenance": "MIGRATE",
                            "scheduling.0.preemptible": "false",
                            "scratch_disk.#": "0",
                            "self_link": "https://www.googleapis.com/compute/v1/projects/fabled-orbit-241907/zones/us-central1-a/instances/kub",
                            "service_account.#": "0",
                            "shielded_instance_config.#": "0",
                            "tags.#": "0",
                            "tags_fingerprint": "42WmSpB8rSM=",
                            "zone": "us-central1-a"
                        },
                        "meta": {
                            "e2bfb730-ecaa-11e6-8f88-34363bc7c4c0": {
                                "create": 360000000000,
                                "delete": 360000000000,
                                "update": 360000000000
                            },
                            "schema_version": "6"
                        },
                        "tainted": false
                    },
                    "deposed": [],
                    "provider": "provider.google"
                },
                "google_compute_instance.nexus": {
                    "type": "google_compute_instance",
                    "depends_on": [
                        "google_compute_network.vnet",
                        "google_compute_subnetwork.jenkins-nexus"
                    ],
                    "primary": {
                        "id": "nexus",
                        "attributes": {
                            "attached_disk.#": "0",
                            "boot_disk.#": "1",
                            "boot_disk.0.auto_delete": "true",
                            "boot_disk.0.device_name": "persistent-disk-0",
                            "boot_disk.0.disk_encryption_key_raw": "",
                            "boot_disk.0.disk_encryption_key_sha256": "",
                            "boot_disk.0.initialize_params.#": "1",
                            "boot_disk.0.initialize_params.0.image": "https://www.googleapis.com/compute/v1/projects/centos-cloud/global/images/centos-7-v20190515",
                            "boot_disk.0.initialize_params.0.size": "10",
                            "boot_disk.0.initialize_params.0.type": "pd-standard",
                            "boot_disk.0.kms_key_self_link": "",
                            "boot_disk.0.source": "https://www.googleapis.com/compute/v1/projects/fabled-orbit-241907/zones/us-central1-a/disks/nexus",
                            "can_ip_forward": "false",
                            "cpu_platform": "Intel Haswell",
                            "deletion_protection": "false",
                            "guest_accelerator.#": "0",
                            "hostname": "",
                            "id": "nexus",
                            "instance_id": "1063199412345620197",
                            "label_fingerprint": "42WmSpB8rSM=",
                            "labels.%": "0",
                            "machine_type": "n1-standard-1",
                            "metadata.%": "1",
                            "metadata.sshKeys": "henry:ssh-rsa AAAAB3NzaC1yc2EAAAADAQABAAABAQC/loFdLgNMVS5xbaZubYj/0EBhQxq/MlqsgcoJpjDiXYyDsDrmMqPBCR3n0516DBJfYXG5wXeKik6h60vJscDp27z1DNkAHBxgLUYErOvMkftEyHnb+KeoI3AtmKvpn9wozENHP9VqmSmbv+h0zASK0MJjkxQxsZVAZTPNDJIdW9cFBgx9KRLD4Xct7c+VhToQeaWG/ChQszsyC7uT7YAsIQVAVBpRPiiQ1H4+nrj43KwrtAYSSNcRhEppsZCS0QVzrgBJ98DrvLfv2qDLuFGZ34AyzNtS7ZVrii+NU6n0a80pIYMFy/dZUbnwRP4tKuq8eyF/uBlk+I7NyvDeEZcN henry@linux-3.home\n",
                            "metadata_fingerprint": "l1UasU_qqow=",
                            "metadata_startup_script": "",
                            "min_cpu_platform": "",
                            "name": "nexus",
                            "network_interface.#": "1",
                            "network_interface.0.access_config.#": "1",
                            "network_interface.0.access_config.0.assigned_nat_ip": "",
                            "network_interface.0.access_config.0.nat_ip": "35.222.30.0",
                            "network_interface.0.access_config.0.network_tier": "PREMIUM",
                            "network_interface.0.access_config.0.public_ptr_domain_name": "",
                            "network_interface.0.address": "",
                            "network_interface.0.alias_ip_range.#": "0",
                            "network_interface.0.name": "nic0",
                            "network_interface.0.network": "https://www.googleapis.com/compute/v1/projects/fabled-orbit-241907/global/networks/project-vnet",
                            "network_interface.0.network_ip": "10.2.0.7",
                            "network_interface.0.subnetwork": "https://www.googleapis.com/compute/v1/projects/fabled-orbit-241907/regions/us-central1/subnetworks/jenins-nexus",
                            "network_interface.0.subnetwork_project": "fabled-orbit-241907",
                            "project": "fabled-orbit-241907",
                            "scheduling.#": "1",
                            "scheduling.0.automatic_restart": "true",
                            "scheduling.0.node_affinities.#": "0",
                            "scheduling.0.on_host_maintenance": "MIGRATE",
                            "scheduling.0.preemptible": "false",
                            "scratch_disk.#": "0",
                            "self_link": "https://www.googleapis.com/compute/v1/projects/fabled-orbit-241907/zones/us-central1-a/instances/nexus",
                            "service_account.#": "0",
                            "shielded_instance_config.#": "0",
                            "tags.#": "0",
                            "tags_fingerprint": "42WmSpB8rSM=",
                            "zone": "us-central1-a"
                        },
                        "meta": {
                            "e2bfb730-ecaa-11e6-8f88-34363bc7c4c0": {
                                "create": 360000000000,
                                "delete": 360000000000,
                                "update": 360000000000
                            },
                            "schema_version": "6"
                        },
                        "tainted": false
                    },
                    "deposed": [],
                    "provider": "provider.google"
                },
                "google_compute_network.vnet": {
                    "type": "google_compute_network",
                    "depends_on": [],
                    "primary": {
                        "id": "project-vnet",
                        "attributes": {
                            "auto_create_subnetworks": "false",
                            "delete_default_routes_on_create": "false",
                            "description": "",
                            "gateway_ipv4": "",
                            "id": "project-vnet",
                            "ipv4_range": "",
                            "name": "project-vnet",
                            "project": "fabled-orbit-241907",
                            "routing_mode": "REGIONAL",
                            "self_link": "https://www.googleapis.com/compute/v1/projects/fabled-orbit-241907/global/networks/project-vnet"
                        },
                        "meta": {
                            "e2bfb730-ecaa-11e6-8f88-34363bc7c4c0": {
                                "create": 240000000000,
                                "delete": 240000000000,
                                "update": 240000000000
                            }
                        },
                        "tainted": false
                    },
                    "deposed": [],
                    "provider": "provider.google"
                },
                "google_compute_subnetwork.jenkins-nexus": {
                    "type": "google_compute_subnetwork",
                    "depends_on": [
                        "google_compute_network.vnet"
                    ],
                    "primary": {
                        "id": "us-central1/jenins-nexus",
                        "attributes": {
                            "creation_timestamp": "2019-05-29T00:53:34.942-07:00",
                            "description": "",
                            "enable_flow_logs": "false",
                            "fingerprint": "f3N9wRy9nuU=",
                            "gateway_address": "10.2.0.1",
                            "id": "us-central1/jenins-nexus",
                            "ip_cidr_range": "10.2.0.0/16",
                            "name": "jenins-nexus",
                            "network": "https://www.googleapis.com/compute/v1/projects/fabled-orbit-241907/global/networks/project-vnet",
                            "private_ip_google_access": "false",
                            "project": "fabled-orbit-241907",
                            "region": "us-central1",
                            "secondary_ip_range.#": "0",
                            "self_link": "https://www.googleapis.com/compute/v1/projects/fabled-orbit-241907/regions/us-central1/subnetworks/jenins-nexus"
                        },
                        "meta": {
                            "e2bfb730-ecaa-11e6-8f88-34363bc7c4c0": {
                                "create": 360000000000,
                                "delete": 360000000000,
                                "update": 360000000000
                            }
                        },
                        "tainted": false
                    },
                    "deposed": [],
                    "provider": "provider.google"
                },
                "google_compute_subnetwork.kub-docker": {
                    "type": "google_compute_subnetwork",
                    "depends_on": [
                        "google_compute_network.vnet"
                    ],
                    "primary": {
                        "id": "us-central1/kub-docker",
                        "attributes": {
                            "creation_timestamp": "2019-05-29T05:16:09.115-07:00",
                            "description": "",
                            "enable_flow_logs": "false",
                            "fingerprint": "zx7vWQBCD24=",
                            "gateway_address": "10.3.0.1",
                            "id": "us-central1/kub-docker",
                            "ip_cidr_range": "10.3.0.0/16",
                            "name": "kub-docker",
                            "network": "https://www.googleapis.com/compute/v1/projects/fabled-orbit-241907/global/networks/project-vnet",
                            "private_ip_google_access": "false",
                            "project": "fabled-orbit-241907",
                            "region": "us-central1",
                            "secondary_ip_range.#": "0",
                            "self_link": "https://www.googleapis.com/compute/v1/projects/fabled-orbit-241907/regions/us-central1/subnetworks/kub-docker"
                        },
                        "meta": {
                            "e2bfb730-ecaa-11e6-8f88-34363bc7c4c0": {
                                "create": 360000000000,
                                "delete": 360000000000,
                                "update": 360000000000
                            }
                        },
                        "tainted": false
                    },
                    "deposed": [],
                    "provider": "provider.google"
                },
                "google_compute_target_http_proxy.default": {
                    "type": "google_compute_target_http_proxy",
                    "depends_on": [
                        "google_compute_url_map.default"
                    ],
                    "primary": {
                        "id": "project-proxy",
                        "attributes": {
                            "creation_timestamp": "2019-05-29T05:16:24.001-07:00",
                            "description": "",
                            "id": "project-proxy",
                            "name": "project-proxy",
                            "project": "fabled-orbit-241907",
                            "proxy_id": "6232962430264395512",
                            "self_link": "https://www.googleapis.com/compute/v1/projects/fabled-orbit-241907/global/targetHttpProxies/project-proxy",
                            "url_map": "https://www.googleapis.com/compute/v1/projects/fabled-orbit-241907/global/urlMaps/url-map"
                        },
                        "meta": {
                            "e2bfb730-ecaa-11e6-8f88-34363bc7c4c0": {
                                "create": 240000000000,
                                "delete": 240000000000,
                                "update": 240000000000
                            }
                        },
                        "tainted": false
                    },
                    "deposed": [],
                    "provider": "provider.google"
                },
                "google_compute_url_map.default": {
                    "type": "google_compute_url_map",
                    "depends_on": [
                        "google_compute_backend_service.default"
                    ],
                    "primary": {
                        "id": "url-map",
                        "attributes": {
                            "creation_timestamp": "2019-05-29T05:16:20.616-07:00",
                            "default_service": "https://www.googleapis.com/compute/v1/projects/fabled-orbit-241907/global/backendServices/backend-service",
                            "description": "",
                            "fingerprint": "jKgg81RCjNg=",
                            "host_rule.#": "1",
                            "host_rule.1253437249.description": "",
                            "host_rule.1253437249.hosts.#": "1",
                            "host_rule.1253437249.hosts.163128923": "*",
                            "host_rule.1253437249.path_matcher": "allpaths",
                            "id": "url-map",
                            "map_id": "5561376965627463419",
                            "name": "url-map",
                            "path_matcher.#": "1",
                            "path_matcher.0.default_service": "https://www.googleapis.com/compute/v1/projects/fabled-orbit-241907/global/backendServices/backend-service",
                            "path_matcher.0.description": "",
                            "path_matcher.0.name": "allpaths",
                            "path_matcher.0.path_rule.#": "1",
                            "path_matcher.0.path_rule.0.paths.#": "1",
                            "path_matcher.0.path_rule.0.paths.2290017092": "/*",
                            "path_matcher.0.path_rule.0.service": "https://www.googleapis.com/compute/v1/projects/fabled-orbit-241907/global/backendServices/backend-service",
                            "project": "fabled-orbit-241907",
                            "self_link": "https://www.googleapis.com/compute/v1/projects/fabled-orbit-241907/global/urlMaps/url-map",
                            "test.#": "0"
                        },
                        "meta": {
                            "e2bfb730-ecaa-11e6-8f88-34363bc7c4c0": {
                                "create": 240000000000,
                                "delete": 240000000000,
                                "update": 240000000000
                            }
                        },
                        "tainted": false
                    },
                    "deposed": [],
                    "provider": "provider.google"
                },
                "google_container_cluster.primary": {
                    "type": "google_container_cluster",
                    "depends_on": [
                        "google_compute_network.vnet",
                        "google_compute_subnetwork.kub-docker"
                    ],
                    "primary": {
                        "id": "my-gke-cluster",
                        "attributes": {
                            "additional_zones.#": "0",
                            "addons_config.#": "1",
                            "addons_config.0.horizontal_pod_autoscaling.#": "0",
                            "addons_config.0.http_load_balancing.#": "0",
                            "addons_config.0.kubernetes_dashboard.#": "1",
                            "addons_config.0.kubernetes_dashboard.0.disabled": "true",
                            "addons_config.0.network_policy_config.#": "1",
                            "addons_config.0.network_policy_config.0.disabled": "true",
                            "cluster_autoscaling.#": "0",
                            "cluster_ipv4_cidr": "10.44.0.0/14",
                            "description": "",
                            "enable_kubernetes_alpha": "false",
                            "enable_legacy_abac": "false",
                            "endpoint": "10.4.0.2",
                            "id": "my-gke-cluster",
                            "initial_node_count": "1",
                            "instance_group_urls.#": "0",
                            "ip_allocation_policy.#": "1",
                            "ip_allocation_policy.0.cluster_ipv4_cidr_block": "10.44.0.0/14",
                            "ip_allocation_policy.0.cluster_secondary_range_name": "gke-my-gke-cluster-pods-8c52f8a8",
                            "ip_allocation_policy.0.create_subnetwork": "false",
                            "ip_allocation_policy.0.node_ipv4_cidr_block": "10.3.0.0/16",
                            "ip_allocation_policy.0.services_ipv4_cidr_block": "10.175.0.0/20",
                            "ip_allocation_policy.0.services_secondary_range_name": "gke-my-gke-cluster-services-8c52f8a8",
                            "ip_allocation_policy.0.subnetwork_name": "",
                            "ip_allocation_policy.0.use_ip_aliases": "true",
                            "location": "us-central1-a",
                            "logging_service": "logging.googleapis.com",
                            "maintenance_policy.#": "0",
                            "master_auth.#": "1",
                            "master_auth.0.client_certificate": "",
                            "master_auth.0.client_certificate_config.#": "1",
                            "master_auth.0.client_certificate_config.0.issue_client_certificate": "false",
                            "master_auth.0.client_key": "",
                            "master_auth.0.cluster_ca_certificate": "LS0tLS1CRUdJTiBDRVJUSUZJQ0FURS0tLS0tCk1JSURERENDQWZTZ0F3SUJBZ0lSQUwweHlwRzJLTVpPM1JOWjlJT3g4TTB3RFFZSktvWklodmNOQVFFTEJRQXcKTHpFdE1Dc0dBMVVFQXhNa016SmhNemxsTTJRdE56RXdNaTAwWVRjMExUZzFNRE10WkRVMU9USXdaV0psWXpVegpNQjRYRFRFNU1EVXlPVEV4TXpBd05sb1hEVEkwTURVeU56RXlNekF3Tmxvd0x6RXRNQ3NHQTFVRUF4TWtNekpoCk16bGxNMlF0TnpFd01pMDBZVGMwTFRnMU1ETXRaRFUxT1RJd1pXSmxZelV6TUlJQklqQU5CZ2txaGtpRzl3MEIKQVFFRkFBT0NBUThBTUlJQkNnS0NBUUVBcjZQSEtWWWQrQkxaMFBzNTkzeVhjdzNNY1hQTmJCbnNZcnZ1M2lMSQpwSTU3UjFwWG4yc3BxbTJ0cjB0QTdranhYb043eEVpaVJYczd5aGRHa2pwemVxcVZ5NUJ2L1QzQlRFUDErSmxwCjNZK0U2aEc4UHhXWEl3Q0hpb2tvczNJZWNma0ZTbVowclJlWDBKRGY3RnR6YkJQTkFJRnVjbUFJYmVTNXlmenQKUkd3cHpQK1plQUMvdWVlT1VKZy9tWFJCN2xnN0ZGbVd5UE4rTmNOTjBKaUVrN05SVUlhWWwvQVExcXIzdDhyYwpTekV3aGt6L0ZyWjlicnZlUlg2TDMyektvZmdhcmVzQy9vMUM2ZGw0RmxmZzNtL3dxdTZHYjl3dS8yYXV2WmNXCmVWWmc5OGs4U25INDRGV0pIYUJwbEFLN0FOU0U1dUU5YngxcXlmRXVrc3hvYndJREFRQUJveU13SVRBT0JnTlYKSFE4QkFmOEVCQU1DQWdRd0R3WURWUjBUQVFIL0JBVXdBd0VCL3pBTkJna3Foa2lHOXcwQkFRc0ZBQU9DQVFFQQpxOTIwcXVLS2lOVERBaEJmbERWQ0gzVG1mNGF6bEdsKzBhdkIyUnBubWtEWnJNTEdjNEZWSTdwQzFVdENGM2R4Ck9RVDRNa0dtMzJlSVR0U3hJZUJsaG1VczhMcmY4SThTNWJYSWluK3dmS2Z1V3RWWHdLN2ZtQlQ1Y24zbFQ3UVUKWmVlSnJ3RkZhM2NoYkRZTEIyck9KY01kK3NNY0thdmUvNzl6SWhoYWhrV0VNbytsZHg1c2xmZEgxQjdVb0E1ZwpibEloWEgwYS9HSzVibWlRUVFIVTRjbnFkMyt4bFJSZU5IZjZac2xINmxxdDZWd2xXUEVndURjZ3c3WWo0UGlLCnlTalhscS9CYkhmQjBVcGZ1NDVuNmVUTzNNemFiZlFhWlh2R0RFQVM3dVZkNkNlekhNdGRCSjhxZTBKUTQ0eFgKejBqZ2o4eFllUEU2YTJud3B1S0NVQT09Ci0tLS0tRU5EIENFUlRJRklDQVRFLS0tLS0K",
                            "master_auth.0.password": "",
                            "master_auth.0.username": "",
                            "master_authorized_networks_config.#": "1",
                            "master_authorized_networks_config.0.cidr_blocks.#": "2",
                            "master_authorized_networks_config.0.cidr_blocks.2399239674.cidr_block": "10.3.0.0/16",
                            "master_authorized_networks_config.0.cidr_blocks.2399239674.display_name": "nodes-subnet",
                            "master_authorized_networks_config.0.cidr_blocks.713252900.cidr_block": "10.2.0.0/16",
                            "master_authorized_networks_config.0.cidr_blocks.713252900.display_name": "admin-subnet",
                            "master_version": "1.12.7-gke.10",
                            "monitoring_service": "monitoring.googleapis.com",
                            "name": "my-gke-cluster",
                            "network": "projects/fabled-orbit-241907/global/networks/project-vnet",
                            "network_policy.#": "1",
                            "network_policy.0.enabled": "false",
                            "network_policy.0.provider": "PROVIDER_UNSPECIFIED",
                            "node_config.#": "0",
                            "node_locations.#": "0",
                            "node_pool.#": "0",
                            "node_version": "1.12.7-gke.10",
                            "private_cluster_config.#": "1",
                            "private_cluster_config.0.enable_private_endpoint": "true",
                            "private_cluster_config.0.enable_private_nodes": "true",
                            "private_cluster_config.0.master_ipv4_cidr_block": "10.4.0.0/28",
                            "private_cluster_config.0.private_endpoint": "10.4.0.2",
                            "private_cluster_config.0.public_endpoint": "35.188.108.127",
                            "project": "fabled-orbit-241907",
                            "remove_default_node_pool": "true",
                            "resource_labels.%": "0",
                            "subnetwork": "projects/fabled-orbit-241907/regions/us-central1/subnetworks/kub-docker",
                            "zone": "us-central1-a"
                        },
                        "meta": {
                            "e2bfb730-ecaa-11e6-8f88-34363bc7c4c0": {
                                "create": 1800000000000,
                                "delete": 1800000000000,
                                "update": 1800000000000
                            },
                            "schema_version": "1"
                        },
                        "tainted": false
                    },
                    "deposed": [],
                    "provider": "provider.google"
                },
                "google_container_node_pool.primary_stateful_nodes": {
                    "type": "google_container_node_pool",
                    "depends_on": [
                        "google_container_cluster.primary"
                    ],
                    "primary": {
                        "id": "us-central1-a/my-gke-cluster/my-node-pool1",
                        "attributes": {
                            "cluster": "my-gke-cluster",
                            "id": "us-central1-a/my-gke-cluster/my-node-pool1",
                            "initial_node_count": "1",
                            "instance_group_urls.#": "1",
                            "instance_group_urls.0": "https://www.googleapis.com/compute/v1/projects/fabled-orbit-241907/zones/us-central1-a/instanceGroupManagers/gke-my-gke-cluster-my-node-pool1-a8cf1dd1-grp",
                            "location": "us-central1-a",
                            "management.#": "1",
                            "management.0.auto_repair": "false",
                            "management.0.auto_upgrade": "false",
                            "name": "my-node-pool1",
                            "name_prefix": "",
                            "node_config.#": "1",
                            "node_config.0.disk_size_gb": "100",
                            "node_config.0.disk_type": "pd-standard",
                            "node_config.0.guest_accelerator.#": "0",
                            "node_config.0.image_type": "COS",
                            "node_config.0.labels.%": "0",
                            "node_config.0.local_ssd_count": "0",
                            "node_config.0.machine_type": "n1-standard-1",
                            "node_config.0.metadata.%": "2",
                            "node_config.0.metadata.disable-legacy-endpoints": "true",
                            "node_config.0.metadata.type": "stateful",
                            "node_config.0.min_cpu_platform": "",
                            "node_config.0.oauth_scopes.#": "2",
                            "node_config.0.oauth_scopes.1277378754": "https://www.googleapis.com/auth/monitoring",
                            "node_config.0.oauth_scopes.172152165": "https://www.googleapis.com/auth/logging.write",
                            "node_config.0.preemptible": "true",
                            "node_config.0.service_account": "default",
                            "node_config.0.tags.#": "0",
                            "node_config.0.taint.#": "0",
                            "node_config.0.workload_metadata_config.#": "0",
                            "node_count": "1",
                            "project": "fabled-orbit-241907",
                            "version": "1.12.7-gke.10",
                            "zone": "us-central1-a"
                        },
                        "meta": {
                            "e2bfb730-ecaa-11e6-8f88-34363bc7c4c0": {
                                "create": 1800000000000,
                                "delete": 600000000000,
                                "update": 600000000000
                            },
                            "schema_version": "1"
                        },
                        "tainted": false
                    },
                    "deposed": [],
                    "provider": "provider.google"
                },
                "google_container_node_pool.primary_stateless_nodes2": {
                    "type": "google_container_node_pool",
                    "depends_on": [
                        "google_container_cluster.primary"
                    ],
                    "primary": {
                        "id": "us-central1-a/my-gke-cluster/my-node-pool2",
                        "attributes": {
                            "cluster": "my-gke-cluster",
                            "id": "us-central1-a/my-gke-cluster/my-node-pool2",
                            "initial_node_count": "1",
                            "instance_group_urls.#": "1",
                            "instance_group_urls.0": "https://www.googleapis.com/compute/v1/projects/fabled-orbit-241907/zones/us-central1-a/instanceGroupManagers/gke-my-gke-cluster-my-node-pool2-8e48285a-grp",
                            "location": "us-central1-a",
                            "management.#": "1",
                            "management.0.auto_repair": "false",
                            "management.0.auto_upgrade": "false",
                            "name": "my-node-pool2",
                            "name_prefix": "",
                            "node_config.#": "1",
                            "node_config.0.disk_size_gb": "100",
                            "node_config.0.disk_type": "pd-standard",
                            "node_config.0.guest_accelerator.#": "0",
                            "node_config.0.image_type": "COS",
                            "node_config.0.labels.%": "0",
                            "node_config.0.local_ssd_count": "0",
                            "node_config.0.machine_type": "n1-standard-1",
                            "node_config.0.metadata.%": "2",
                            "node_config.0.metadata.disable-legacy-endpoints": "true",
                            "node_config.0.metadata.type": "stateless",
                            "node_config.0.min_cpu_platform": "",
                            "node_config.0.oauth_scopes.#": "2",
                            "node_config.0.oauth_scopes.1277378754": "https://www.googleapis.com/auth/monitoring",
                            "node_config.0.oauth_scopes.172152165": "https://www.googleapis.com/auth/logging.write",
                            "node_config.0.preemptible": "true",
                            "node_config.0.service_account": "default",
                            "node_config.0.tags.#": "0",
                            "node_config.0.taint.#": "0",
                            "node_config.0.workload_metadata_config.#": "0",
                            "node_count": "1",
                            "project": "fabled-orbit-241907",
                            "version": "1.12.7-gke.10",
                            "zone": "us-central1-a"
                        },
                        "meta": {
                            "e2bfb730-ecaa-11e6-8f88-34363bc7c4c0": {
                                "create": 1800000000000,
                                "delete": 600000000000,
                                "update": 600000000000
                            },
                            "schema_version": "1"
                        },
                        "tainted": false
                    },
                    "deposed": [],
                    "provider": "provider.google"
                }
            },
            "depends_on": []
        }
    ]
}
