{
    "version": 3,
    "terraform_version": "0.11.14",
    "serial": 11,
    "lineage": "556221f4-8515-836b-1e35-9b803ea98711",
    "modules": [
        {
            "path": [
                "root"
            ],
            "outputs": {},
            "resources": {
                "azurerm_network_interface.3tNICA": {
                    "type": "azurerm_network_interface",
                    "depends_on": [
                        "azurerm_network_security_group.3tNSGA.*",
                        "azurerm_public_ip.3tPIP.*",
                        "azurerm_resource_group.3tResourceGroup",
                        "azurerm_subnet.3tSubnet-Apps.*"
                    ],
                    "primary": {
                        "id": "/subscriptions/a0e10630-889a-46e5-b203-9a4e91567e59/resourceGroups/3tResourceGroup/providers/Microsoft.Network/networkInterfaces/NIC-Apps",
                        "attributes": {
                            "applied_dns_servers.#": "0",
                            "dns_servers.#": "0",
                            "enable_accelerated_networking": "false",
                            "enable_ip_forwarding": "false",
                            "id": "/subscriptions/a0e10630-889a-46e5-b203-9a4e91567e59/resourceGroups/3tResourceGroup/providers/Microsoft.Network/networkInterfaces/NIC-Apps",
                            "internal_dns_name_label": "",
                            "internal_fqdn": "",
                            "ip_configuration.#": "1",
                            "ip_configuration.0.application_gateway_backend_address_pools_ids.#": "0",
                            "ip_configuration.0.application_security_group_ids.#": "0",
                            "ip_configuration.0.load_balancer_backend_address_pools_ids.#": "0",
                            "ip_configuration.0.load_balancer_inbound_nat_rules_ids.#": "0",
                            "ip_configuration.0.name": "myNicConfiguration",
                            "ip_configuration.0.primary": "true",
                            "ip_configuration.0.private_ip_address": "",
                            "ip_configuration.0.private_ip_address_allocation": "dynamic",
                            "ip_configuration.0.private_ip_address_version": "IPv4",
                            "ip_configuration.0.public_ip_address_id": "/subscriptions/a0e10630-889a-46e5-b203-9a4e91567e59/resourceGroups/3tResourceGroup/providers/Microsoft.Network/publicIPAddresses/PIP-2",
                            "ip_configuration.0.subnet_id": "/subscriptions/a0e10630-889a-46e5-b203-9a4e91567e59/resourceGroups/3tResourceGroup/providers/Microsoft.Network/virtualNetworks/Vnet-1/subnets/Subnet-1",
                            "location": "eastasia",
                            "mac_address": "00-0D-3A-81-2E-12",
                            "name": "NIC-Apps",
                            "network_security_group_id": "/subscriptions/a0e10630-889a-46e5-b203-9a4e91567e59/resourceGroups/3tResourceGroup/providers/Microsoft.Network/networkSecurityGroups/NSG-Apps",
                            "private_ip_address": "10.1.2.4",
                            "private_ip_addresses.#": "1",
                            "private_ip_addresses.0": "10.1.2.4",
                            "resource_group_name": "3tResourceGroup",
                            "tags.%": "2",
                            "tags.environment": "Dev",
                            "tags.type": "Apps",
                            "virtual_machine_id": "/subscriptions/a0e10630-889a-46e5-b203-9a4e91567e59/resourceGroups/3tResourceGroup/providers/Microsoft.Compute/virtualMachines/VM-Apps"
                        },
                        "meta": {},
                        "tainted": false
                    },
                    "deposed": [],
                    "provider": "provider.azurerm"
                },
                "azurerm_network_interface.3tNICD": {
                    "type": "azurerm_network_interface",
                    "depends_on": [
                        "azurerm_network_security_group.3tNSGD.*",
                        "azurerm_public_ip.3tPIP.*",
                        "azurerm_resource_group.3tResourceGroup",
                        "azurerm_subnet.3tSubnet-Data.*"
                    ],
                    "primary": {
                        "id": "/subscriptions/a0e10630-889a-46e5-b203-9a4e91567e59/resourceGroups/3tResourceGroup/providers/Microsoft.Network/networkInterfaces/NIC-Data",
                        "attributes": {
                            "applied_dns_servers.#": "0",
                            "dns_servers.#": "0",
                            "enable_accelerated_networking": "false",
                            "enable_ip_forwarding": "false",
                            "id": "/subscriptions/a0e10630-889a-46e5-b203-9a4e91567e59/resourceGroups/3tResourceGroup/providers/Microsoft.Network/networkInterfaces/NIC-Data",
                            "internal_dns_name_label": "",
                            "internal_fqdn": "",
                            "ip_configuration.#": "1",
                            "ip_configuration.0.application_gateway_backend_address_pools_ids.#": "0",
                            "ip_configuration.0.application_security_group_ids.#": "0",
                            "ip_configuration.0.load_balancer_backend_address_pools_ids.#": "0",
                            "ip_configuration.0.load_balancer_inbound_nat_rules_ids.#": "0",
                            "ip_configuration.0.name": "myNicConfiguration",
                            "ip_configuration.0.primary": "true",
                            "ip_configuration.0.private_ip_address": "",
                            "ip_configuration.0.private_ip_address_allocation": "dynamic",
                            "ip_configuration.0.private_ip_address_version": "IPv4",
                            "ip_configuration.0.public_ip_address_id": "/subscriptions/a0e10630-889a-46e5-b203-9a4e91567e59/resourceGroups/3tResourceGroup/providers/Microsoft.Network/publicIPAddresses/PIP-3",
                            "ip_configuration.0.subnet_id": "/subscriptions/a0e10630-889a-46e5-b203-9a4e91567e59/resourceGroups/3tResourceGroup/providers/Microsoft.Network/virtualNetworks/Vnet-2/subnets/Subnet-2",
                            "location": "eastasia",
                            "mac_address": "00-0D-3A-80-58-3E",
                            "name": "NIC-Data",
                            "network_security_group_id": "/subscriptions/a0e10630-889a-46e5-b203-9a4e91567e59/resourceGroups/3tResourceGroup/providers/Microsoft.Network/networkSecurityGroups/NSG-Data",
                            "private_ip_address": "10.2.2.4",
                            "private_ip_addresses.#": "1",
                            "private_ip_addresses.0": "10.2.2.4",
                            "resource_group_name": "3tResourceGroup",
                            "tags.%": "2",
                            "tags.environment": "Dev",
                            "tags.type": "Data",
                            "virtual_machine_id": "/subscriptions/a0e10630-889a-46e5-b203-9a4e91567e59/resourceGroups/3tResourceGroup/providers/Microsoft.Compute/virtualMachines/VM-Data"
                        },
                        "meta": {},
                        "tainted": false
                    },
                    "deposed": [],
                    "provider": "provider.azurerm"
                },
                "azurerm_network_interface.3tNICT.0": {
                    "type": "azurerm_network_interface",
                    "depends_on": [
                        "azurerm_network_security_group.3tNSGT.*",
                        "azurerm_public_ip.3tPIP.*",
                        "azurerm_resource_group.3tResourceGroup",
                        "azurerm_subnet.3tSubnet-Tech.*"
                    ],
                    "primary": {
                        "id": "/subscriptions/a0e10630-889a-46e5-b203-9a4e91567e59/resourceGroups/3tResourceGroup/providers/Microsoft.Network/networkInterfaces/NIC-Tech-0",
                        "attributes": {
                            "applied_dns_servers.#": "0",
                            "dns_servers.#": "0",
                            "enable_accelerated_networking": "false",
                            "enable_ip_forwarding": "false",
                            "id": "/subscriptions/a0e10630-889a-46e5-b203-9a4e91567e59/resourceGroups/3tResourceGroup/providers/Microsoft.Network/networkInterfaces/NIC-Tech-0",
                            "internal_dns_name_label": "",
                            "internal_fqdn": "",
                            "ip_configuration.#": "1",
                            "ip_configuration.0.application_gateway_backend_address_pools_ids.#": "0",
                            "ip_configuration.0.application_security_group_ids.#": "0",
                            "ip_configuration.0.load_balancer_backend_address_pools_ids.#": "0",
                            "ip_configuration.0.load_balancer_inbound_nat_rules_ids.#": "0",
                            "ip_configuration.0.name": "myNicConfiguration",
                            "ip_configuration.0.primary": "true",
                            "ip_configuration.0.private_ip_address": "",
                            "ip_configuration.0.private_ip_address_allocation": "dynamic",
                            "ip_configuration.0.private_ip_address_version": "IPv4",
                            "ip_configuration.0.public_ip_address_id": "/subscriptions/a0e10630-889a-46e5-b203-9a4e91567e59/resourceGroups/3tResourceGroup/providers/Microsoft.Network/publicIPAddresses/PIP-0",
                            "ip_configuration.0.subnet_id": "/subscriptions/a0e10630-889a-46e5-b203-9a4e91567e59/resourceGroups/3tResourceGroup/providers/Microsoft.Network/virtualNetworks/Vnet-0/subnets/Subnet-0",
                            "location": "eastasia",
                            "mac_address": "00-0D-3A-80-53-02",
                            "name": "NIC-Tech-0",
                            "network_security_group_id": "/subscriptions/a0e10630-889a-46e5-b203-9a4e91567e59/resourceGroups/3tResourceGroup/providers/Microsoft.Network/networkSecurityGroups/NSG-Tech",
                            "private_ip_address": "10.0.2.5",
                            "private_ip_addresses.#": "1",
                            "private_ip_addresses.0": "10.0.2.5",
                            "resource_group_name": "3tResourceGroup",
                            "tags.%": "2",
                            "tags.environment": "Dev",
                            "tags.type": "Tech",
                            "virtual_machine_id": "/subscriptions/a0e10630-889a-46e5-b203-9a4e91567e59/resourceGroups/3tResourceGroup/providers/Microsoft.Compute/virtualMachines/VM-Tech-0"
                        },
                        "meta": {},
                        "tainted": false
                    },
                    "deposed": [],
                    "provider": "provider.azurerm"
                },
                "azurerm_network_interface.3tNICT.1": {
                    "type": "azurerm_network_interface",
                    "depends_on": [
                        "azurerm_network_security_group.3tNSGT.*",
                        "azurerm_public_ip.3tPIP.*",
                        "azurerm_resource_group.3tResourceGroup",
                        "azurerm_subnet.3tSubnet-Tech.*"
                    ],
                    "primary": {
                        "id": "/subscriptions/a0e10630-889a-46e5-b203-9a4e91567e59/resourceGroups/3tResourceGroup/providers/Microsoft.Network/networkInterfaces/NIC-Tech-1",
                        "attributes": {
                            "applied_dns_servers.#": "0",
                            "dns_servers.#": "0",
                            "enable_accelerated_networking": "false",
                            "enable_ip_forwarding": "false",
                            "id": "/subscriptions/a0e10630-889a-46e5-b203-9a4e91567e59/resourceGroups/3tResourceGroup/providers/Microsoft.Network/networkInterfaces/NIC-Tech-1",
                            "internal_dns_name_label": "",
                            "internal_fqdn": "",
                            "ip_configuration.#": "1",
                            "ip_configuration.0.application_gateway_backend_address_pools_ids.#": "0",
                            "ip_configuration.0.application_security_group_ids.#": "0",
                            "ip_configuration.0.load_balancer_backend_address_pools_ids.#": "0",
                            "ip_configuration.0.load_balancer_inbound_nat_rules_ids.#": "0",
                            "ip_configuration.0.name": "myNicConfiguration",
                            "ip_configuration.0.primary": "true",
                            "ip_configuration.0.private_ip_address": "",
                            "ip_configuration.0.private_ip_address_allocation": "dynamic",
                            "ip_configuration.0.private_ip_address_version": "IPv4",
                            "ip_configuration.0.public_ip_address_id": "/subscriptions/a0e10630-889a-46e5-b203-9a4e91567e59/resourceGroups/3tResourceGroup/providers/Microsoft.Network/publicIPAddresses/PIP-1",
                            "ip_configuration.0.subnet_id": "/subscriptions/a0e10630-889a-46e5-b203-9a4e91567e59/resourceGroups/3tResourceGroup/providers/Microsoft.Network/virtualNetworks/Vnet-0/subnets/Subnet-0",
                            "location": "eastasia",
                            "mac_address": "00-0D-3A-80-5D-F2",
                            "name": "NIC-Tech-1",
                            "network_security_group_id": "/subscriptions/a0e10630-889a-46e5-b203-9a4e91567e59/resourceGroups/3tResourceGroup/providers/Microsoft.Network/networkSecurityGroups/NSG-Tech",
                            "private_ip_address": "10.0.2.4",
                            "private_ip_addresses.#": "1",
                            "private_ip_addresses.0": "10.0.2.4",
                            "resource_group_name": "3tResourceGroup",
                            "tags.%": "2",
                            "tags.environment": "Dev",
                            "tags.type": "Tech",
                            "virtual_machine_id": "/subscriptions/a0e10630-889a-46e5-b203-9a4e91567e59/resourceGroups/3tResourceGroup/providers/Microsoft.Compute/virtualMachines/VM-Tech-1"
                        },
                        "meta": {},
                        "tainted": false
                    },
                    "deposed": [],
                    "provider": "provider.azurerm"
                },
                "azurerm_network_security_group.3tNSGA": {
                    "type": "azurerm_network_security_group",
                    "depends_on": [
                        "azurerm_resource_group.3tResourceGroup"
                    ],
                    "primary": {
                        "id": "/subscriptions/a0e10630-889a-46e5-b203-9a4e91567e59/resourceGroups/3tResourceGroup/providers/Microsoft.Network/networkSecurityGroups/NSG-Apps",
                        "attributes": {
                            "id": "/subscriptions/a0e10630-889a-46e5-b203-9a4e91567e59/resourceGroups/3tResourceGroup/providers/Microsoft.Network/networkSecurityGroups/NSG-Apps",
                            "location": "eastasia",
                            "name": "NSG-Apps",
                            "resource_group_name": "3tResourceGroup",
                            "security_rule.#": "5",
                            "security_rule.1729925642.access": "Allow",
                            "security_rule.1729925642.description": "",
                            "security_rule.1729925642.destination_address_prefix": "*",
                            "security_rule.1729925642.destination_address_prefixes.#": "0",
                            "security_rule.1729925642.destination_application_security_group_ids.#": "0",
                            "security_rule.1729925642.destination_port_range": "22",
                            "security_rule.1729925642.destination_port_ranges.#": "0",
                            "security_rule.1729925642.direction": "Inbound",
                            "security_rule.1729925642.name": "SSH",
                            "security_rule.1729925642.priority": "100",
                            "security_rule.1729925642.protocol": "Tcp",
                            "security_rule.1729925642.source_address_prefix": "*",
                            "security_rule.1729925642.source_address_prefixes.#": "0",
                            "security_rule.1729925642.source_application_security_group_ids.#": "0",
                            "security_rule.1729925642.source_port_range": "*",
                            "security_rule.1729925642.source_port_ranges.#": "0",
                            "security_rule.2117258701.access": "Allow",
                            "security_rule.2117258701.description": "",
                            "security_rule.2117258701.destination_address_prefix": "*",
                            "security_rule.2117258701.destination_address_prefixes.#": "0",
                            "security_rule.2117258701.destination_application_security_group_ids.#": "0",
                            "security_rule.2117258701.destination_port_range": "1251",
                            "security_rule.2117258701.destination_port_ranges.#": "0",
                            "security_rule.2117258701.direction": "Outbound",
                            "security_rule.2117258701.name": "DATAOUT",
                            "security_rule.2117258701.priority": "140",
                            "security_rule.2117258701.protocol": "Tcp",
                            "security_rule.2117258701.source_address_prefix": "*",
                            "security_rule.2117258701.source_address_prefixes.#": "0",
                            "security_rule.2117258701.source_application_security_group_ids.#": "0",
                            "security_rule.2117258701.source_port_range": "*",
                            "security_rule.2117258701.source_port_ranges.#": "0",
                            "security_rule.299194700.access": "Allow",
                            "security_rule.299194700.description": "",
                            "security_rule.299194700.destination_address_prefix": "*",
                            "security_rule.299194700.destination_address_prefixes.#": "0",
                            "security_rule.299194700.destination_application_security_group_ids.#": "0",
                            "security_rule.299194700.destination_port_range": "7050",
                            "security_rule.299194700.destination_port_ranges.#": "0",
                            "security_rule.299194700.direction": "Inbound",
                            "security_rule.299194700.name": "APPIN",
                            "security_rule.299194700.priority": "110",
                            "security_rule.299194700.protocol": "Tcp",
                            "security_rule.299194700.source_address_prefix": "*",
                            "security_rule.299194700.source_address_prefixes.#": "0",
                            "security_rule.299194700.source_application_security_group_ids.#": "0",
                            "security_rule.299194700.source_port_range": "*",
                            "security_rule.299194700.source_port_ranges.#": "0",
                            "security_rule.753994667.access": "Allow",
                            "security_rule.753994667.description": "",
                            "security_rule.753994667.destination_address_prefix": "*",
                            "security_rule.753994667.destination_address_prefixes.#": "0",
                            "security_rule.753994667.destination_application_security_group_ids.#": "0",
                            "security_rule.753994667.destination_port_range": "7050",
                            "security_rule.753994667.destination_port_ranges.#": "0",
                            "security_rule.753994667.direction": "Outbound",
                            "security_rule.753994667.name": "APPOUT",
                            "security_rule.753994667.priority": "120",
                            "security_rule.753994667.protocol": "Tcp",
                            "security_rule.753994667.source_address_prefix": "*",
                            "security_rule.753994667.source_address_prefixes.#": "0",
                            "security_rule.753994667.source_application_security_group_ids.#": "0",
                            "security_rule.753994667.source_port_range": "*",
                            "security_rule.753994667.source_port_ranges.#": "0",
                            "security_rule.755017318.access": "Allow",
                            "security_rule.755017318.description": "",
                            "security_rule.755017318.destination_address_prefix": "*",
                            "security_rule.755017318.destination_address_prefixes.#": "0",
                            "security_rule.755017318.destination_application_security_group_ids.#": "0",
                            "security_rule.755017318.destination_port_range": "1251",
                            "security_rule.755017318.destination_port_ranges.#": "0",
                            "security_rule.755017318.direction": "Inbound",
                            "security_rule.755017318.name": "DATAIN",
                            "security_rule.755017318.priority": "130",
                            "security_rule.755017318.protocol": "Tcp",
                            "security_rule.755017318.source_address_prefix": "*",
                            "security_rule.755017318.source_address_prefixes.#": "0",
                            "security_rule.755017318.source_application_security_group_ids.#": "0",
                            "security_rule.755017318.source_port_range": "*",
                            "security_rule.755017318.source_port_ranges.#": "0",
                            "tags.%": "2",
                            "tags.environment": "Dev",
                            "tags.type": "Apps"
                        },
                        "meta": {},
                        "tainted": false
                    },
                    "deposed": [],
                    "provider": "provider.azurerm"
                },
                "azurerm_network_security_group.3tNSGD": {
                    "type": "azurerm_network_security_group",
                    "depends_on": [
                        "azurerm_resource_group.3tResourceGroup"
                    ],
                    "primary": {
                        "id": "/subscriptions/a0e10630-889a-46e5-b203-9a4e91567e59/resourceGroups/3tResourceGroup/providers/Microsoft.Network/networkSecurityGroups/NSG-Data",
                        "attributes": {
                            "id": "/subscriptions/a0e10630-889a-46e5-b203-9a4e91567e59/resourceGroups/3tResourceGroup/providers/Microsoft.Network/networkSecurityGroups/NSG-Data",
                            "location": "eastasia",
                            "name": "NSG-Data",
                            "resource_group_name": "3tResourceGroup",
                            "security_rule.#": "5",
                            "security_rule.1087452738.access": "Allow",
                            "security_rule.1087452738.description": "",
                            "security_rule.1087452738.destination_address_prefix": "*",
                            "security_rule.1087452738.destination_address_prefixes.#": "0",
                            "security_rule.1087452738.destination_application_security_group_ids.#": "0",
                            "security_rule.1087452738.destination_port_range": "445",
                            "security_rule.1087452738.destination_port_ranges.#": "0",
                            "security_rule.1087452738.direction": "Outbound",
                            "security_rule.1087452738.name": "EXT",
                            "security_rule.1087452738.priority": "130",
                            "security_rule.1087452738.protocol": "Tcp",
                            "security_rule.1087452738.source_address_prefix": "*",
                            "security_rule.1087452738.source_address_prefixes.#": "0",
                            "security_rule.1087452738.source_application_security_group_ids.#": "0",
                            "security_rule.1087452738.source_port_range": "*",
                            "security_rule.1087452738.source_port_ranges.#": "0",
                            "security_rule.149482757.access": "Deny",
                            "security_rule.149482757.description": "",
                            "security_rule.149482757.destination_address_prefix": "*",
                            "security_rule.149482757.destination_address_prefixes.#": "0",
                            "security_rule.149482757.destination_application_security_group_ids.#": "0",
                            "security_rule.149482757.destination_port_range": "*",
                            "security_rule.149482757.destination_port_ranges.#": "0",
                            "security_rule.149482757.direction": "Outbound",
                            "security_rule.149482757.name": "EXTALLDENY",
                            "security_rule.149482757.priority": "140",
                            "security_rule.149482757.protocol": "Tcp",
                            "security_rule.149482757.source_address_prefix": "*",
                            "security_rule.149482757.source_address_prefixes.#": "0",
                            "security_rule.149482757.source_application_security_group_ids.#": "0",
                            "security_rule.149482757.source_port_range": "*",
                            "security_rule.149482757.source_port_ranges.#": "0",
                            "security_rule.1729925642.access": "Allow",
                            "security_rule.1729925642.description": "",
                            "security_rule.1729925642.destination_address_prefix": "*",
                            "security_rule.1729925642.destination_address_prefixes.#": "0",
                            "security_rule.1729925642.destination_application_security_group_ids.#": "0",
                            "security_rule.1729925642.destination_port_range": "22",
                            "security_rule.1729925642.destination_port_ranges.#": "0",
                            "security_rule.1729925642.direction": "Inbound",
                            "security_rule.1729925642.name": "SSH",
                            "security_rule.1729925642.priority": "100",
                            "security_rule.1729925642.protocol": "Tcp",
                            "security_rule.1729925642.source_address_prefix": "*",
                            "security_rule.1729925642.source_address_prefixes.#": "0",
                            "security_rule.1729925642.source_application_security_group_ids.#": "0",
                            "security_rule.1729925642.source_port_range": "*",
                            "security_rule.1729925642.source_port_ranges.#": "0",
                            "security_rule.1955777057.access": "Allow",
                            "security_rule.1955777057.description": "",
                            "security_rule.1955777057.destination_address_prefix": "*",
                            "security_rule.1955777057.destination_address_prefixes.#": "0",
                            "security_rule.1955777057.destination_application_security_group_ids.#": "0",
                            "security_rule.1955777057.destination_port_range": "1251",
                            "security_rule.1955777057.destination_port_ranges.#": "0",
                            "security_rule.1955777057.direction": "Inbound",
                            "security_rule.1955777057.name": "DATAIN",
                            "security_rule.1955777057.priority": "110",
                            "security_rule.1955777057.protocol": "Tcp",
                            "security_rule.1955777057.source_address_prefix": "*",
                            "security_rule.1955777057.source_address_prefixes.#": "0",
                            "security_rule.1955777057.source_application_security_group_ids.#": "0",
                            "security_rule.1955777057.source_port_range": "*",
                            "security_rule.1955777057.source_port_ranges.#": "0",
                            "security_rule.2491709700.access": "Allow",
                            "security_rule.2491709700.description": "",
                            "security_rule.2491709700.destination_address_prefix": "*",
                            "security_rule.2491709700.destination_address_prefixes.#": "0",
                            "security_rule.2491709700.destination_application_security_group_ids.#": "0",
                            "security_rule.2491709700.destination_port_range": "1251",
                            "security_rule.2491709700.destination_port_ranges.#": "0",
                            "security_rule.2491709700.direction": "Outbound",
                            "security_rule.2491709700.name": "DATAOUT",
                            "security_rule.2491709700.priority": "120",
                            "security_rule.2491709700.protocol": "Tcp",
                            "security_rule.2491709700.source_address_prefix": "*",
                            "security_rule.2491709700.source_address_prefixes.#": "0",
                            "security_rule.2491709700.source_application_security_group_ids.#": "0",
                            "security_rule.2491709700.source_port_range": "*",
                            "security_rule.2491709700.source_port_ranges.#": "0",
                            "tags.%": "2",
                            "tags.environment": "Dev",
                            "tags.type": "Data"
                        },
                        "meta": {},
                        "tainted": false
                    },
                    "deposed": [],
                    "provider": "provider.azurerm"
                },
                "azurerm_network_security_group.3tNSGT": {
                    "type": "azurerm_network_security_group",
                    "depends_on": [
                        "azurerm_resource_group.3tResourceGroup"
                    ],
                    "primary": {
                        "id": "/subscriptions/a0e10630-889a-46e5-b203-9a4e91567e59/resourceGroups/3tResourceGroup/providers/Microsoft.Network/networkSecurityGroups/NSG-Tech",
                        "attributes": {
                            "id": "/subscriptions/a0e10630-889a-46e5-b203-9a4e91567e59/resourceGroups/3tResourceGroup/providers/Microsoft.Network/networkSecurityGroups/NSG-Tech",
                            "location": "eastasia",
                            "name": "NSG-Tech",
                            "resource_group_name": "3tResourceGroup",
                            "security_rule.#": "4",
                            "security_rule.1729925642.access": "Allow",
                            "security_rule.1729925642.description": "",
                            "security_rule.1729925642.destination_address_prefix": "*",
                            "security_rule.1729925642.destination_address_prefixes.#": "0",
                            "security_rule.1729925642.destination_application_security_group_ids.#": "0",
                            "security_rule.1729925642.destination_port_range": "22",
                            "security_rule.1729925642.destination_port_ranges.#": "0",
                            "security_rule.1729925642.direction": "Inbound",
                            "security_rule.1729925642.name": "SSH",
                            "security_rule.1729925642.priority": "100",
                            "security_rule.1729925642.protocol": "Tcp",
                            "security_rule.1729925642.source_address_prefix": "*",
                            "security_rule.1729925642.source_address_prefixes.#": "0",
                            "security_rule.1729925642.source_application_security_group_ids.#": "0",
                            "security_rule.1729925642.source_port_range": "*",
                            "security_rule.1729925642.source_port_ranges.#": "0",
                            "security_rule.2302050312.access": "Allow",
                            "security_rule.2302050312.description": "",
                            "security_rule.2302050312.destination_address_prefix": "*",
                            "security_rule.2302050312.destination_address_prefixes.#": "0",
                            "security_rule.2302050312.destination_application_security_group_ids.#": "0",
                            "security_rule.2302050312.destination_port_range": "7050",
                            "security_rule.2302050312.destination_port_ranges.#": "0",
                            "security_rule.2302050312.direction": "Inbound",
                            "security_rule.2302050312.name": "APPIN",
                            "security_rule.2302050312.priority": "120",
                            "security_rule.2302050312.protocol": "Tcp",
                            "security_rule.2302050312.source_address_prefix": "*",
                            "security_rule.2302050312.source_address_prefixes.#": "0",
                            "security_rule.2302050312.source_application_security_group_ids.#": "0",
                            "security_rule.2302050312.source_port_range": "*",
                            "security_rule.2302050312.source_port_ranges.#": "0",
                            "security_rule.38267935.access": "Allow",
                            "security_rule.38267935.description": "",
                            "security_rule.38267935.destination_address_prefix": "*",
                            "security_rule.38267935.destination_address_prefixes.#": "0",
                            "security_rule.38267935.destination_application_security_group_ids.#": "0",
                            "security_rule.38267935.destination_port_range": "80",
                            "security_rule.38267935.destination_port_ranges.#": "0",
                            "security_rule.38267935.direction": "Inbound",
                            "security_rule.38267935.name": "WEB",
                            "security_rule.38267935.priority": "110",
                            "security_rule.38267935.protocol": "Tcp",
                            "security_rule.38267935.source_address_prefix": "*",
                            "security_rule.38267935.source_address_prefixes.#": "0",
                            "security_rule.38267935.source_application_security_group_ids.#": "0",
                            "security_rule.38267935.source_port_range": "*",
                            "security_rule.38267935.source_port_ranges.#": "0",
                            "security_rule.3984637608.access": "Allow",
                            "security_rule.3984637608.description": "",
                            "security_rule.3984637608.destination_address_prefix": "*",
                            "security_rule.3984637608.destination_address_prefixes.#": "0",
                            "security_rule.3984637608.destination_application_security_group_ids.#": "0",
                            "security_rule.3984637608.destination_port_range": "7050",
                            "security_rule.3984637608.destination_port_ranges.#": "0",
                            "security_rule.3984637608.direction": "Outbound",
                            "security_rule.3984637608.name": "APPOUT",
                            "security_rule.3984637608.priority": "130",
                            "security_rule.3984637608.protocol": "Tcp",
                            "security_rule.3984637608.source_address_prefix": "*",
                            "security_rule.3984637608.source_address_prefixes.#": "0",
                            "security_rule.3984637608.source_application_security_group_ids.#": "0",
                            "security_rule.3984637608.source_port_range": "*",
                            "security_rule.3984637608.source_port_ranges.#": "0",
                            "tags.%": "2",
                            "tags.environment": "Dev",
                            "tags.type": "Tech"
                        },
                        "meta": {},
                        "tainted": false
                    },
                    "deposed": [],
                    "provider": "provider.azurerm"
                },
                "azurerm_network_security_group.3tSubnet-NSGA": {
                    "type": "azurerm_network_security_group",
                    "depends_on": [
                        "azurerm_resource_group.3tResourceGroup"
                    ],
                    "primary": {
                        "id": "/subscriptions/a0e10630-889a-46e5-b203-9a4e91567e59/resourceGroups/3tResourceGroup/providers/Microsoft.Network/networkSecurityGroups/Sub-NSG-Apps",
                        "attributes": {
                            "id": "/subscriptions/a0e10630-889a-46e5-b203-9a4e91567e59/resourceGroups/3tResourceGroup/providers/Microsoft.Network/networkSecurityGroups/Sub-NSG-Apps",
                            "location": "eastasia",
                            "name": "Sub-NSG-Apps",
                            "resource_group_name": "3tResourceGroup",
                            "security_rule.#": "5",
                            "security_rule.1729925642.access": "Allow",
                            "security_rule.1729925642.description": "",
                            "security_rule.1729925642.destination_address_prefix": "*",
                            "security_rule.1729925642.destination_address_prefixes.#": "0",
                            "security_rule.1729925642.destination_application_security_group_ids.#": "0",
                            "security_rule.1729925642.destination_port_range": "22",
                            "security_rule.1729925642.destination_port_ranges.#": "0",
                            "security_rule.1729925642.direction": "Inbound",
                            "security_rule.1729925642.name": "SSH",
                            "security_rule.1729925642.priority": "100",
                            "security_rule.1729925642.protocol": "Tcp",
                            "security_rule.1729925642.source_address_prefix": "*",
                            "security_rule.1729925642.source_address_prefixes.#": "0",
                            "security_rule.1729925642.source_application_security_group_ids.#": "0",
                            "security_rule.1729925642.source_port_range": "*",
                            "security_rule.1729925642.source_port_ranges.#": "0",
                            "security_rule.3662117932.access": "Allow",
                            "security_rule.3662117932.description": "",
                            "security_rule.3662117932.destination_address_prefix": "10.1.2.0/24",
                            "security_rule.3662117932.destination_address_prefixes.#": "0",
                            "security_rule.3662117932.destination_application_security_group_ids.#": "0",
                            "security_rule.3662117932.destination_port_range": "*",
                            "security_rule.3662117932.destination_port_ranges.#": "0",
                            "security_rule.3662117932.direction": "Inbound",
                            "security_rule.3662117932.name": "APPIN",
                            "security_rule.3662117932.priority": "110",
                            "security_rule.3662117932.protocol": "Tcp",
                            "security_rule.3662117932.source_address_prefix": "10.0.2.0/24",
                            "security_rule.3662117932.source_address_prefixes.#": "0",
                            "security_rule.3662117932.source_application_security_group_ids.#": "0",
                            "security_rule.3662117932.source_port_range": "*",
                            "security_rule.3662117932.source_port_ranges.#": "0",
                            "security_rule.3982147240.access": "Allow",
                            "security_rule.3982147240.description": "",
                            "security_rule.3982147240.destination_address_prefix": "10.2.2.0/24",
                            "security_rule.3982147240.destination_address_prefixes.#": "0",
                            "security_rule.3982147240.destination_application_security_group_ids.#": "0",
                            "security_rule.3982147240.destination_port_range": "*",
                            "security_rule.3982147240.destination_port_ranges.#": "0",
                            "security_rule.3982147240.direction": "Outbound",
                            "security_rule.3982147240.name": "DATAOUT",
                            "security_rule.3982147240.priority": "140",
                            "security_rule.3982147240.protocol": "Tcp",
                            "security_rule.3982147240.source_address_prefix": "10.1.2.0/24",
                            "security_rule.3982147240.source_address_prefixes.#": "0",
                            "security_rule.3982147240.source_application_security_group_ids.#": "0",
                            "security_rule.3982147240.source_port_range": "*",
                            "security_rule.3982147240.source_port_ranges.#": "0",
                            "security_rule.632558341.access": "Allow",
                            "security_rule.632558341.description": "",
                            "security_rule.632558341.destination_address_prefix": "10.0.2.0/24",
                            "security_rule.632558341.destination_address_prefixes.#": "0",
                            "security_rule.632558341.destination_application_security_group_ids.#": "0",
                            "security_rule.632558341.destination_port_range": "*",
                            "security_rule.632558341.destination_port_ranges.#": "0",
                            "security_rule.632558341.direction": "Outbound",
                            "security_rule.632558341.name": "APPOUT",
                            "security_rule.632558341.priority": "120",
                            "security_rule.632558341.protocol": "Tcp",
                            "security_rule.632558341.source_address_prefix": "10.1.2.0/24",
                            "security_rule.632558341.source_address_prefixes.#": "0",
                            "security_rule.632558341.source_application_security_group_ids.#": "0",
                            "security_rule.632558341.source_port_range": "*",
                            "security_rule.632558341.source_port_ranges.#": "0",
                            "security_rule.80898281.access": "Allow",
                            "security_rule.80898281.description": "",
                            "security_rule.80898281.destination_address_prefix": "10.1.2.0/24",
                            "security_rule.80898281.destination_address_prefixes.#": "0",
                            "security_rule.80898281.destination_application_security_group_ids.#": "0",
                            "security_rule.80898281.destination_port_range": "*",
                            "security_rule.80898281.destination_port_ranges.#": "0",
                            "security_rule.80898281.direction": "Inbound",
                            "security_rule.80898281.name": "DATAIN",
                            "security_rule.80898281.priority": "130",
                            "security_rule.80898281.protocol": "Tcp",
                            "security_rule.80898281.source_address_prefix": "10.2.2.0/24",
                            "security_rule.80898281.source_address_prefixes.#": "0",
                            "security_rule.80898281.source_application_security_group_ids.#": "0",
                            "security_rule.80898281.source_port_range": "*",
                            "security_rule.80898281.source_port_ranges.#": "0",
                            "tags.%": "2",
                            "tags.environment": "Dev",
                            "tags.type": "Tech"
                        },
                        "meta": {},
                        "tainted": false
                    },
                    "deposed": [],
                    "provider": "provider.azurerm"
                },
                "azurerm_network_security_group.3tSubnet-NSGD": {
                    "type": "azurerm_network_security_group",
                    "depends_on": [
                        "azurerm_resource_group.3tResourceGroup"
                    ],
                    "primary": {
                        "id": "/subscriptions/a0e10630-889a-46e5-b203-9a4e91567e59/resourceGroups/3tResourceGroup/providers/Microsoft.Network/networkSecurityGroups/Sub-NSG-Data",
                        "attributes": {
                            "id": "/subscriptions/a0e10630-889a-46e5-b203-9a4e91567e59/resourceGroups/3tResourceGroup/providers/Microsoft.Network/networkSecurityGroups/Sub-NSG-Data",
                            "location": "eastasia",
                            "name": "Sub-NSG-Data",
                            "resource_group_name": "3tResourceGroup",
                            "security_rule.#": "5",
                            "security_rule.1049558605.access": "Allow",
                            "security_rule.1049558605.description": "",
                            "security_rule.1049558605.destination_address_prefix": "*",
                            "security_rule.1049558605.destination_address_prefixes.#": "0",
                            "security_rule.1049558605.destination_application_security_group_ids.#": "0",
                            "security_rule.1049558605.destination_port_range": "22",
                            "security_rule.1049558605.destination_port_ranges.#": "0",
                            "security_rule.1049558605.direction": "Inbound",
                            "security_rule.1049558605.name": "SSH",
                            "security_rule.1049558605.priority": "120",
                            "security_rule.1049558605.protocol": "Tcp",
                            "security_rule.1049558605.source_address_prefix": "*",
                            "security_rule.1049558605.source_address_prefixes.#": "0",
                            "security_rule.1049558605.source_application_security_group_ids.#": "0",
                            "security_rule.1049558605.source_port_range": "*",
                            "security_rule.1049558605.source_port_ranges.#": "0",
                            "security_rule.1087452738.access": "Allow",
                            "security_rule.1087452738.description": "",
                            "security_rule.1087452738.destination_address_prefix": "*",
                            "security_rule.1087452738.destination_address_prefixes.#": "0",
                            "security_rule.1087452738.destination_application_security_group_ids.#": "0",
                            "security_rule.1087452738.destination_port_range": "445",
                            "security_rule.1087452738.destination_port_ranges.#": "0",
                            "security_rule.1087452738.direction": "Outbound",
                            "security_rule.1087452738.name": "EXT",
                            "security_rule.1087452738.priority": "130",
                            "security_rule.1087452738.protocol": "Tcp",
                            "security_rule.1087452738.source_address_prefix": "*",
                            "security_rule.1087452738.source_address_prefixes.#": "0",
                            "security_rule.1087452738.source_application_security_group_ids.#": "0",
                            "security_rule.1087452738.source_port_range": "*",
                            "security_rule.1087452738.source_port_ranges.#": "0",
                            "security_rule.149482757.access": "Deny",
                            "security_rule.149482757.description": "",
                            "security_rule.149482757.destination_address_prefix": "*",
                            "security_rule.149482757.destination_address_prefixes.#": "0",
                            "security_rule.149482757.destination_application_security_group_ids.#": "0",
                            "security_rule.149482757.destination_port_range": "*",
                            "security_rule.149482757.destination_port_ranges.#": "0",
                            "security_rule.149482757.direction": "Outbound",
                            "security_rule.149482757.name": "EXTALLDENY",
                            "security_rule.149482757.priority": "140",
                            "security_rule.149482757.protocol": "Tcp",
                            "security_rule.149482757.source_address_prefix": "*",
                            "security_rule.149482757.source_address_prefixes.#": "0",
                            "security_rule.149482757.source_application_security_group_ids.#": "0",
                            "security_rule.149482757.source_port_range": "*",
                            "security_rule.149482757.source_port_ranges.#": "0",
                            "security_rule.1770383416.access": "Allow",
                            "security_rule.1770383416.description": "",
                            "security_rule.1770383416.destination_address_prefix": "10.1.2.0/24",
                            "security_rule.1770383416.destination_address_prefixes.#": "0",
                            "security_rule.1770383416.destination_application_security_group_ids.#": "0",
                            "security_rule.1770383416.destination_port_range": "*",
                            "security_rule.1770383416.destination_port_ranges.#": "0",
                            "security_rule.1770383416.direction": "Outbound",
                            "security_rule.1770383416.name": "DATAOUT",
                            "security_rule.1770383416.priority": "110",
                            "security_rule.1770383416.protocol": "Tcp",
                            "security_rule.1770383416.source_address_prefix": "10.2.2.0/24",
                            "security_rule.1770383416.source_address_prefixes.#": "0",
                            "security_rule.1770383416.source_application_security_group_ids.#": "0",
                            "security_rule.1770383416.source_port_range": "*",
                            "security_rule.1770383416.source_port_ranges.#": "0",
                            "security_rule.3966148468.access": "Allow",
                            "security_rule.3966148468.description": "",
                            "security_rule.3966148468.destination_address_prefix": "10.2.2.0/24",
                            "security_rule.3966148468.destination_address_prefixes.#": "0",
                            "security_rule.3966148468.destination_application_security_group_ids.#": "0",
                            "security_rule.3966148468.destination_port_range": "*",
                            "security_rule.3966148468.destination_port_ranges.#": "0",
                            "security_rule.3966148468.direction": "Inbound",
                            "security_rule.3966148468.name": "DATAIN",
                            "security_rule.3966148468.priority": "100",
                            "security_rule.3966148468.protocol": "Tcp",
                            "security_rule.3966148468.source_address_prefix": "10.1.2.0/24",
                            "security_rule.3966148468.source_address_prefixes.#": "0",
                            "security_rule.3966148468.source_application_security_group_ids.#": "0",
                            "security_rule.3966148468.source_port_range": "*",
                            "security_rule.3966148468.source_port_ranges.#": "0",
                            "tags.%": "2",
                            "tags.environment": "Dev",
                            "tags.type": "Tech"
                        },
                        "meta": {},
                        "tainted": false
                    },
                    "deposed": [],
                    "provider": "provider.azurerm"
                },
                "azurerm_network_security_group.3tSubnet-NSGT": {
                    "type": "azurerm_network_security_group",
                    "depends_on": [
                        "azurerm_resource_group.3tResourceGroup"
                    ],
                    "primary": {
                        "id": "/subscriptions/a0e10630-889a-46e5-b203-9a4e91567e59/resourceGroups/3tResourceGroup/providers/Microsoft.Network/networkSecurityGroups/Sub-NSG-Tech",
                        "attributes": {
                            "id": "/subscriptions/a0e10630-889a-46e5-b203-9a4e91567e59/resourceGroups/3tResourceGroup/providers/Microsoft.Network/networkSecurityGroups/Sub-NSG-Tech",
                            "location": "eastasia",
                            "name": "Sub-NSG-Tech",
                            "resource_group_name": "3tResourceGroup",
                            "security_rule.#": "4",
                            "security_rule.1326494887.access": "Allow",
                            "security_rule.1326494887.description": "",
                            "security_rule.1326494887.destination_address_prefix": "10.0.2.0/24",
                            "security_rule.1326494887.destination_address_prefixes.#": "0",
                            "security_rule.1326494887.destination_application_security_group_ids.#": "0",
                            "security_rule.1326494887.destination_port_range": "*",
                            "security_rule.1326494887.destination_port_ranges.#": "0",
                            "security_rule.1326494887.direction": "Inbound",
                            "security_rule.1326494887.name": "APPIN",
                            "security_rule.1326494887.priority": "120",
                            "security_rule.1326494887.protocol": "Tcp",
                            "security_rule.1326494887.source_address_prefix": "10.1.2.0/24",
                            "security_rule.1326494887.source_address_prefixes.#": "0",
                            "security_rule.1326494887.source_application_security_group_ids.#": "0",
                            "security_rule.1326494887.source_port_range": "*",
                            "security_rule.1326494887.source_port_ranges.#": "0",
                            "security_rule.1729925642.access": "Allow",
                            "security_rule.1729925642.description": "",
                            "security_rule.1729925642.destination_address_prefix": "*",
                            "security_rule.1729925642.destination_address_prefixes.#": "0",
                            "security_rule.1729925642.destination_application_security_group_ids.#": "0",
                            "security_rule.1729925642.destination_port_range": "22",
                            "security_rule.1729925642.destination_port_ranges.#": "0",
                            "security_rule.1729925642.direction": "Inbound",
                            "security_rule.1729925642.name": "SSH",
                            "security_rule.1729925642.priority": "100",
                            "security_rule.1729925642.protocol": "Tcp",
                            "security_rule.1729925642.source_address_prefix": "*",
                            "security_rule.1729925642.source_address_prefixes.#": "0",
                            "security_rule.1729925642.source_application_security_group_ids.#": "0",
                            "security_rule.1729925642.source_port_range": "*",
                            "security_rule.1729925642.source_port_ranges.#": "0",
                            "security_rule.38267935.access": "Allow",
                            "security_rule.38267935.description": "",
                            "security_rule.38267935.destination_address_prefix": "*",
                            "security_rule.38267935.destination_address_prefixes.#": "0",
                            "security_rule.38267935.destination_application_security_group_ids.#": "0",
                            "security_rule.38267935.destination_port_range": "80",
                            "security_rule.38267935.destination_port_ranges.#": "0",
                            "security_rule.38267935.direction": "Inbound",
                            "security_rule.38267935.name": "WEB",
                            "security_rule.38267935.priority": "110",
                            "security_rule.38267935.protocol": "Tcp",
                            "security_rule.38267935.source_address_prefix": "*",
                            "security_rule.38267935.source_address_prefixes.#": "0",
                            "security_rule.38267935.source_application_security_group_ids.#": "0",
                            "security_rule.38267935.source_port_range": "*",
                            "security_rule.38267935.source_port_ranges.#": "0",
                            "security_rule.3887534291.access": "Allow",
                            "security_rule.3887534291.description": "",
                            "security_rule.3887534291.destination_address_prefix": "10.1.2.0/24",
                            "security_rule.3887534291.destination_address_prefixes.#": "0",
                            "security_rule.3887534291.destination_application_security_group_ids.#": "0",
                            "security_rule.3887534291.destination_port_range": "*",
                            "security_rule.3887534291.destination_port_ranges.#": "0",
                            "security_rule.3887534291.direction": "Outbound",
                            "security_rule.3887534291.name": "APPOUT",
                            "security_rule.3887534291.priority": "130",
                            "security_rule.3887534291.protocol": "Tcp",
                            "security_rule.3887534291.source_address_prefix": "10.0.2.0/24",
                            "security_rule.3887534291.source_address_prefixes.#": "0",
                            "security_rule.3887534291.source_application_security_group_ids.#": "0",
                            "security_rule.3887534291.source_port_range": "*",
                            "security_rule.3887534291.source_port_ranges.#": "0",
                            "tags.%": "2",
                            "tags.environment": "Dev",
                            "tags.type": "Tech"
                        },
                        "meta": {},
                        "tainted": false
                    },
                    "deposed": [],
                    "provider": "provider.azurerm"
                },
                "azurerm_public_ip.3tPIP.0": {
                    "type": "azurerm_public_ip",
                    "depends_on": [
                        "azurerm_resource_group.3tResourceGroup"
                    ],
                    "primary": {
                        "id": "/subscriptions/a0e10630-889a-46e5-b203-9a4e91567e59/resourceGroups/3tResourceGroup/providers/Microsoft.Network/publicIPAddresses/PIP-0",
                        "attributes": {
                            "allocation_method": "Dynamic",
                            "id": "/subscriptions/a0e10630-889a-46e5-b203-9a4e91567e59/resourceGroups/3tResourceGroup/providers/Microsoft.Network/publicIPAddresses/PIP-0",
                            "idle_timeout_in_minutes": "4",
                            "ip_address": "52.229.207.104",
                            "ip_version": "IPv4",
                            "location": "eastasia",
                            "name": "PIP-0",
                            "public_ip_address_allocation": "Dynamic",
                            "resource_group_name": "3tResourceGroup",
                            "sku": "Basic",
                            "tags.%": "2",
                            "tags.environment": "Dev",
                            "tags.type": "Tech",
                            "zones.#": "0"
                        },
                        "meta": {},
                        "tainted": false
                    },
                    "deposed": [],
                    "provider": "provider.azurerm"
                },
                "azurerm_public_ip.3tPIP.1": {
                    "type": "azurerm_public_ip",
                    "depends_on": [
                        "azurerm_resource_group.3tResourceGroup"
                    ],
                    "primary": {
                        "id": "/subscriptions/a0e10630-889a-46e5-b203-9a4e91567e59/resourceGroups/3tResourceGroup/providers/Microsoft.Network/publicIPAddresses/PIP-1",
                        "attributes": {
                            "allocation_method": "Dynamic",
                            "id": "/subscriptions/a0e10630-889a-46e5-b203-9a4e91567e59/resourceGroups/3tResourceGroup/providers/Microsoft.Network/publicIPAddresses/PIP-1",
                            "idle_timeout_in_minutes": "4",
                            "ip_address": "52.229.207.103",
                            "ip_version": "IPv4",
                            "location": "eastasia",
                            "name": "PIP-1",
                            "public_ip_address_allocation": "Dynamic",
                            "resource_group_name": "3tResourceGroup",
                            "sku": "Basic",
                            "tags.%": "2",
                            "tags.environment": "Dev",
                            "tags.type": "Apps",
                            "zones.#": "0"
                        },
                        "meta": {},
                        "tainted": false
                    },
                    "deposed": [],
                    "provider": "provider.azurerm"
                },
                "azurerm_public_ip.3tPIP.2": {
                    "type": "azurerm_public_ip",
                    "depends_on": [
                        "azurerm_resource_group.3tResourceGroup"
                    ],
                    "primary": {
                        "id": "/subscriptions/a0e10630-889a-46e5-b203-9a4e91567e59/resourceGroups/3tResourceGroup/providers/Microsoft.Network/publicIPAddresses/PIP-2",
                        "attributes": {
                            "allocation_method": "Dynamic",
                            "id": "/subscriptions/a0e10630-889a-46e5-b203-9a4e91567e59/resourceGroups/3tResourceGroup/providers/Microsoft.Network/publicIPAddresses/PIP-2",
                            "idle_timeout_in_minutes": "4",
                            "ip_address": "52.229.207.106",
                            "ip_version": "IPv4",
                            "location": "eastasia",
                            "name": "PIP-2",
                            "public_ip_address_allocation": "Dynamic",
                            "resource_group_name": "3tResourceGroup",
                            "sku": "Basic",
                            "tags.%": "2",
                            "tags.environment": "Dev",
                            "tags.type": "Data",
                            "zones.#": "0"
                        },
                        "meta": {},
                        "tainted": false
                    },
                    "deposed": [],
                    "provider": "provider.azurerm"
                },
                "azurerm_public_ip.3tPIP.3": {
                    "type": "azurerm_public_ip",
                    "depends_on": [
                        "azurerm_resource_group.3tResourceGroup"
                    ],
                    "primary": {
                        "id": "/subscriptions/a0e10630-889a-46e5-b203-9a4e91567e59/resourceGroups/3tResourceGroup/providers/Microsoft.Network/publicIPAddresses/PIP-3",
                        "attributes": {
                            "allocation_method": "Dynamic",
                            "id": "/subscriptions/a0e10630-889a-46e5-b203-9a4e91567e59/resourceGroups/3tResourceGroup/providers/Microsoft.Network/publicIPAddresses/PIP-3",
                            "idle_timeout_in_minutes": "4",
                            "ip_address": "52.229.207.99",
                            "ip_version": "IPv4",
                            "location": "eastasia",
                            "name": "PIP-3",
                            "public_ip_address_allocation": "Dynamic",
                            "resource_group_name": "3tResourceGroup",
                            "sku": "Basic",
                            "tags.%": "2",
                            "tags.environment": "Dev",
                            "tags.type": "Tech",
                            "zones.#": "0"
                        },
                        "meta": {},
                        "tainted": false
                    },
                    "deposed": [],
                    "provider": "provider.azurerm"
                },
                "azurerm_resource_group.3tResourceGroup": {
                    "type": "azurerm_resource_group",
                    "depends_on": [],
                    "primary": {
                        "id": "/subscriptions/a0e10630-889a-46e5-b203-9a4e91567e59/resourceGroups/3tResourceGroup",
                        "attributes": {
                            "id": "/subscriptions/a0e10630-889a-46e5-b203-9a4e91567e59/resourceGroups/3tResourceGroup",
                            "location": "eastasia",
                            "name": "3tResourceGroup",
                            "tags.%": "1",
                            "tags.environment": "Dev"
                        },
                        "meta": {},
                        "tainted": false
                    },
                    "deposed": [],
                    "provider": "provider.azurerm"
                },
                "azurerm_subnet.3tSubnet-Apps": {
                    "type": "azurerm_subnet",
                    "depends_on": [
                        "azurerm_network_security_group.3tSubnet-NSGA.*",
                        "azurerm_resource_group.3tResourceGroup",
                        "azurerm_virtual_network.3tVnet.*"
                    ],
                    "primary": {
                        "id": "/subscriptions/a0e10630-889a-46e5-b203-9a4e91567e59/resourceGroups/3tResourceGroup/providers/Microsoft.Network/virtualNetworks/Vnet-1/subnets/Subnet-1",
                        "attributes": {
                            "address_prefix": "10.1.2.0/24",
                            "delegation.#": "0",
                            "id": "/subscriptions/a0e10630-889a-46e5-b203-9a4e91567e59/resourceGroups/3tResourceGroup/providers/Microsoft.Network/virtualNetworks/Vnet-1/subnets/Subnet-1",
                            "ip_configurations.#": "1",
                            "ip_configurations.1570337241": "/subscriptions/a0e10630-889a-46e5-b203-9a4e91567e59/resourceGroups/3tResourceGroup/providers/Microsoft.Network/networkInterfaces/NIC-Apps/ipConfigurations/myNicConfiguration",
                            "name": "Subnet-1",
                            "network_security_group_id": "/subscriptions/a0e10630-889a-46e5-b203-9a4e91567e59/resourceGroups/3tResourceGroup/providers/Microsoft.Network/networkSecurityGroups/Sub-NSG-Apps",
                            "resource_group_name": "3tResourceGroup",
                            "route_table_id": "",
                            "service_endpoints.#": "0",
                            "virtual_network_name": "Vnet-1"
                        },
                        "meta": {},
                        "tainted": false
                    },
                    "deposed": [],
                    "provider": "provider.azurerm"
                },
                "azurerm_subnet.3tSubnet-Data": {
                    "type": "azurerm_subnet",
                    "depends_on": [
                        "azurerm_network_security_group.3tSubnet-NSGD.*",
                        "azurerm_resource_group.3tResourceGroup",
                        "azurerm_virtual_network.3tVnet.*"
                    ],
                    "primary": {
                        "id": "/subscriptions/a0e10630-889a-46e5-b203-9a4e91567e59/resourceGroups/3tResourceGroup/providers/Microsoft.Network/virtualNetworks/Vnet-2/subnets/Subnet-2",
                        "attributes": {
                            "address_prefix": "10.2.2.0/24",
                            "delegation.#": "0",
                            "id": "/subscriptions/a0e10630-889a-46e5-b203-9a4e91567e59/resourceGroups/3tResourceGroup/providers/Microsoft.Network/virtualNetworks/Vnet-2/subnets/Subnet-2",
                            "ip_configurations.#": "1",
                            "ip_configurations.3162410359": "/subscriptions/a0e10630-889a-46e5-b203-9a4e91567e59/resourceGroups/3tResourceGroup/providers/Microsoft.Network/networkInterfaces/NIC-Data/ipConfigurations/myNicConfiguration",
                            "name": "Subnet-2",
                            "network_security_group_id": "/subscriptions/a0e10630-889a-46e5-b203-9a4e91567e59/resourceGroups/3tResourceGroup/providers/Microsoft.Network/networkSecurityGroups/Sub-NSG-Data",
                            "resource_group_name": "3tResourceGroup",
                            "route_table_id": "",
                            "service_endpoints.#": "0",
                            "virtual_network_name": "Vnet-2"
                        },
                        "meta": {},
                        "tainted": false
                    },
                    "deposed": [],
                    "provider": "provider.azurerm"
                },
                "azurerm_subnet.3tSubnet-Tech": {
                    "type": "azurerm_subnet",
                    "depends_on": [
                        "azurerm_network_security_group.3tSubnet-NSGT.*",
                        "azurerm_resource_group.3tResourceGroup",
                        "azurerm_virtual_network.3tVnet.*"
                    ],
                    "primary": {
                        "id": "/subscriptions/a0e10630-889a-46e5-b203-9a4e91567e59/resourceGroups/3tResourceGroup/providers/Microsoft.Network/virtualNetworks/Vnet-0/subnets/Subnet-0",
                        "attributes": {
                            "address_prefix": "10.0.2.0/24",
                            "delegation.#": "0",
                            "id": "/subscriptions/a0e10630-889a-46e5-b203-9a4e91567e59/resourceGroups/3tResourceGroup/providers/Microsoft.Network/virtualNetworks/Vnet-0/subnets/Subnet-0",
                            "ip_configurations.#": "2",
                            "ip_configurations.2718109140": "/subscriptions/a0e10630-889a-46e5-b203-9a4e91567e59/resourceGroups/3tResourceGroup/providers/Microsoft.Network/networkInterfaces/NIC-Tech-0/ipConfigurations/myNicConfiguration",
                            "ip_configurations.586357451": "/subscriptions/a0e10630-889a-46e5-b203-9a4e91567e59/resourceGroups/3tResourceGroup/providers/Microsoft.Network/networkInterfaces/NIC-Tech-1/ipConfigurations/myNicConfiguration",
                            "name": "Subnet-0",
                            "network_security_group_id": "/subscriptions/a0e10630-889a-46e5-b203-9a4e91567e59/resourceGroups/3tResourceGroup/providers/Microsoft.Network/networkSecurityGroups/Sub-NSG-Tech",
                            "resource_group_name": "3tResourceGroup",
                            "route_table_id": "",
                            "service_endpoints.#": "0",
                            "virtual_network_name": "Vnet-0"
                        },
                        "meta": {},
                        "tainted": false
                    },
                    "deposed": [],
                    "provider": "provider.azurerm"
                },
                "azurerm_virtual_machine.3tVM-Apps": {
                    "type": "azurerm_virtual_machine",
                    "depends_on": [
                        "azurerm_network_interface.3tNICA",
                        "azurerm_resource_group.3tResourceGroup"
                    ],
                    "primary": {
                        "id": "/subscriptions/a0e10630-889a-46e5-b203-9a4e91567e59/resourceGroups/3tResourceGroup/providers/Microsoft.Compute/virtualMachines/VM-Apps",
                        "attributes": {
                            "delete_data_disks_on_termination": "false",
                            "delete_os_disk_on_termination": "false",
                            "id": "/subscriptions/a0e10630-889a-46e5-b203-9a4e91567e59/resourceGroups/3tResourceGroup/providers/Microsoft.Compute/virtualMachines/VM-Apps",
                            "identity.#": "0",
                            "location": "eastasia",
                            "name": "VM-Apps",
                            "network_interface_ids.#": "1",
                            "network_interface_ids.0": "/subscriptions/a0e10630-889a-46e5-b203-9a4e91567e59/resourceGroups/3tResourceGroup/providers/Microsoft.Network/networkInterfaces/NIC-Apps",
                            "os_profile.#": "1",
                            "os_profile.2016994685.admin_password": "",
                            "os_profile.2016994685.admin_username": "azureuser",
                            "os_profile.2016994685.computer_name": "VM-Apps",
                            "os_profile.2016994685.custom_data": "",
                            "os_profile_linux_config.#": "1",
                            "os_profile_linux_config.69840937.disable_password_authentication": "true",
                            "os_profile_linux_config.69840937.ssh_keys.#": "1",
                            "os_profile_linux_config.69840937.ssh_keys.0.key_data": "ssh-rsa AAAAB3NzaC1yc2EAAAADAQABAAABAQC/loFdLgNMVS5xbaZubYj/0EBhQxq/MlqsgcoJpjDiXYyDsDrmMqPBCR3n0516DBJfYXG5wXeKik6h60vJscDp27z1DNkAHBxgLUYErOvMkftEyHnb+KeoI3AtmKvpn9wozENHP9VqmSmbv+h0zASK0MJjkxQxsZVAZTPNDJIdW9cFBgx9KRLD4Xct7c+VhToQeaWG/ChQszsyC7uT7YAsIQVAVBpRPiiQ1H4+nrj43KwrtAYSSNcRhEppsZCS0QVzrgBJ98DrvLfv2qDLuFGZ34AyzNtS7ZVrii+NU6n0a80pIYMFy/dZUbnwRP4tKuq8eyF/uBlk+I7NyvDeEZcN henry@linux-3.home",
                            "os_profile_linux_config.69840937.ssh_keys.0.path": "/home/azureuser/.ssh/authorized_keys",
                            "os_profile_secrets.#": "0",
                            "os_profile_windows_config.#": "0",
                            "plan.#": "0",
                            "resource_group_name": "3tResourceGroup",
                            "storage_data_disk.#": "0",
                            "storage_image_reference.#": "1",
                            "storage_image_reference.363552096.id": "",
                            "storage_image_reference.363552096.offer": "UbuntuServer",
                            "storage_image_reference.363552096.publisher": "Canonical",
                            "storage_image_reference.363552096.sku": "16.04.0-LTS",
                            "storage_image_reference.363552096.version": "latest",
                            "storage_os_disk.#": "1",
                            "storage_os_disk.0.caching": "ReadWrite",
                            "storage_os_disk.0.create_option": "FromImage",
                            "storage_os_disk.0.disk_size_gb": "30",
                            "storage_os_disk.0.image_uri": "",
                            "storage_os_disk.0.managed_disk_id": "/subscriptions/a0e10630-889a-46e5-b203-9a4e91567e59/resourceGroups/3tResourceGroup/providers/Microsoft.Compute/disks/myOsDisk3",
                            "storage_os_disk.0.managed_disk_type": "Premium_LRS",
                            "storage_os_disk.0.name": "myOsDisk3",
                            "storage_os_disk.0.os_type": "Linux",
                            "storage_os_disk.0.vhd_uri": "",
                            "storage_os_disk.0.write_accelerator_enabled": "false",
                            "tags.%": "2",
                            "tags.environment": "Dev",
                            "tags.type": "Apps",
                            "vm_size": "Standard_B1ms",
                            "zones.#": "0"
                        },
                        "meta": {},
                        "tainted": false
                    },
                    "deposed": [],
                    "provider": "provider.azurerm"
                },
                "azurerm_virtual_machine.3tVM-Dev": {
                    "type": "azurerm_virtual_machine",
                    "depends_on": [
                        "azurerm_network_interface.3tNICD",
                        "azurerm_resource_group.3tResourceGroup"
                    ],
                    "primary": {
                        "id": "/subscriptions/a0e10630-889a-46e5-b203-9a4e91567e59/resourceGroups/3tResourceGroup/providers/Microsoft.Compute/virtualMachines/VM-Data",
                        "attributes": {
                            "delete_data_disks_on_termination": "false",
                            "delete_os_disk_on_termination": "false",
                            "id": "/subscriptions/a0e10630-889a-46e5-b203-9a4e91567e59/resourceGroups/3tResourceGroup/providers/Microsoft.Compute/virtualMachines/VM-Data",
                            "identity.#": "0",
                            "location": "eastasia",
                            "name": "VM-Data",
                            "network_interface_ids.#": "1",
                            "network_interface_ids.0": "/subscriptions/a0e10630-889a-46e5-b203-9a4e91567e59/resourceGroups/3tResourceGroup/providers/Microsoft.Network/networkInterfaces/NIC-Data",
                            "os_profile.#": "1",
                            "os_profile.662733560.admin_password": "",
                            "os_profile.662733560.admin_username": "azureuser",
                            "os_profile.662733560.computer_name": "VM-Data",
                            "os_profile.662733560.custom_data": "",
                            "os_profile_linux_config.#": "1",
                            "os_profile_linux_config.69840937.disable_password_authentication": "true",
                            "os_profile_linux_config.69840937.ssh_keys.#": "1",
                            "os_profile_linux_config.69840937.ssh_keys.0.key_data": "ssh-rsa AAAAB3NzaC1yc2EAAAADAQABAAABAQC/loFdLgNMVS5xbaZubYj/0EBhQxq/MlqsgcoJpjDiXYyDsDrmMqPBCR3n0516DBJfYXG5wXeKik6h60vJscDp27z1DNkAHBxgLUYErOvMkftEyHnb+KeoI3AtmKvpn9wozENHP9VqmSmbv+h0zASK0MJjkxQxsZVAZTPNDJIdW9cFBgx9KRLD4Xct7c+VhToQeaWG/ChQszsyC7uT7YAsIQVAVBpRPiiQ1H4+nrj43KwrtAYSSNcRhEppsZCS0QVzrgBJ98DrvLfv2qDLuFGZ34AyzNtS7ZVrii+NU6n0a80pIYMFy/dZUbnwRP4tKuq8eyF/uBlk+I7NyvDeEZcN henry@linux-3.home",
                            "os_profile_linux_config.69840937.ssh_keys.0.path": "/home/azureuser/.ssh/authorized_keys",
                            "os_profile_secrets.#": "0",
                            "os_profile_windows_config.#": "0",
                            "plan.#": "0",
                            "resource_group_name": "3tResourceGroup",
                            "storage_data_disk.#": "0",
                            "storage_image_reference.#": "1",
                            "storage_image_reference.363552096.id": "",
                            "storage_image_reference.363552096.offer": "UbuntuServer",
                            "storage_image_reference.363552096.publisher": "Canonical",
                            "storage_image_reference.363552096.sku": "16.04.0-LTS",
                            "storage_image_reference.363552096.version": "latest",
                            "storage_os_disk.#": "1",
                            "storage_os_disk.0.caching": "ReadWrite",
                            "storage_os_disk.0.create_option": "FromImage",
                            "storage_os_disk.0.disk_size_gb": "30",
                            "storage_os_disk.0.image_uri": "",
                            "storage_os_disk.0.managed_disk_id": "/subscriptions/a0e10630-889a-46e5-b203-9a4e91567e59/resourceGroups/3tResourceGroup/providers/Microsoft.Compute/disks/myOsDisk4",
                            "storage_os_disk.0.managed_disk_type": "Premium_LRS",
                            "storage_os_disk.0.name": "myOsDisk4",
                            "storage_os_disk.0.os_type": "Linux",
                            "storage_os_disk.0.vhd_uri": "",
                            "storage_os_disk.0.write_accelerator_enabled": "false",
                            "tags.%": "2",
                            "tags.environment": "Dev",
                            "tags.type": "Data",
                            "vm_size": "Standard_B1ms",
                            "zones.#": "0"
                        },
                        "meta": {},
                        "tainted": false
                    },
                    "deposed": [],
                    "provider": "provider.azurerm"
                },
                "azurerm_virtual_machine.3tVM-Tech.0": {
                    "type": "azurerm_virtual_machine",
                    "depends_on": [
                        "azurerm_network_interface.3tNICT.*",
                        "azurerm_resource_group.3tResourceGroup"
                    ],
                    "primary": {
                        "id": "/subscriptions/a0e10630-889a-46e5-b203-9a4e91567e59/resourceGroups/3tResourceGroup/providers/Microsoft.Compute/virtualMachines/VM-Tech-0",
                        "attributes": {
                            "delete_data_disks_on_termination": "false",
                            "delete_os_disk_on_termination": "false",
                            "id": "/subscriptions/a0e10630-889a-46e5-b203-9a4e91567e59/resourceGroups/3tResourceGroup/providers/Microsoft.Compute/virtualMachines/VM-Tech-0",
                            "identity.#": "0",
                            "location": "eastasia",
                            "name": "VM-Tech-0",
                            "network_interface_ids.#": "1",
                            "network_interface_ids.0": "/subscriptions/a0e10630-889a-46e5-b203-9a4e91567e59/resourceGroups/3tResourceGroup/providers/Microsoft.Network/networkInterfaces/NIC-Tech-0",
                            "os_profile.#": "1",
                            "os_profile.1460931712.admin_password": "",
                            "os_profile.1460931712.admin_username": "azureuser",
                            "os_profile.1460931712.computer_name": "VM-Tech-0",
                            "os_profile.1460931712.custom_data": "",
                            "os_profile_linux_config.#": "1",
                            "os_profile_linux_config.69840937.disable_password_authentication": "true",
                            "os_profile_linux_config.69840937.ssh_keys.#": "1",
                            "os_profile_linux_config.69840937.ssh_keys.0.key_data": "ssh-rsa AAAAB3NzaC1yc2EAAAADAQABAAABAQC/loFdLgNMVS5xbaZubYj/0EBhQxq/MlqsgcoJpjDiXYyDsDrmMqPBCR3n0516DBJfYXG5wXeKik6h60vJscDp27z1DNkAHBxgLUYErOvMkftEyHnb+KeoI3AtmKvpn9wozENHP9VqmSmbv+h0zASK0MJjkxQxsZVAZTPNDJIdW9cFBgx9KRLD4Xct7c+VhToQeaWG/ChQszsyC7uT7YAsIQVAVBpRPiiQ1H4+nrj43KwrtAYSSNcRhEppsZCS0QVzrgBJ98DrvLfv2qDLuFGZ34AyzNtS7ZVrii+NU6n0a80pIYMFy/dZUbnwRP4tKuq8eyF/uBlk+I7NyvDeEZcN henry@linux-3.home",
                            "os_profile_linux_config.69840937.ssh_keys.0.path": "/home/azureuser/.ssh/authorized_keys",
                            "os_profile_secrets.#": "0",
                            "os_profile_windows_config.#": "0",
                            "plan.#": "0",
                            "resource_group_name": "3tResourceGroup",
                            "storage_data_disk.#": "0",
                            "storage_image_reference.#": "1",
                            "storage_image_reference.363552096.id": "",
                            "storage_image_reference.363552096.offer": "UbuntuServer",
                            "storage_image_reference.363552096.publisher": "Canonical",
                            "storage_image_reference.363552096.sku": "16.04.0-LTS",
                            "storage_image_reference.363552096.version": "latest",
                            "storage_os_disk.#": "1",
                            "storage_os_disk.0.caching": "ReadWrite",
                            "storage_os_disk.0.create_option": "FromImage",
                            "storage_os_disk.0.disk_size_gb": "30",
                            "storage_os_disk.0.image_uri": "",
                            "storage_os_disk.0.managed_disk_id": "/subscriptions/a0e10630-889a-46e5-b203-9a4e91567e59/resourceGroups/3tResourceGroup/providers/Microsoft.Compute/disks/myOsDisk0",
                            "storage_os_disk.0.managed_disk_type": "Premium_LRS",
                            "storage_os_disk.0.name": "myOsDisk0",
                            "storage_os_disk.0.os_type": "Linux",
                            "storage_os_disk.0.vhd_uri": "",
                            "storage_os_disk.0.write_accelerator_enabled": "false",
                            "tags.%": "2",
                            "tags.environment": "Dev",
                            "tags.type": "Tech",
                            "vm_size": "Standard_B1ms",
                            "zones.#": "0"
                        },
                        "meta": {},
                        "tainted": false
                    },
                    "deposed": [],
                    "provider": "provider.azurerm"
                },
                "azurerm_virtual_machine.3tVM-Tech.1": {
                    "type": "azurerm_virtual_machine",
                    "depends_on": [
                        "azurerm_network_interface.3tNICT.*",
                        "azurerm_resource_group.3tResourceGroup"
                    ],
                    "primary": {
                        "id": "/subscriptions/a0e10630-889a-46e5-b203-9a4e91567e59/resourceGroups/3tResourceGroup/providers/Microsoft.Compute/virtualMachines/VM-Tech-1",
                        "attributes": {
                            "delete_data_disks_on_termination": "false",
                            "delete_os_disk_on_termination": "false",
                            "id": "/subscriptions/a0e10630-889a-46e5-b203-9a4e91567e59/resourceGroups/3tResourceGroup/providers/Microsoft.Compute/virtualMachines/VM-Tech-1",
                            "identity.#": "0",
                            "location": "eastasia",
                            "name": "VM-Tech-1",
                            "network_interface_ids.#": "1",
                            "network_interface_ids.0": "/subscriptions/a0e10630-889a-46e5-b203-9a4e91567e59/resourceGroups/3tResourceGroup/providers/Microsoft.Network/networkInterfaces/NIC-Tech-1",
                            "os_profile.#": "1",
                            "os_profile.1309621697.admin_password": "",
                            "os_profile.1309621697.admin_username": "azureuser",
                            "os_profile.1309621697.computer_name": "VM-Tech-1",
                            "os_profile.1309621697.custom_data": "",
                            "os_profile_linux_config.#": "1",
                            "os_profile_linux_config.69840937.disable_password_authentication": "true",
                            "os_profile_linux_config.69840937.ssh_keys.#": "1",
                            "os_profile_linux_config.69840937.ssh_keys.0.key_data": "ssh-rsa AAAAB3NzaC1yc2EAAAADAQABAAABAQC/loFdLgNMVS5xbaZubYj/0EBhQxq/MlqsgcoJpjDiXYyDsDrmMqPBCR3n0516DBJfYXG5wXeKik6h60vJscDp27z1DNkAHBxgLUYErOvMkftEyHnb+KeoI3AtmKvpn9wozENHP9VqmSmbv+h0zASK0MJjkxQxsZVAZTPNDJIdW9cFBgx9KRLD4Xct7c+VhToQeaWG/ChQszsyC7uT7YAsIQVAVBpRPiiQ1H4+nrj43KwrtAYSSNcRhEppsZCS0QVzrgBJ98DrvLfv2qDLuFGZ34AyzNtS7ZVrii+NU6n0a80pIYMFy/dZUbnwRP4tKuq8eyF/uBlk+I7NyvDeEZcN henry@linux-3.home",
                            "os_profile_linux_config.69840937.ssh_keys.0.path": "/home/azureuser/.ssh/authorized_keys",
                            "os_profile_secrets.#": "0",
                            "os_profile_windows_config.#": "0",
                            "plan.#": "0",
                            "resource_group_name": "3tResourceGroup",
                            "storage_data_disk.#": "0",
                            "storage_image_reference.#": "1",
                            "storage_image_reference.363552096.id": "",
                            "storage_image_reference.363552096.offer": "UbuntuServer",
                            "storage_image_reference.363552096.publisher": "Canonical",
                            "storage_image_reference.363552096.sku": "16.04.0-LTS",
                            "storage_image_reference.363552096.version": "latest",
                            "storage_os_disk.#": "1",
                            "storage_os_disk.0.caching": "ReadWrite",
                            "storage_os_disk.0.create_option": "FromImage",
                            "storage_os_disk.0.disk_size_gb": "30",
                            "storage_os_disk.0.image_uri": "",
                            "storage_os_disk.0.managed_disk_id": "/subscriptions/a0e10630-889a-46e5-b203-9a4e91567e59/resourceGroups/3tResourceGroup/providers/Microsoft.Compute/disks/myOsDisk1",
                            "storage_os_disk.0.managed_disk_type": "Premium_LRS",
                            "storage_os_disk.0.name": "myOsDisk1",
                            "storage_os_disk.0.os_type": "Linux",
                            "storage_os_disk.0.vhd_uri": "",
                            "storage_os_disk.0.write_accelerator_enabled": "false",
                            "tags.%": "2",
                            "tags.environment": "Dev",
                            "tags.type": "Tech",
                            "vm_size": "Standard_B1ms",
                            "zones.#": "0"
                        },
                        "meta": {},
                        "tainted": false
                    },
                    "deposed": [],
                    "provider": "provider.azurerm"
                },
                "azurerm_virtual_network.3tVnet.0": {
                    "type": "azurerm_virtual_network",
                    "depends_on": [
                        "azurerm_resource_group.3tResourceGroup"
                    ],
                    "primary": {
                        "id": "/subscriptions/a0e10630-889a-46e5-b203-9a4e91567e59/resourceGroups/3tResourceGroup/providers/Microsoft.Network/virtualNetworks/Vnet-0",
                        "attributes": {
                            "address_space.#": "1",
                            "address_space.0": "10.0.0.0/16",
                            "ddos_protection_plan.#": "0",
                            "dns_servers.#": "0",
                            "id": "/subscriptions/a0e10630-889a-46e5-b203-9a4e91567e59/resourceGroups/3tResourceGroup/providers/Microsoft.Network/virtualNetworks/Vnet-0",
                            "location": "eastasia",
                            "name": "Vnet-0",
                            "resource_group_name": "3tResourceGroup",
                            "subnet.#": "1",
                            "subnet.1727505511.address_prefix": "10.0.2.0/24",
                            "subnet.1727505511.id": "/subscriptions/a0e10630-889a-46e5-b203-9a4e91567e59/resourceGroups/3tResourceGroup/providers/Microsoft.Network/virtualNetworks/Vnet-0/subnets/Subnet-0",
                            "subnet.1727505511.name": "Subnet-0",
                            "subnet.1727505511.security_group": "/subscriptions/a0e10630-889a-46e5-b203-9a4e91567e59/resourceGroups/3tResourceGroup/providers/Microsoft.Network/networkSecurityGroups/Sub-NSG-Tech",
                            "tags.%": "2",
                            "tags.environment": "Dev",
                            "tags.type": "Tech"
                        },
                        "meta": {},
                        "tainted": false
                    },
                    "deposed": [],
                    "provider": "provider.azurerm"
                },
                "azurerm_virtual_network.3tVnet.1": {
                    "type": "azurerm_virtual_network",
                    "depends_on": [
                        "azurerm_resource_group.3tResourceGroup"
                    ],
                    "primary": {
                        "id": "/subscriptions/a0e10630-889a-46e5-b203-9a4e91567e59/resourceGroups/3tResourceGroup/providers/Microsoft.Network/virtualNetworks/Vnet-1",
                        "attributes": {
                            "address_space.#": "1",
                            "address_space.0": "10.1.0.0/16",
                            "ddos_protection_plan.#": "0",
                            "dns_servers.#": "0",
                            "id": "/subscriptions/a0e10630-889a-46e5-b203-9a4e91567e59/resourceGroups/3tResourceGroup/providers/Microsoft.Network/virtualNetworks/Vnet-1",
                            "location": "eastasia",
                            "name": "Vnet-1",
                            "resource_group_name": "3tResourceGroup",
                            "subnet.#": "1",
                            "subnet.2208860396.address_prefix": "10.1.2.0/24",
                            "subnet.2208860396.id": "/subscriptions/a0e10630-889a-46e5-b203-9a4e91567e59/resourceGroups/3tResourceGroup/providers/Microsoft.Network/virtualNetworks/Vnet-1/subnets/Subnet-1",
                            "subnet.2208860396.name": "Subnet-1",
                            "subnet.2208860396.security_group": "/subscriptions/a0e10630-889a-46e5-b203-9a4e91567e59/resourceGroups/3tResourceGroup/providers/Microsoft.Network/networkSecurityGroups/NSG-Apps",
                            "tags.%": "2",
                            "tags.environment": "Dev",
                            "tags.type": "Apps"
                        },
                        "meta": {},
                        "tainted": false
                    },
                    "deposed": [],
                    "provider": "provider.azurerm"
                },
                "azurerm_virtual_network.3tVnet.2": {
                    "type": "azurerm_virtual_network",
                    "depends_on": [
                        "azurerm_resource_group.3tResourceGroup"
                    ],
                    "primary": {
                        "id": "/subscriptions/a0e10630-889a-46e5-b203-9a4e91567e59/resourceGroups/3tResourceGroup/providers/Microsoft.Network/virtualNetworks/Vnet-2",
                        "attributes": {
                            "address_space.#": "1",
                            "address_space.0": "10.2.0.0/16",
                            "ddos_protection_plan.#": "0",
                            "dns_servers.#": "0",
                            "id": "/subscriptions/a0e10630-889a-46e5-b203-9a4e91567e59/resourceGroups/3tResourceGroup/providers/Microsoft.Network/virtualNetworks/Vnet-2",
                            "location": "eastasia",
                            "name": "Vnet-2",
                            "resource_group_name": "3tResourceGroup",
                            "subnet.#": "1",
                            "subnet.299111815.address_prefix": "10.2.2.0/24",
                            "subnet.299111815.id": "/subscriptions/a0e10630-889a-46e5-b203-9a4e91567e59/resourceGroups/3tResourceGroup/providers/Microsoft.Network/virtualNetworks/Vnet-2/subnets/Subnet-2",
                            "subnet.299111815.name": "Subnet-2",
                            "subnet.299111815.security_group": "/subscriptions/a0e10630-889a-46e5-b203-9a4e91567e59/resourceGroups/3tResourceGroup/providers/Microsoft.Network/networkSecurityGroups/NSG-Data",
                            "tags.%": "2",
                            "tags.environment": "Dev",
                            "tags.type": "Data"
                        },
                        "meta": {},
                        "tainted": false
                    },
                    "deposed": [],
                    "provider": "provider.azurerm"
                }
            },
            "depends_on": []
        }
    ]
}
