{
    "version": 3,
    "terraform_version": "0.11.14",
    "serial": 19,
    "lineage": "434ae1d4-a2c6-5412-ca0f-fe1a22c6131b",
    "modules": [
        {
            "path": [
                "root"
            ],
            "outputs": {},
            "resources": {
                "azurerm_network_security_group.NSG.0": {
                    "type": "azurerm_network_security_group",
                    "depends_on": [
                        "azurerm_resource_group.myterraformgroup.*"
                    ],
                    "primary": {
                        "id": "/subscriptions/a0e10630-889a-46e5-b203-9a4e91567e59/resourceGroups/ressourceGRP1/providers/Microsoft.Network/networkSecurityGroups/NSG1",
                        "attributes": {
                            "id": "/subscriptions/a0e10630-889a-46e5-b203-9a4e91567e59/resourceGroups/ressourceGRP1/providers/Microsoft.Network/networkSecurityGroups/NSG1",
                            "location": "eastus",
                            "name": "NSG1",
                            "resource_group_name": "ressourceGRP1",
                            "security_rule.#": "3",
                            "security_rule.1317460829.access": "Allow",
                            "security_rule.1317460829.description": "",
                            "security_rule.1317460829.destination_address_prefix": "*",
                            "security_rule.1317460829.destination_address_prefixes.#": "0",
                            "security_rule.1317460829.destination_application_security_group_ids.#": "0",
                            "security_rule.1317460829.destination_port_range": "8080",
                            "security_rule.1317460829.destination_port_ranges.#": "0",
                            "security_rule.1317460829.direction": "Inbound",
                            "security_rule.1317460829.name": "JENKINS",
                            "security_rule.1317460829.priority": "1003",
                            "security_rule.1317460829.protocol": "Tcp",
                            "security_rule.1317460829.source_address_prefix": "*",
                            "security_rule.1317460829.source_address_prefixes.#": "0",
                            "security_rule.1317460829.source_application_security_group_ids.#": "0",
                            "security_rule.1317460829.source_port_range": "*",
                            "security_rule.1317460829.source_port_ranges.#": "0",
                            "security_rule.2090309246.access": "Allow",
                            "security_rule.2090309246.description": "",
                            "security_rule.2090309246.destination_address_prefix": "*",
                            "security_rule.2090309246.destination_address_prefixes.#": "0",
                            "security_rule.2090309246.destination_application_security_group_ids.#": "0",
                            "security_rule.2090309246.destination_port_range": "22",
                            "security_rule.2090309246.destination_port_ranges.#": "0",
                            "security_rule.2090309246.direction": "Inbound",
                            "security_rule.2090309246.name": "SSH",
                            "security_rule.2090309246.priority": "1001",
                            "security_rule.2090309246.protocol": "Tcp",
                            "security_rule.2090309246.source_address_prefix": "*",
                            "security_rule.2090309246.source_address_prefixes.#": "0",
                            "security_rule.2090309246.source_application_security_group_ids.#": "0",
                            "security_rule.2090309246.source_port_range": "*",
                            "security_rule.2090309246.source_port_ranges.#": "0",
                            "security_rule.3268767614.access": "Allow",
                            "security_rule.3268767614.description": "",
                            "security_rule.3268767614.destination_address_prefix": "*",
                            "security_rule.3268767614.destination_address_prefixes.#": "0",
                            "security_rule.3268767614.destination_application_security_group_ids.#": "0",
                            "security_rule.3268767614.destination_port_range": "8081",
                            "security_rule.3268767614.destination_port_ranges.#": "0",
                            "security_rule.3268767614.direction": "Inbound",
                            "security_rule.3268767614.name": "NEXUS",
                            "security_rule.3268767614.priority": "1002",
                            "security_rule.3268767614.protocol": "Tcp",
                            "security_rule.3268767614.source_address_prefix": "*",
                            "security_rule.3268767614.source_address_prefixes.#": "0",
                            "security_rule.3268767614.source_application_security_group_ids.#": "0",
                            "security_rule.3268767614.source_port_range": "*",
                            "security_rule.3268767614.source_port_ranges.#": "0",
                            "tags.%": "1",
                            "tags.environment": "Terraform Demo"
                        },
                        "meta": {},
                        "tainted": false
                    },
                    "deposed": [],
                    "provider": "provider.azurerm"
                },
                "azurerm_network_security_group.NSG.1": {
                    "type": "azurerm_network_security_group",
                    "depends_on": [
                        "azurerm_resource_group.myterraformgroup.*"
                    ],
                    "primary": {
                        "id": "/subscriptions/a0e10630-889a-46e5-b203-9a4e91567e59/resourceGroups/ressourceGRP2/providers/Microsoft.Network/networkSecurityGroups/NSG2",
                        "attributes": {
                            "id": "/subscriptions/a0e10630-889a-46e5-b203-9a4e91567e59/resourceGroups/ressourceGRP2/providers/Microsoft.Network/networkSecurityGroups/NSG2",
                            "location": "westus",
                            "name": "NSG2",
                            "resource_group_name": "ressourceGRP2",
                            "security_rule.#": "3",
                            "security_rule.1317460829.access": "Allow",
                            "security_rule.1317460829.description": "",
                            "security_rule.1317460829.destination_address_prefix": "*",
                            "security_rule.1317460829.destination_address_prefixes.#": "0",
                            "security_rule.1317460829.destination_application_security_group_ids.#": "0",
                            "security_rule.1317460829.destination_port_range": "8080",
                            "security_rule.1317460829.destination_port_ranges.#": "0",
                            "security_rule.1317460829.direction": "Inbound",
                            "security_rule.1317460829.name": "JENKINS",
                            "security_rule.1317460829.priority": "1003",
                            "security_rule.1317460829.protocol": "Tcp",
                            "security_rule.1317460829.source_address_prefix": "*",
                            "security_rule.1317460829.source_address_prefixes.#": "0",
                            "security_rule.1317460829.source_application_security_group_ids.#": "0",
                            "security_rule.1317460829.source_port_range": "*",
                            "security_rule.1317460829.source_port_ranges.#": "0",
                            "security_rule.2090309246.access": "Allow",
                            "security_rule.2090309246.description": "",
                            "security_rule.2090309246.destination_address_prefix": "*",
                            "security_rule.2090309246.destination_address_prefixes.#": "0",
                            "security_rule.2090309246.destination_application_security_group_ids.#": "0",
                            "security_rule.2090309246.destination_port_range": "22",
                            "security_rule.2090309246.destination_port_ranges.#": "0",
                            "security_rule.2090309246.direction": "Inbound",
                            "security_rule.2090309246.name": "SSH",
                            "security_rule.2090309246.priority": "1001",
                            "security_rule.2090309246.protocol": "Tcp",
                            "security_rule.2090309246.source_address_prefix": "*",
                            "security_rule.2090309246.source_address_prefixes.#": "0",
                            "security_rule.2090309246.source_application_security_group_ids.#": "0",
                            "security_rule.2090309246.source_port_range": "*",
                            "security_rule.2090309246.source_port_ranges.#": "0",
                            "security_rule.3268767614.access": "Allow",
                            "security_rule.3268767614.description": "",
                            "security_rule.3268767614.destination_address_prefix": "*",
                            "security_rule.3268767614.destination_address_prefixes.#": "0",
                            "security_rule.3268767614.destination_application_security_group_ids.#": "0",
                            "security_rule.3268767614.destination_port_range": "8081",
                            "security_rule.3268767614.destination_port_ranges.#": "0",
                            "security_rule.3268767614.direction": "Inbound",
                            "security_rule.3268767614.name": "NEXUS",
                            "security_rule.3268767614.priority": "1002",
                            "security_rule.3268767614.protocol": "Tcp",
                            "security_rule.3268767614.source_address_prefix": "*",
                            "security_rule.3268767614.source_address_prefixes.#": "0",
                            "security_rule.3268767614.source_application_security_group_ids.#": "0",
                            "security_rule.3268767614.source_port_range": "*",
                            "security_rule.3268767614.source_port_ranges.#": "0",
                            "tags.%": "1",
                            "tags.environment": "Terraform Demo"
                        },
                        "meta": {},
                        "tainted": false
                    },
                    "deposed": [],
                    "provider": "provider.azurerm"
                },
                "azurerm_public_ip.PIP.0": {
                    "type": "azurerm_public_ip",
                    "depends_on": [
                        "azurerm_resource_group.myterraformgroup.*"
                    ],
                    "primary": {
                        "id": "/subscriptions/a0e10630-889a-46e5-b203-9a4e91567e59/resourceGroups/ressourceGRP1/providers/Microsoft.Network/publicIPAddresses/JenkinsPIP",
                        "attributes": {
                            "allocation_method": "Dynamic",
                            "id": "/subscriptions/a0e10630-889a-46e5-b203-9a4e91567e59/resourceGroups/ressourceGRP1/providers/Microsoft.Network/publicIPAddresses/JenkinsPIP",
                            "idle_timeout_in_minutes": "4",
                            "ip_address": "",
                            "ip_version": "IPv4",
                            "location": "eastus",
                            "name": "JenkinsPIP",
                            "public_ip_address_allocation": "Dynamic",
                            "resource_group_name": "ressourceGRP1",
                            "sku": "Basic",
                            "tags.%": "1",
                            "tags.environment": "Terraform Demo",
                            "zones.#": "0"
                        },
                        "meta": {},
                        "tainted": false
                    },
                    "deposed": [],
                    "provider": "provider.azurerm"
                },
                "azurerm_public_ip.PIP.1": {
                    "type": "azurerm_public_ip",
                    "depends_on": [
                        "azurerm_resource_group.myterraformgroup.*"
                    ],
                    "primary": {
                        "id": "/subscriptions/a0e10630-889a-46e5-b203-9a4e91567e59/resourceGroups/ressourceGRP2/providers/Microsoft.Network/publicIPAddresses/NexusPIP",
                        "attributes": {
                            "allocation_method": "Dynamic",
                            "id": "/subscriptions/a0e10630-889a-46e5-b203-9a4e91567e59/resourceGroups/ressourceGRP2/providers/Microsoft.Network/publicIPAddresses/NexusPIP",
                            "idle_timeout_in_minutes": "4",
                            "ip_address": "",
                            "ip_version": "IPv4",
                            "location": "westus",
                            "name": "NexusPIP",
                            "public_ip_address_allocation": "Dynamic",
                            "resource_group_name": "ressourceGRP2",
                            "sku": "Basic",
                            "tags.%": "1",
                            "tags.environment": "Terraform Demo",
                            "zones.#": "0"
                        },
                        "meta": {},
                        "tainted": false
                    },
                    "deposed": [],
                    "provider": "provider.azurerm"
                },
                "azurerm_public_ip.PIP.2": {
                    "type": "azurerm_public_ip",
                    "depends_on": [
                        "azurerm_resource_group.myterraformgroup.*"
                    ],
                    "primary": {
                        "id": "/subscriptions/a0e10630-889a-46e5-b203-9a4e91567e59/resourceGroups/ressourceGRP1/providers/Microsoft.Network/publicIPAddresses/DockerPIP",
                        "attributes": {
                            "allocation_method": "Dynamic",
                            "id": "/subscriptions/a0e10630-889a-46e5-b203-9a4e91567e59/resourceGroups/ressourceGRP1/providers/Microsoft.Network/publicIPAddresses/DockerPIP",
                            "idle_timeout_in_minutes": "4",
                            "ip_address": "",
                            "ip_version": "IPv4",
                            "location": "eastus",
                            "name": "DockerPIP",
                            "public_ip_address_allocation": "Dynamic",
                            "resource_group_name": "ressourceGRP1",
                            "sku": "Basic",
                            "tags.%": "1",
                            "tags.environment": "Terraform Demo",
                            "zones.#": "0"
                        },
                        "meta": {},
                        "tainted": false
                    },
                    "deposed": [],
                    "provider": "provider.azurerm"
                },
                "azurerm_public_ip.PIP.3": {
                    "type": "azurerm_public_ip",
                    "depends_on": [
                        "azurerm_resource_group.myterraformgroup.*"
                    ],
                    "primary": {
                        "id": "/subscriptions/a0e10630-889a-46e5-b203-9a4e91567e59/resourceGroups/ressourceGRP2/providers/Microsoft.Network/publicIPAddresses/KubernetesPIP",
                        "attributes": {
                            "allocation_method": "Dynamic",
                            "id": "/subscriptions/a0e10630-889a-46e5-b203-9a4e91567e59/resourceGroups/ressourceGRP2/providers/Microsoft.Network/publicIPAddresses/KubernetesPIP",
                            "idle_timeout_in_minutes": "4",
                            "ip_address": "",
                            "ip_version": "IPv4",
                            "location": "westus",
                            "name": "KubernetesPIP",
                            "public_ip_address_allocation": "Dynamic",
                            "resource_group_name": "ressourceGRP2",
                            "sku": "Basic",
                            "tags.%": "1",
                            "tags.environment": "Terraform Demo",
                            "zones.#": "0"
                        },
                        "meta": {},
                        "tainted": false
                    },
                    "deposed": [],
                    "provider": "provider.azurerm"
                },
                "azurerm_public_ip.PIP.4": {
                    "type": "azurerm_public_ip",
                    "depends_on": [
                        "azurerm_resource_group.myterraformgroup.*"
                    ],
                    "primary": {
                        "id": "/subscriptions/a0e10630-889a-46e5-b203-9a4e91567e59/resourceGroups/ressourceGRP1/providers/Microsoft.Network/publicIPAddresses/MongoPIP",
                        "attributes": {
                            "allocation_method": "Dynamic",
                            "id": "/subscriptions/a0e10630-889a-46e5-b203-9a4e91567e59/resourceGroups/ressourceGRP1/providers/Microsoft.Network/publicIPAddresses/MongoPIP",
                            "idle_timeout_in_minutes": "4",
                            "ip_address": "",
                            "ip_version": "IPv4",
                            "location": "eastus",
                            "name": "MongoPIP",
                            "public_ip_address_allocation": "Dynamic",
                            "resource_group_name": "ressourceGRP1",
                            "sku": "Basic",
                            "tags.%": "1",
                            "tags.environment": "Terraform Demo",
                            "zones.#": "0"
                        },
                        "meta": {},
                        "tainted": false
                    },
                    "deposed": [],
                    "provider": "provider.azurerm"
                },
                "azurerm_resource_group.myterraformgroup.0": {
                    "type": "azurerm_resource_group",
                    "depends_on": [],
                    "primary": {
                        "id": "/subscriptions/a0e10630-889a-46e5-b203-9a4e91567e59/resourceGroups/ressourceGRP1",
                        "attributes": {
                            "id": "/subscriptions/a0e10630-889a-46e5-b203-9a4e91567e59/resourceGroups/ressourceGRP1",
                            "location": "eastus",
                            "name": "ressourceGRP1",
                            "tags.%": "1",
                            "tags.environment": "Terraform Demo"
                        },
                        "meta": {},
                        "tainted": false
                    },
                    "deposed": [],
                    "provider": "provider.azurerm"
                },
                "azurerm_resource_group.myterraformgroup.1": {
                    "type": "azurerm_resource_group",
                    "depends_on": [],
                    "primary": {
                        "id": "/subscriptions/a0e10630-889a-46e5-b203-9a4e91567e59/resourceGroups/ressourceGRP2",
                        "attributes": {
                            "id": "/subscriptions/a0e10630-889a-46e5-b203-9a4e91567e59/resourceGroups/ressourceGRP2",
                            "location": "westus",
                            "name": "ressourceGRP2",
                            "tags.%": "1",
                            "tags.environment": "Terraform Demo"
                        },
                        "meta": {},
                        "tainted": false
                    },
                    "deposed": [],
                    "provider": "provider.azurerm"
                },
                "azurerm_virtual_network.Vnet.0": {
                    "type": "azurerm_virtual_network",
                    "depends_on": [
                        "azurerm_resource_group.myterraformgroup.*"
                    ],
                    "primary": {
                        "id": "/subscriptions/a0e10630-889a-46e5-b203-9a4e91567e59/resourceGroups/ressourceGRP1/providers/Microsoft.Network/virtualNetworks/vNet1",
                        "attributes": {
                            "address_space.#": "1",
                            "address_space.0": "10.0.0.0/16",
                            "ddos_protection_plan.#": "0",
                            "dns_servers.#": "0",
                            "id": "/subscriptions/a0e10630-889a-46e5-b203-9a4e91567e59/resourceGroups/ressourceGRP1/providers/Microsoft.Network/virtualNetworks/vNet1",
                            "location": "eastus",
                            "name": "vNet1",
                            "resource_group_name": "ressourceGRP1",
                            "subnet.#": "0",
                            "tags.%": "1",
                            "tags.environment": "Terraform Demo"
                        },
                        "meta": {},
                        "tainted": false
                    },
                    "deposed": [],
                    "provider": "provider.azurerm"
                },
                "azurerm_virtual_network.Vnet.1": {
                    "type": "azurerm_virtual_network",
                    "depends_on": [
                        "azurerm_resource_group.myterraformgroup.*"
                    ],
                    "primary": {
                        "id": "/subscriptions/a0e10630-889a-46e5-b203-9a4e91567e59/resourceGroups/ressourceGRP2/providers/Microsoft.Network/virtualNetworks/vNet2",
                        "attributes": {
                            "address_space.#": "1",
                            "address_space.0": "10.1.0.0/16",
                            "ddos_protection_plan.#": "0",
                            "dns_servers.#": "0",
                            "id": "/subscriptions/a0e10630-889a-46e5-b203-9a4e91567e59/resourceGroups/ressourceGRP2/providers/Microsoft.Network/virtualNetworks/vNet2",
                            "location": "westus",
                            "name": "vNet2",
                            "resource_group_name": "ressourceGRP2",
                            "subnet.#": "0",
                            "tags.%": "1",
                            "tags.environment": "Terraform Demo"
                        },
                        "meta": {},
                        "tainted": false
                    },
                    "deposed": [],
                    "provider": "provider.azurerm"
                },
                "random_id.randomId.0": {
                    "type": "random_id",
                    "depends_on": [],
                    "primary": {
                        "id": "N5GLpeJNe3M",
                        "attributes": {
                            "b64": "N5GLpeJNe3M",
                            "b64_std": "N5GLpeJNe3M=",
                            "b64_url": "N5GLpeJNe3M",
                            "byte_length": "8",
                            "dec": "4004135088291674995",
                            "hex": "37918ba5e24d7b73",
                            "id": "N5GLpeJNe3M",
                            "keepers.%": "1",
                            "keepers.resource_group": "ressourceGRP1"
                        },
                        "meta": {},
                        "tainted": false
                    },
                    "deposed": [],
                    "provider": "provider.random"
                },
                "random_id.randomId.1": {
                    "type": "random_id",
                    "depends_on": [],
                    "primary": {
                        "id": "R1ONWQYobBQ",
                        "attributes": {
                            "b64": "R1ONWQYobBQ",
                            "b64_std": "R1ONWQYobBQ=",
                            "b64_url": "R1ONWQYobBQ",
                            "byte_length": "8",
                            "dec": "5139607013254786068",
                            "hex": "47538d5906286c14",
                            "id": "R1ONWQYobBQ",
                            "keepers.%": "1",
                            "keepers.resource_group": "ressourceGRP2"
                        },
                        "meta": {},
                        "tainted": false
                    },
                    "deposed": [],
                    "provider": "provider.random"
                }
            },
            "depends_on": []
        }
    ]
}
