{
    "version": 3,
    "terraform_version": "0.11.14",
    "serial": 19,
    "lineage": "434ae1d4-a2c6-5412-ca0f-fe1a22c6131b",
    "modules": [
        {
            "path": [
                "root"
            ],
            "outputs": {},
            "resources": {
                "azurerm_network_interface.NIC.0": {
                    "type": "azurerm_network_interface",
                    "depends_on": [
                        "azurerm_network_security_group.NSG.*",
                        "azurerm_public_ip.PIP.*",
                        "azurerm_resource_group.myterraformgroup.*",
                        "azurerm_subnet.Subnet.*"
                    ],
                    "primary": {
                        "id": "/subscriptions/a0e10630-889a-46e5-b203-9a4e91567e59/resourceGroups/ressourceGRP1/providers/Microsoft.Network/networkInterfaces/JenkinsNIC",
                        "attributes": {
                            "applied_dns_servers.#": "0",
                            "dns_servers.#": "0",
                            "enable_accelerated_networking": "false",
                            "enable_ip_forwarding": "false",
                            "id": "/subscriptions/a0e10630-889a-46e5-b203-9a4e91567e59/resourceGroups/ressourceGRP1/providers/Microsoft.Network/networkInterfaces/JenkinsNIC",
                            "internal_dns_name_label": "",
                            "internal_fqdn": "",
                            "ip_configuration.#": "1",
                            "ip_configuration.0.application_gateway_backend_address_pools_ids.#": "0",
                            "ip_configuration.0.application_security_group_ids.#": "0",
                            "ip_configuration.0.load_balancer_backend_address_pools_ids.#": "0",
                            "ip_configuration.0.load_balancer_inbound_nat_rules_ids.#": "0",
                            "ip_configuration.0.name": "myNicConfiguration",
                            "ip_configuration.0.primary": "true",
                            "ip_configuration.0.private_ip_address": "",
                            "ip_configuration.0.private_ip_address_allocation": "dynamic",
                            "ip_configuration.0.private_ip_address_version": "IPv4",
                            "ip_configuration.0.public_ip_address_id": "/subscriptions/a0e10630-889a-46e5-b203-9a4e91567e59/resourceGroups/ressourceGRP1/providers/Microsoft.Network/publicIPAddresses/JenkinsPIP",
                            "ip_configuration.0.subnet_id": "/subscriptions/a0e10630-889a-46e5-b203-9a4e91567e59/resourceGroups/ressourceGRP1/providers/Microsoft.Network/virtualNetworks/vNet1/subnets/Subnet1",
                            "location": "eastus",
                            "mac_address": "",
                            "name": "JenkinsNIC",
                            "network_security_group_id": "/subscriptions/a0e10630-889a-46e5-b203-9a4e91567e59/resourceGroups/ressourceGRP1/providers/Microsoft.Network/networkSecurityGroups/NSG1",
                            "private_ip_address": "10.0.2.5",
                            "private_ip_addresses.#": "1",
                            "private_ip_addresses.0": "10.0.2.5",
                            "resource_group_name": "ressourceGRP1",
                            "tags.%": "1",
                            "tags.environment": "Terraform Demo"
                        },
                        "meta": {},
                        "tainted": false
                    },
                    "deposed": [],
                    "provider": "provider.azurerm"
                },
                "azurerm_network_interface.NIC.1": {
                    "type": "azurerm_network_interface",
                    "depends_on": [
                        "azurerm_network_security_group.NSG.*",
                        "azurerm_public_ip.PIP.*",
                        "azurerm_resource_group.myterraformgroup.*",
                        "azurerm_subnet.Subnet.*"
                    ],
                    "primary": {
                        "id": "/subscriptions/a0e10630-889a-46e5-b203-9a4e91567e59/resourceGroups/ressourceGRP2/providers/Microsoft.Network/networkInterfaces/NexusNIC",
                        "attributes": {
                            "applied_dns_servers.#": "0",
                            "dns_servers.#": "0",
                            "enable_accelerated_networking": "false",
                            "enable_ip_forwarding": "false",
                            "id": "/subscriptions/a0e10630-889a-46e5-b203-9a4e91567e59/resourceGroups/ressourceGRP2/providers/Microsoft.Network/networkInterfaces/NexusNIC",
                            "internal_dns_name_label": "",
                            "internal_fqdn": "",
                            "ip_configuration.#": "1",
                            "ip_configuration.0.application_gateway_backend_address_pools_ids.#": "0",
                            "ip_configuration.0.application_security_group_ids.#": "0",
                            "ip_configuration.0.load_balancer_backend_address_pools_ids.#": "0",
                            "ip_configuration.0.load_balancer_inbound_nat_rules_ids.#": "0",
                            "ip_configuration.0.name": "myNicConfiguration",
                            "ip_configuration.0.primary": "true",
                            "ip_configuration.0.private_ip_address": "",
                            "ip_configuration.0.private_ip_address_allocation": "dynamic",
                            "ip_configuration.0.private_ip_address_version": "IPv4",
                            "ip_configuration.0.public_ip_address_id": "/subscriptions/a0e10630-889a-46e5-b203-9a4e91567e59/resourceGroups/ressourceGRP2/providers/Microsoft.Network/publicIPAddresses/NexusPIP",
                            "ip_configuration.0.subnet_id": "/subscriptions/a0e10630-889a-46e5-b203-9a4e91567e59/resourceGroups/ressourceGRP2/providers/Microsoft.Network/virtualNetworks/vNet2/subnets/Subnet2",
                            "location": "westus",
                            "mac_address": "",
                            "name": "NexusNIC",
                            "network_security_group_id": "/subscriptions/a0e10630-889a-46e5-b203-9a4e91567e59/resourceGroups/ressourceGRP2/providers/Microsoft.Network/networkSecurityGroups/NSG2",
                            "private_ip_address": "10.1.2.4",
                            "private_ip_addresses.#": "1",
                            "private_ip_addresses.0": "10.1.2.4",
                            "resource_group_name": "ressourceGRP2",
                            "tags.%": "1",
                            "tags.environment": "Terraform Demo"
                        },
                        "meta": {},
                        "tainted": false
                    },
                    "deposed": [],
                    "provider": "provider.azurerm"
                },
                "azurerm_network_interface.NIC.2": {
                    "type": "azurerm_network_interface",
                    "depends_on": [
                        "azurerm_network_security_group.NSG.*",
                        "azurerm_public_ip.PIP.*",
                        "azurerm_resource_group.myterraformgroup.*",
                        "azurerm_subnet.Subnet.*"
                    ],
                    "primary": {
                        "id": "/subscriptions/a0e10630-889a-46e5-b203-9a4e91567e59/resourceGroups/ressourceGRP1/providers/Microsoft.Network/networkInterfaces/DockerNIC",
                        "attributes": {
                            "applied_dns_servers.#": "0",
                            "dns_servers.#": "0",
                            "enable_accelerated_networking": "false",
                            "enable_ip_forwarding": "false",
                            "id": "/subscriptions/a0e10630-889a-46e5-b203-9a4e91567e59/resourceGroups/ressourceGRP1/providers/Microsoft.Network/networkInterfaces/DockerNIC",
                            "internal_dns_name_label": "",
                            "internal_fqdn": "",
                            "ip_configuration.#": "1",
                            "ip_configuration.0.application_gateway_backend_address_pools_ids.#": "0",
                            "ip_configuration.0.application_security_group_ids.#": "0",
                            "ip_configuration.0.load_balancer_backend_address_pools_ids.#": "0",
                            "ip_configuration.0.load_balancer_inbound_nat_rules_ids.#": "0",
                            "ip_configuration.0.name": "myNicConfiguration",
                            "ip_configuration.0.primary": "true",
                            "ip_configuration.0.private_ip_address": "",
                            "ip_configuration.0.private_ip_address_allocation": "dynamic",
                            "ip_configuration.0.private_ip_address_version": "IPv4",
                            "ip_configuration.0.public_ip_address_id": "/subscriptions/a0e10630-889a-46e5-b203-9a4e91567e59/resourceGroups/ressourceGRP1/providers/Microsoft.Network/publicIPAddresses/DockerPIP",
                            "ip_configuration.0.subnet_id": "/subscriptions/a0e10630-889a-46e5-b203-9a4e91567e59/resourceGroups/ressourceGRP1/providers/Microsoft.Network/virtualNetworks/vNet1/subnets/Subnet1",
                            "location": "eastus",
                            "mac_address": "",
                            "name": "DockerNIC",
                            "network_security_group_id": "/subscriptions/a0e10630-889a-46e5-b203-9a4e91567e59/resourceGroups/ressourceGRP1/providers/Microsoft.Network/networkSecurityGroups/NSG1",
                            "private_ip_address": "10.0.2.6",
                            "private_ip_addresses.#": "1",
                            "private_ip_addresses.0": "10.0.2.6",
                            "resource_group_name": "ressourceGRP1",
                            "tags.%": "1",
                            "tags.environment": "Terraform Demo"
                        },
                        "meta": {},
                        "tainted": false
                    },
                    "deposed": [],
                    "provider": "provider.azurerm"
                },
                "azurerm_network_interface.NIC.3": {
                    "type": "azurerm_network_interface",
                    "depends_on": [
                        "azurerm_network_security_group.NSG.*",
                        "azurerm_public_ip.PIP.*",
                        "azurerm_resource_group.myterraformgroup.*",
                        "azurerm_subnet.Subnet.*"
                    ],
                    "primary": {
                        "id": "/subscriptions/a0e10630-889a-46e5-b203-9a4e91567e59/resourceGroups/ressourceGRP2/providers/Microsoft.Network/networkInterfaces/KubernetesNIC",
                        "attributes": {
                            "applied_dns_servers.#": "0",
                            "dns_servers.#": "0",
                            "enable_accelerated_networking": "false",
                            "enable_ip_forwarding": "false",
                            "id": "/subscriptions/a0e10630-889a-46e5-b203-9a4e91567e59/resourceGroups/ressourceGRP2/providers/Microsoft.Network/networkInterfaces/KubernetesNIC",
                            "internal_dns_name_label": "",
                            "internal_fqdn": "",
                            "ip_configuration.#": "1",
                            "ip_configuration.0.application_gateway_backend_address_pools_ids.#": "0",
                            "ip_configuration.0.application_security_group_ids.#": "0",
                            "ip_configuration.0.load_balancer_backend_address_pools_ids.#": "0",
                            "ip_configuration.0.load_balancer_inbound_nat_rules_ids.#": "0",
                            "ip_configuration.0.name": "myNicConfiguration",
                            "ip_configuration.0.primary": "true",
                            "ip_configuration.0.private_ip_address": "",
                            "ip_configuration.0.private_ip_address_allocation": "dynamic",
                            "ip_configuration.0.private_ip_address_version": "IPv4",
                            "ip_configuration.0.public_ip_address_id": "/subscriptions/a0e10630-889a-46e5-b203-9a4e91567e59/resourceGroups/ressourceGRP2/providers/Microsoft.Network/publicIPAddresses/KubernetesPIP",
                            "ip_configuration.0.subnet_id": "/subscriptions/a0e10630-889a-46e5-b203-9a4e91567e59/resourceGroups/ressourceGRP2/providers/Microsoft.Network/virtualNetworks/vNet2/subnets/Subnet2",
                            "location": "westus",
                            "mac_address": "",
                            "name": "KubernetesNIC",
                            "network_security_group_id": "/subscriptions/a0e10630-889a-46e5-b203-9a4e91567e59/resourceGroups/ressourceGRP2/providers/Microsoft.Network/networkSecurityGroups/NSG2",
                            "private_ip_address": "10.1.2.5",
                            "private_ip_addresses.#": "1",
                            "private_ip_addresses.0": "10.1.2.5",
                            "resource_group_name": "ressourceGRP2",
                            "tags.%": "1",
                            "tags.environment": "Terraform Demo"
                        },
                        "meta": {},
                        "tainted": false
                    },
                    "deposed": [],
                    "provider": "provider.azurerm"
                },
                "azurerm_network_interface.NIC.4": {
                    "type": "azurerm_network_interface",
                    "depends_on": [
                        "azurerm_network_security_group.NSG.*",
                        "azurerm_public_ip.PIP.*",
                        "azurerm_resource_group.myterraformgroup.*",
                        "azurerm_subnet.Subnet.*"
                    ],
                    "primary": {
                        "id": "/subscriptions/a0e10630-889a-46e5-b203-9a4e91567e59/resourceGroups/ressourceGRP1/providers/Microsoft.Network/networkInterfaces/MongoNIC",
                        "attributes": {
                            "applied_dns_servers.#": "0",
                            "dns_servers.#": "0",
                            "enable_accelerated_networking": "false",
                            "enable_ip_forwarding": "false",
                            "id": "/subscriptions/a0e10630-889a-46e5-b203-9a4e91567e59/resourceGroups/ressourceGRP1/providers/Microsoft.Network/networkInterfaces/MongoNIC",
                            "internal_dns_name_label": "",
                            "internal_fqdn": "",
                            "ip_configuration.#": "1",
                            "ip_configuration.0.application_gateway_backend_address_pools_ids.#": "0",
                            "ip_configuration.0.application_security_group_ids.#": "0",
                            "ip_configuration.0.load_balancer_backend_address_pools_ids.#": "0",
                            "ip_configuration.0.load_balancer_inbound_nat_rules_ids.#": "0",
                            "ip_configuration.0.name": "myNicConfiguration",
                            "ip_configuration.0.primary": "true",
                            "ip_configuration.0.private_ip_address": "",
                            "ip_configuration.0.private_ip_address_allocation": "dynamic",
                            "ip_configuration.0.private_ip_address_version": "IPv4",
                            "ip_configuration.0.public_ip_address_id": "/subscriptions/a0e10630-889a-46e5-b203-9a4e91567e59/resourceGroups/ressourceGRP1/providers/Microsoft.Network/publicIPAddresses/MongoPIP",
                            "ip_configuration.0.subnet_id": "/subscriptions/a0e10630-889a-46e5-b203-9a4e91567e59/resourceGroups/ressourceGRP1/providers/Microsoft.Network/virtualNetworks/vNet1/subnets/Subnet1",
                            "location": "eastus",
                            "mac_address": "",
                            "name": "MongoNIC",
                            "network_security_group_id": "/subscriptions/a0e10630-889a-46e5-b203-9a4e91567e59/resourceGroups/ressourceGRP1/providers/Microsoft.Network/networkSecurityGroups/NSG1",
                            "private_ip_address": "10.0.2.4",
                            "private_ip_addresses.#": "1",
                            "private_ip_addresses.0": "10.0.2.4",
                            "resource_group_name": "ressourceGRP1",
                            "tags.%": "1",
                            "tags.environment": "Terraform Demo"
                        },
                        "meta": {},
                        "tainted": false
                    },
                    "deposed": [],
                    "provider": "provider.azurerm"
                },
                "azurerm_network_security_group.NSG.0": {
                    "type": "azurerm_network_security_group",
                    "depends_on": [
                        "azurerm_resource_group.myterraformgroup.*"
                    ],
                    "primary": {
                        "id": "/subscriptions/a0e10630-889a-46e5-b203-9a4e91567e59/resourceGroups/ressourceGRP1/providers/Microsoft.Network/networkSecurityGroups/NSG1",
                        "attributes": {
                            "id": "/subscriptions/a0e10630-889a-46e5-b203-9a4e91567e59/resourceGroups/ressourceGRP1/providers/Microsoft.Network/networkSecurityGroups/NSG1",
                            "location": "eastus",
                            "name": "NSG1",
                            "resource_group_name": "ressourceGRP1",
                            "security_rule.#": "3",
                            "security_rule.1317460829.access": "Allow",
                            "security_rule.1317460829.description": "",
                            "security_rule.1317460829.destination_address_prefix": "*",
                            "security_rule.1317460829.destination_address_prefixes.#": "0",
                            "security_rule.1317460829.destination_application_security_group_ids.#": "0",
                            "security_rule.1317460829.destination_port_range": "8080",
                            "security_rule.1317460829.destination_port_ranges.#": "0",
                            "security_rule.1317460829.direction": "Inbound",
                            "security_rule.1317460829.name": "JENKINS",
                            "security_rule.1317460829.priority": "1003",
                            "security_rule.1317460829.protocol": "Tcp",
                            "security_rule.1317460829.source_address_prefix": "*",
                            "security_rule.1317460829.source_address_prefixes.#": "0",
                            "security_rule.1317460829.source_application_security_group_ids.#": "0",
                            "security_rule.1317460829.source_port_range": "*",
                            "security_rule.1317460829.source_port_ranges.#": "0",
                            "security_rule.2090309246.access": "Allow",
                            "security_rule.2090309246.description": "",
                            "security_rule.2090309246.destination_address_prefix": "*",
                            "security_rule.2090309246.destination_address_prefixes.#": "0",
                            "security_rule.2090309246.destination_application_security_group_ids.#": "0",
                            "security_rule.2090309246.destination_port_range": "22",
                            "security_rule.2090309246.destination_port_ranges.#": "0",
                            "security_rule.2090309246.direction": "Inbound",
                            "security_rule.2090309246.name": "SSH",
                            "security_rule.2090309246.priority": "1001",
                            "security_rule.2090309246.protocol": "Tcp",
                            "security_rule.2090309246.source_address_prefix": "*",
                            "security_rule.2090309246.source_address_prefixes.#": "0",
                            "security_rule.2090309246.source_application_security_group_ids.#": "0",
                            "security_rule.2090309246.source_port_range": "*",
                            "security_rule.2090309246.source_port_ranges.#": "0",
                            "security_rule.3268767614.access": "Allow",
                            "security_rule.3268767614.description": "",
                            "security_rule.3268767614.destination_address_prefix": "*",
                            "security_rule.3268767614.destination_address_prefixes.#": "0",
                            "security_rule.3268767614.destination_application_security_group_ids.#": "0",
                            "security_rule.3268767614.destination_port_range": "8081",
                            "security_rule.3268767614.destination_port_ranges.#": "0",
                            "security_rule.3268767614.direction": "Inbound",
                            "security_rule.3268767614.name": "NEXUS",
                            "security_rule.3268767614.priority": "1002",
                            "security_rule.3268767614.protocol": "Tcp",
                            "security_rule.3268767614.source_address_prefix": "*",
                            "security_rule.3268767614.source_address_prefixes.#": "0",
                            "security_rule.3268767614.source_application_security_group_ids.#": "0",
                            "security_rule.3268767614.source_port_range": "*",
                            "security_rule.3268767614.source_port_ranges.#": "0",
                            "tags.%": "1",
                            "tags.environment": "Terraform Demo"
                        },
                        "meta": {},
                        "tainted": false
                    },
                    "deposed": [],
                    "provider": "provider.azurerm"
                },
                "azurerm_network_security_group.NSG.1": {
                    "type": "azurerm_network_security_group",
                    "depends_on": [
                        "azurerm_resource_group.myterraformgroup.*"
                    ],
                    "primary": {
                        "id": "/subscriptions/a0e10630-889a-46e5-b203-9a4e91567e59/resourceGroups/ressourceGRP2/providers/Microsoft.Network/networkSecurityGroups/NSG2",
                        "attributes": {
                            "id": "/subscriptions/a0e10630-889a-46e5-b203-9a4e91567e59/resourceGroups/ressourceGRP2/providers/Microsoft.Network/networkSecurityGroups/NSG2",
                            "location": "westus",
                            "name": "NSG2",
                            "resource_group_name": "ressourceGRP2",
                            "security_rule.#": "3",
                            "security_rule.1317460829.access": "Allow",
                            "security_rule.1317460829.description": "",
                            "security_rule.1317460829.destination_address_prefix": "*",
                            "security_rule.1317460829.destination_address_prefixes.#": "0",
                            "security_rule.1317460829.destination_application_security_group_ids.#": "0",
                            "security_rule.1317460829.destination_port_range": "8080",
                            "security_rule.1317460829.destination_port_ranges.#": "0",
                            "security_rule.1317460829.direction": "Inbound",
                            "security_rule.1317460829.name": "JENKINS",
                            "security_rule.1317460829.priority": "1003",
                            "security_rule.1317460829.protocol": "Tcp",
                            "security_rule.1317460829.source_address_prefix": "*",
                            "security_rule.1317460829.source_address_prefixes.#": "0",
                            "security_rule.1317460829.source_application_security_group_ids.#": "0",
                            "security_rule.1317460829.source_port_range": "*",
                            "security_rule.1317460829.source_port_ranges.#": "0",
                            "security_rule.2090309246.access": "Allow",
                            "security_rule.2090309246.description": "",
                            "security_rule.2090309246.destination_address_prefix": "*",
                            "security_rule.2090309246.destination_address_prefixes.#": "0",
                            "security_rule.2090309246.destination_application_security_group_ids.#": "0",
                            "security_rule.2090309246.destination_port_range": "22",
                            "security_rule.2090309246.destination_port_ranges.#": "0",
                            "security_rule.2090309246.direction": "Inbound",
                            "security_rule.2090309246.name": "SSH",
                            "security_rule.2090309246.priority": "1001",
                            "security_rule.2090309246.protocol": "Tcp",
                            "security_rule.2090309246.source_address_prefix": "*",
                            "security_rule.2090309246.source_address_prefixes.#": "0",
                            "security_rule.2090309246.source_application_security_group_ids.#": "0",
                            "security_rule.2090309246.source_port_range": "*",
                            "security_rule.2090309246.source_port_ranges.#": "0",
                            "security_rule.3268767614.access": "Allow",
                            "security_rule.3268767614.description": "",
                            "security_rule.3268767614.destination_address_prefix": "*",
                            "security_rule.3268767614.destination_address_prefixes.#": "0",
                            "security_rule.3268767614.destination_application_security_group_ids.#": "0",
                            "security_rule.3268767614.destination_port_range": "8081",
                            "security_rule.3268767614.destination_port_ranges.#": "0",
                            "security_rule.3268767614.direction": "Inbound",
                            "security_rule.3268767614.name": "NEXUS",
                            "security_rule.3268767614.priority": "1002",
                            "security_rule.3268767614.protocol": "Tcp",
                            "security_rule.3268767614.source_address_prefix": "*",
                            "security_rule.3268767614.source_address_prefixes.#": "0",
                            "security_rule.3268767614.source_application_security_group_ids.#": "0",
                            "security_rule.3268767614.source_port_range": "*",
                            "security_rule.3268767614.source_port_ranges.#": "0",
                            "tags.%": "1",
                            "tags.environment": "Terraform Demo"
                        },
                        "meta": {},
                        "tainted": false
                    },
                    "deposed": [],
                    "provider": "provider.azurerm"
                },
                "azurerm_public_ip.PIP.0": {
                    "type": "azurerm_public_ip",
                    "depends_on": [
                        "azurerm_resource_group.myterraformgroup.*"
                    ],
                    "primary": {
                        "id": "/subscriptions/a0e10630-889a-46e5-b203-9a4e91567e59/resourceGroups/ressourceGRP1/providers/Microsoft.Network/publicIPAddresses/JenkinsPIP",
                        "attributes": {
                            "allocation_method": "Dynamic",
                            "id": "/subscriptions/a0e10630-889a-46e5-b203-9a4e91567e59/resourceGroups/ressourceGRP1/providers/Microsoft.Network/publicIPAddresses/JenkinsPIP",
                            "idle_timeout_in_minutes": "4",
                            "ip_address": "",
                            "ip_version": "IPv4",
                            "location": "eastus",
                            "name": "JenkinsPIP",
                            "public_ip_address_allocation": "Dynamic",
                            "resource_group_name": "ressourceGRP1",
                            "sku": "Basic",
                            "tags.%": "1",
                            "tags.environment": "Terraform Demo",
                            "zones.#": "0"
                        },
                        "meta": {},
                        "tainted": false
                    },
                    "deposed": [],
                    "provider": "provider.azurerm"
                },
                "azurerm_public_ip.PIP.1": {
                    "type": "azurerm_public_ip",
                    "depends_on": [
                        "azurerm_resource_group.myterraformgroup.*"
                    ],
                    "primary": {
                        "id": "/subscriptions/a0e10630-889a-46e5-b203-9a4e91567e59/resourceGroups/ressourceGRP2/providers/Microsoft.Network/publicIPAddresses/NexusPIP",
                        "attributes": {
                            "allocation_method": "Dynamic",
                            "id": "/subscriptions/a0e10630-889a-46e5-b203-9a4e91567e59/resourceGroups/ressourceGRP2/providers/Microsoft.Network/publicIPAddresses/NexusPIP",
                            "idle_timeout_in_minutes": "4",
                            "ip_address": "",
                            "ip_version": "IPv4",
                            "location": "westus",
                            "name": "NexusPIP",
                            "public_ip_address_allocation": "Dynamic",
                            "resource_group_name": "ressourceGRP2",
                            "sku": "Basic",
                            "tags.%": "1",
                            "tags.environment": "Terraform Demo",
                            "zones.#": "0"
                        },
                        "meta": {},
                        "tainted": false
                    },
                    "deposed": [],
                    "provider": "provider.azurerm"
                },
                "azurerm_public_ip.PIP.2": {
                    "type": "azurerm_public_ip",
                    "depends_on": [
                        "azurerm_resource_group.myterraformgroup.*"
                    ],
                    "primary": {
                        "id": "/subscriptions/a0e10630-889a-46e5-b203-9a4e91567e59/resourceGroups/ressourceGRP1/providers/Microsoft.Network/publicIPAddresses/DockerPIP",
                        "attributes": {
                            "allocation_method": "Dynamic",
                            "id": "/subscriptions/a0e10630-889a-46e5-b203-9a4e91567e59/resourceGroups/ressourceGRP1/providers/Microsoft.Network/publicIPAddresses/DockerPIP",
                            "idle_timeout_in_minutes": "4",
                            "ip_address": "",
                            "ip_version": "IPv4",
                            "location": "eastus",
                            "name": "DockerPIP",
                            "public_ip_address_allocation": "Dynamic",
                            "resource_group_name": "ressourceGRP1",
                            "sku": "Basic",
                            "tags.%": "1",
                            "tags.environment": "Terraform Demo",
                            "zones.#": "0"
                        },
                        "meta": {},
                        "tainted": false
                    },
                    "deposed": [],
                    "provider": "provider.azurerm"
                },
                "azurerm_public_ip.PIP.3": {
                    "type": "azurerm_public_ip",
                    "depends_on": [
                        "azurerm_resource_group.myterraformgroup.*"
                    ],
                    "primary": {
                        "id": "/subscriptions/a0e10630-889a-46e5-b203-9a4e91567e59/resourceGroups/ressourceGRP2/providers/Microsoft.Network/publicIPAddresses/KubernetesPIP",
                        "attributes": {
                            "allocation_method": "Dynamic",
                            "id": "/subscriptions/a0e10630-889a-46e5-b203-9a4e91567e59/resourceGroups/ressourceGRP2/providers/Microsoft.Network/publicIPAddresses/KubernetesPIP",
                            "idle_timeout_in_minutes": "4",
                            "ip_address": "",
                            "ip_version": "IPv4",
                            "location": "westus",
                            "name": "KubernetesPIP",
                            "public_ip_address_allocation": "Dynamic",
                            "resource_group_name": "ressourceGRP2",
                            "sku": "Basic",
                            "tags.%": "1",
                            "tags.environment": "Terraform Demo",
                            "zones.#": "0"
                        },
                        "meta": {},
                        "tainted": false
                    },
                    "deposed": [],
                    "provider": "provider.azurerm"
                },
                "azurerm_public_ip.PIP.4": {
                    "type": "azurerm_public_ip",
                    "depends_on": [
                        "azurerm_resource_group.myterraformgroup.*"
                    ],
                    "primary": {
                        "id": "/subscriptions/a0e10630-889a-46e5-b203-9a4e91567e59/resourceGroups/ressourceGRP1/providers/Microsoft.Network/publicIPAddresses/MongoPIP",
                        "attributes": {
                            "allocation_method": "Dynamic",
                            "id": "/subscriptions/a0e10630-889a-46e5-b203-9a4e91567e59/resourceGroups/ressourceGRP1/providers/Microsoft.Network/publicIPAddresses/MongoPIP",
                            "idle_timeout_in_minutes": "4",
                            "ip_address": "",
                            "ip_version": "IPv4",
                            "location": "eastus",
                            "name": "MongoPIP",
                            "public_ip_address_allocation": "Dynamic",
                            "resource_group_name": "ressourceGRP1",
                            "sku": "Basic",
                            "tags.%": "1",
                            "tags.environment": "Terraform Demo",
                            "zones.#": "0"
                        },
                        "meta": {},
                        "tainted": false
                    },
                    "deposed": [],
                    "provider": "provider.azurerm"
                },
                "azurerm_resource_group.myterraformgroup.0": {
                    "type": "azurerm_resource_group",
                    "depends_on": [],
                    "primary": {
                        "id": "/subscriptions/a0e10630-889a-46e5-b203-9a4e91567e59/resourceGroups/ressourceGRP1",
                        "attributes": {
                            "id": "/subscriptions/a0e10630-889a-46e5-b203-9a4e91567e59/resourceGroups/ressourceGRP1",
                            "location": "eastus",
                            "name": "ressourceGRP1",
                            "tags.%": "1",
                            "tags.environment": "Terraform Demo"
                        },
                        "meta": {},
                        "tainted": false
                    },
                    "deposed": [],
                    "provider": "provider.azurerm"
                },
                "azurerm_resource_group.myterraformgroup.1": {
                    "type": "azurerm_resource_group",
                    "depends_on": [],
                    "primary": {
                        "id": "/subscriptions/a0e10630-889a-46e5-b203-9a4e91567e59/resourceGroups/ressourceGRP2",
                        "attributes": {
                            "id": "/subscriptions/a0e10630-889a-46e5-b203-9a4e91567e59/resourceGroups/ressourceGRP2",
                            "location": "westus",
                            "name": "ressourceGRP2",
                            "tags.%": "1",
                            "tags.environment": "Terraform Demo"
                        },
                        "meta": {},
                        "tainted": false
                    },
                    "deposed": [],
                    "provider": "provider.azurerm"
                },
                "azurerm_subnet.Subnet.0": {
                    "type": "azurerm_subnet",
                    "depends_on": [
                        "azurerm_resource_group.myterraformgroup.*",
                        "azurerm_virtual_network.Vnet.*"
                    ],
                    "primary": {
                        "id": "/subscriptions/a0e10630-889a-46e5-b203-9a4e91567e59/resourceGroups/ressourceGRP1/providers/Microsoft.Network/virtualNetworks/vNet1/subnets/Subnet1",
                        "attributes": {
                            "address_prefix": "10.0.2.0/24",
                            "delegation.#": "0",
                            "id": "/subscriptions/a0e10630-889a-46e5-b203-9a4e91567e59/resourceGroups/ressourceGRP1/providers/Microsoft.Network/virtualNetworks/vNet1/subnets/Subnet1",
                            "ip_configurations.#": "0",
                            "name": "Subnet1",
                            "network_security_group_id": "",
                            "resource_group_name": "ressourceGRP1",
                            "route_table_id": "",
                            "service_endpoints.#": "0",
                            "virtual_network_name": "vNet1"
                        },
                        "meta": {},
                        "tainted": false
                    },
                    "deposed": [],
                    "provider": "provider.azurerm"
                },
                "azurerm_subnet.Subnet.1": {
                    "type": "azurerm_subnet",
                    "depends_on": [
                        "azurerm_resource_group.myterraformgroup.*",
                        "azurerm_virtual_network.Vnet.*"
                    ],
                    "primary": {
                        "id": "/subscriptions/a0e10630-889a-46e5-b203-9a4e91567e59/resourceGroups/ressourceGRP2/providers/Microsoft.Network/virtualNetworks/vNet2/subnets/Subnet2",
                        "attributes": {
                            "address_prefix": "10.1.2.0/24",
                            "delegation.#": "0",
                            "id": "/subscriptions/a0e10630-889a-46e5-b203-9a4e91567e59/resourceGroups/ressourceGRP2/providers/Microsoft.Network/virtualNetworks/vNet2/subnets/Subnet2",
                            "ip_configurations.#": "0",
                            "name": "Subnet2",
                            "network_security_group_id": "",
                            "resource_group_name": "ressourceGRP2",
                            "route_table_id": "",
                            "service_endpoints.#": "0",
                            "virtual_network_name": "vNet2"
                        },
                        "meta": {},
                        "tainted": false
                    },
                    "deposed": [],
                    "provider": "provider.azurerm"
                },
                "azurerm_virtual_machine.JenkinsVM.0": {
                    "type": "azurerm_virtual_machine",
                    "depends_on": [
                        "azurerm_network_interface.NIC.*",
                        "azurerm_resource_group.myterraformgroup.*"
                    ],
                    "primary": {
                        "id": "/subscriptions/a0e10630-889a-46e5-b203-9a4e91567e59/resourceGroups/ressourceGRP1/providers/Microsoft.Compute/virtualMachines/JenkinsVM",
                        "attributes": {
                            "delete_data_disks_on_termination": "false",
                            "delete_os_disk_on_termination": "false",
                            "id": "/subscriptions/a0e10630-889a-46e5-b203-9a4e91567e59/resourceGroups/ressourceGRP1/providers/Microsoft.Compute/virtualMachines/JenkinsVM",
                            "identity.#": "0",
                            "location": "eastus",
                            "name": "JenkinsVM",
                            "network_interface_ids.#": "1",
                            "network_interface_ids.0": "/subscriptions/a0e10630-889a-46e5-b203-9a4e91567e59/resourceGroups/ressourceGRP1/providers/Microsoft.Network/networkInterfaces/JenkinsNIC",
                            "os_profile.#": "1",
                            "os_profile.1625885110.admin_password": "",
                            "os_profile.1625885110.admin_username": "azureuser",
                            "os_profile.1625885110.computer_name": "JenkinsVM",
                            "os_profile.1625885110.custom_data": "",
                            "os_profile_linux_config.#": "1",
                            "os_profile_linux_config.69840937.disable_password_authentication": "true",
                            "os_profile_linux_config.69840937.ssh_keys.#": "1",
                            "os_profile_linux_config.69840937.ssh_keys.0.key_data": "ssh-rsa AAAAB3NzaC1yc2EAAAADAQABAAABAQC/loFdLgNMVS5xbaZubYj/0EBhQxq/MlqsgcoJpjDiXYyDsDrmMqPBCR3n0516DBJfYXG5wXeKik6h60vJscDp27z1DNkAHBxgLUYErOvMkftEyHnb+KeoI3AtmKvpn9wozENHP9VqmSmbv+h0zASK0MJjkxQxsZVAZTPNDJIdW9cFBgx9KRLD4Xct7c+VhToQeaWG/ChQszsyC7uT7YAsIQVAVBpRPiiQ1H4+nrj43KwrtAYSSNcRhEppsZCS0QVzrgBJ98DrvLfv2qDLuFGZ34AyzNtS7ZVrii+NU6n0a80pIYMFy/dZUbnwRP4tKuq8eyF/uBlk+I7NyvDeEZcN henry@linux-3.home",
                            "os_profile_linux_config.69840937.ssh_keys.0.path": "/home/azureuser/.ssh/authorized_keys",
                            "os_profile_secrets.#": "0",
                            "os_profile_windows_config.#": "0",
                            "plan.#": "0",
                            "resource_group_name": "ressourceGRP1",
                            "storage_data_disk.#": "0",
                            "storage_image_reference.#": "1",
                            "storage_image_reference.363552096.id": "",
                            "storage_image_reference.363552096.offer": "UbuntuServer",
                            "storage_image_reference.363552096.publisher": "Canonical",
                            "storage_image_reference.363552096.sku": "16.04.0-LTS",
                            "storage_image_reference.363552096.version": "latest",
                            "storage_os_disk.#": "1",
                            "storage_os_disk.0.caching": "ReadWrite",
                            "storage_os_disk.0.create_option": "FromImage",
                            "storage_os_disk.0.disk_size_gb": "30",
                            "storage_os_disk.0.image_uri": "",
                            "storage_os_disk.0.managed_disk_id": "/subscriptions/a0e10630-889a-46e5-b203-9a4e91567e59/resourceGroups/ressourceGRP1/providers/Microsoft.Compute/disks/myOsDisk1",
                            "storage_os_disk.0.managed_disk_type": "Premium_LRS",
                            "storage_os_disk.0.name": "myOsDisk1",
                            "storage_os_disk.0.os_type": "Linux",
                            "storage_os_disk.0.vhd_uri": "",
                            "storage_os_disk.0.write_accelerator_enabled": "false",
                            "tags.%": "1",
                            "tags.environment": "Terraform Demo",
                            "vm_size": "Standard_B1ms",
                            "zones.#": "0"
                        },
                        "meta": {},
                        "tainted": false
                    },
                    "deposed": [],
                    "provider": "provider.azurerm"
                },
                "azurerm_virtual_machine.JenkinsVM.1": {
                    "type": "azurerm_virtual_machine",
                    "depends_on": [
                        "azurerm_network_interface.NIC.*",
                        "azurerm_resource_group.myterraformgroup.*"
                    ],
                    "primary": {
                        "id": "/subscriptions/a0e10630-889a-46e5-b203-9a4e91567e59/resourceGroups/ressourceGRP2/providers/Microsoft.Compute/virtualMachines/NexusVM",
                        "attributes": {
                            "delete_data_disks_on_termination": "false",
                            "delete_os_disk_on_termination": "false",
                            "id": "/subscriptions/a0e10630-889a-46e5-b203-9a4e91567e59/resourceGroups/ressourceGRP2/providers/Microsoft.Compute/virtualMachines/NexusVM",
                            "identity.#": "0",
                            "location": "westus",
                            "name": "NexusVM",
                            "network_interface_ids.#": "1",
                            "network_interface_ids.0": "/subscriptions/a0e10630-889a-46e5-b203-9a4e91567e59/resourceGroups/ressourceGRP2/providers/Microsoft.Network/networkInterfaces/NexusNIC",
                            "os_profile.#": "1",
                            "os_profile.1281798619.admin_password": "",
                            "os_profile.1281798619.admin_username": "azureuser",
                            "os_profile.1281798619.computer_name": "NexusVM",
                            "os_profile.1281798619.custom_data": "",
                            "os_profile_linux_config.#": "1",
                            "os_profile_linux_config.69840937.disable_password_authentication": "true",
                            "os_profile_linux_config.69840937.ssh_keys.#": "1",
                            "os_profile_linux_config.69840937.ssh_keys.0.key_data": "ssh-rsa AAAAB3NzaC1yc2EAAAADAQABAAABAQC/loFdLgNMVS5xbaZubYj/0EBhQxq/MlqsgcoJpjDiXYyDsDrmMqPBCR3n0516DBJfYXG5wXeKik6h60vJscDp27z1DNkAHBxgLUYErOvMkftEyHnb+KeoI3AtmKvpn9wozENHP9VqmSmbv+h0zASK0MJjkxQxsZVAZTPNDJIdW9cFBgx9KRLD4Xct7c+VhToQeaWG/ChQszsyC7uT7YAsIQVAVBpRPiiQ1H4+nrj43KwrtAYSSNcRhEppsZCS0QVzrgBJ98DrvLfv2qDLuFGZ34AyzNtS7ZVrii+NU6n0a80pIYMFy/dZUbnwRP4tKuq8eyF/uBlk+I7NyvDeEZcN henry@linux-3.home",
                            "os_profile_linux_config.69840937.ssh_keys.0.path": "/home/azureuser/.ssh/authorized_keys",
                            "os_profile_secrets.#": "0",
                            "os_profile_windows_config.#": "0",
                            "plan.#": "0",
                            "resource_group_name": "ressourceGRP2",
                            "storage_data_disk.#": "0",
                            "storage_image_reference.#": "1",
                            "storage_image_reference.363552096.id": "",
                            "storage_image_reference.363552096.offer": "UbuntuServer",
                            "storage_image_reference.363552096.publisher": "Canonical",
                            "storage_image_reference.363552096.sku": "16.04.0-LTS",
                            "storage_image_reference.363552096.version": "latest",
                            "storage_os_disk.#": "1",
                            "storage_os_disk.0.caching": "ReadWrite",
                            "storage_os_disk.0.create_option": "FromImage",
                            "storage_os_disk.0.disk_size_gb": "30",
                            "storage_os_disk.0.image_uri": "",
                            "storage_os_disk.0.managed_disk_id": "/subscriptions/a0e10630-889a-46e5-b203-9a4e91567e59/resourceGroups/ressourceGRP2/providers/Microsoft.Compute/disks/myOsDisk2",
                            "storage_os_disk.0.managed_disk_type": "Premium_LRS",
                            "storage_os_disk.0.name": "myOsDisk2",
                            "storage_os_disk.0.os_type": "Linux",
                            "storage_os_disk.0.vhd_uri": "",
                            "storage_os_disk.0.write_accelerator_enabled": "false",
                            "tags.%": "1",
                            "tags.environment": "Terraform Demo",
                            "vm_size": "Standard_B1ms",
                            "zones.#": "0"
                        },
                        "meta": {},
                        "tainted": false
                    },
                    "deposed": [],
                    "provider": "provider.azurerm"
                },
                "azurerm_virtual_machine.JenkinsVM.2": {
                    "type": "azurerm_virtual_machine",
                    "depends_on": [
                        "azurerm_network_interface.NIC.*",
                        "azurerm_resource_group.myterraformgroup.*"
                    ],
                    "primary": {
                        "id": "/subscriptions/a0e10630-889a-46e5-b203-9a4e91567e59/resourceGroups/ressourceGRP1/providers/Microsoft.Compute/virtualMachines/DockerVM",
                        "attributes": {
                            "delete_data_disks_on_termination": "false",
                            "delete_os_disk_on_termination": "false",
                            "id": "/subscriptions/a0e10630-889a-46e5-b203-9a4e91567e59/resourceGroups/ressourceGRP1/providers/Microsoft.Compute/virtualMachines/DockerVM",
                            "identity.#": "0",
                            "location": "eastus",
                            "name": "DockerVM",
                            "network_interface_ids.#": "1",
                            "network_interface_ids.0": "/subscriptions/a0e10630-889a-46e5-b203-9a4e91567e59/resourceGroups/ressourceGRP1/providers/Microsoft.Network/networkInterfaces/DockerNIC",
                            "os_profile.#": "1",
                            "os_profile.1795530465.admin_password": "",
                            "os_profile.1795530465.admin_username": "azureuser",
                            "os_profile.1795530465.computer_name": "DockerVM",
                            "os_profile.1795530465.custom_data": "",
                            "os_profile_linux_config.#": "1",
                            "os_profile_linux_config.69840937.disable_password_authentication": "true",
                            "os_profile_linux_config.69840937.ssh_keys.#": "1",
                            "os_profile_linux_config.69840937.ssh_keys.0.key_data": "ssh-rsa AAAAB3NzaC1yc2EAAAADAQABAAABAQC/loFdLgNMVS5xbaZubYj/0EBhQxq/MlqsgcoJpjDiXYyDsDrmMqPBCR3n0516DBJfYXG5wXeKik6h60vJscDp27z1DNkAHBxgLUYErOvMkftEyHnb+KeoI3AtmKvpn9wozENHP9VqmSmbv+h0zASK0MJjkxQxsZVAZTPNDJIdW9cFBgx9KRLD4Xct7c+VhToQeaWG/ChQszsyC7uT7YAsIQVAVBpRPiiQ1H4+nrj43KwrtAYSSNcRhEppsZCS0QVzrgBJ98DrvLfv2qDLuFGZ34AyzNtS7ZVrii+NU6n0a80pIYMFy/dZUbnwRP4tKuq8eyF/uBlk+I7NyvDeEZcN henry@linux-3.home",
                            "os_profile_linux_config.69840937.ssh_keys.0.path": "/home/azureuser/.ssh/authorized_keys",
                            "os_profile_secrets.#": "0",
                            "os_profile_windows_config.#": "0",
                            "plan.#": "0",
                            "resource_group_name": "ressourceGRP1",
                            "storage_data_disk.#": "0",
                            "storage_image_reference.#": "1",
                            "storage_image_reference.363552096.id": "",
                            "storage_image_reference.363552096.offer": "UbuntuServer",
                            "storage_image_reference.363552096.publisher": "Canonical",
                            "storage_image_reference.363552096.sku": "16.04.0-LTS",
                            "storage_image_reference.363552096.version": "latest",
                            "storage_os_disk.#": "1",
                            "storage_os_disk.0.caching": "ReadWrite",
                            "storage_os_disk.0.create_option": "FromImage",
                            "storage_os_disk.0.disk_size_gb": "30",
                            "storage_os_disk.0.image_uri": "",
                            "storage_os_disk.0.managed_disk_id": "/subscriptions/a0e10630-889a-46e5-b203-9a4e91567e59/resourceGroups/ressourceGRP1/providers/Microsoft.Compute/disks/myOsDisk3",
                            "storage_os_disk.0.managed_disk_type": "Premium_LRS",
                            "storage_os_disk.0.name": "myOsDisk3",
                            "storage_os_disk.0.os_type": "Linux",
                            "storage_os_disk.0.vhd_uri": "",
                            "storage_os_disk.0.write_accelerator_enabled": "false",
                            "tags.%": "1",
                            "tags.environment": "Terraform Demo",
                            "vm_size": "Standard_B1ms",
                            "zones.#": "0"
                        },
                        "meta": {},
                        "tainted": false
                    },
                    "deposed": [],
                    "provider": "provider.azurerm"
                },
                "azurerm_virtual_machine.JenkinsVM.3": {
                    "type": "azurerm_virtual_machine",
                    "depends_on": [
                        "azurerm_network_interface.NIC.*",
                        "azurerm_resource_group.myterraformgroup.*"
                    ],
                    "primary": {
                        "id": "/subscriptions/a0e10630-889a-46e5-b203-9a4e91567e59/resourceGroups/ressourceGRP2/providers/Microsoft.Compute/virtualMachines/KubernetesVM",
                        "attributes": {
                            "delete_data_disks_on_termination": "false",
                            "delete_os_disk_on_termination": "false",
                            "id": "/subscriptions/a0e10630-889a-46e5-b203-9a4e91567e59/resourceGroups/ressourceGRP2/providers/Microsoft.Compute/virtualMachines/KubernetesVM",
                            "identity.#": "0",
                            "location": "westus",
                            "name": "KubernetesVM",
                            "network_interface_ids.#": "1",
                            "network_interface_ids.0": "/subscriptions/a0e10630-889a-46e5-b203-9a4e91567e59/resourceGroups/ressourceGRP2/providers/Microsoft.Network/networkInterfaces/KubernetesNIC",
                            "os_profile.#": "1",
                            "os_profile.561962566.admin_password": "",
                            "os_profile.561962566.admin_username": "azureuser",
                            "os_profile.561962566.computer_name": "KubernetesVM",
                            "os_profile.561962566.custom_data": "",
                            "os_profile_linux_config.#": "1",
                            "os_profile_linux_config.69840937.disable_password_authentication": "true",
                            "os_profile_linux_config.69840937.ssh_keys.#": "1",
                            "os_profile_linux_config.69840937.ssh_keys.0.key_data": "ssh-rsa AAAAB3NzaC1yc2EAAAADAQABAAABAQC/loFdLgNMVS5xbaZubYj/0EBhQxq/MlqsgcoJpjDiXYyDsDrmMqPBCR3n0516DBJfYXG5wXeKik6h60vJscDp27z1DNkAHBxgLUYErOvMkftEyHnb+KeoI3AtmKvpn9wozENHP9VqmSmbv+h0zASK0MJjkxQxsZVAZTPNDJIdW9cFBgx9KRLD4Xct7c+VhToQeaWG/ChQszsyC7uT7YAsIQVAVBpRPiiQ1H4+nrj43KwrtAYSSNcRhEppsZCS0QVzrgBJ98DrvLfv2qDLuFGZ34AyzNtS7ZVrii+NU6n0a80pIYMFy/dZUbnwRP4tKuq8eyF/uBlk+I7NyvDeEZcN henry@linux-3.home",
                            "os_profile_linux_config.69840937.ssh_keys.0.path": "/home/azureuser/.ssh/authorized_keys",
                            "os_profile_secrets.#": "0",
                            "os_profile_windows_config.#": "0",
                            "plan.#": "0",
                            "resource_group_name": "ressourceGRP2",
                            "storage_data_disk.#": "0",
                            "storage_image_reference.#": "1",
                            "storage_image_reference.363552096.id": "",
                            "storage_image_reference.363552096.offer": "UbuntuServer",
                            "storage_image_reference.363552096.publisher": "Canonical",
                            "storage_image_reference.363552096.sku": "16.04.0-LTS",
                            "storage_image_reference.363552096.version": "latest",
                            "storage_os_disk.#": "1",
                            "storage_os_disk.0.caching": "ReadWrite",
                            "storage_os_disk.0.create_option": "FromImage",
                            "storage_os_disk.0.disk_size_gb": "30",
                            "storage_os_disk.0.image_uri": "",
                            "storage_os_disk.0.managed_disk_id": "/subscriptions/a0e10630-889a-46e5-b203-9a4e91567e59/resourceGroups/ressourceGRP2/providers/Microsoft.Compute/disks/myOsDisk4",
                            "storage_os_disk.0.managed_disk_type": "Premium_LRS",
                            "storage_os_disk.0.name": "myOsDisk4",
                            "storage_os_disk.0.os_type": "Linux",
                            "storage_os_disk.0.vhd_uri": "",
                            "storage_os_disk.0.write_accelerator_enabled": "false",
                            "tags.%": "1",
                            "tags.environment": "Terraform Demo",
                            "vm_size": "Standard_B1ms",
                            "zones.#": "0"
                        },
                        "meta": {},
                        "tainted": false
                    },
                    "deposed": [],
                    "provider": "provider.azurerm"
                },
                "azurerm_virtual_machine.JenkinsVM.4": {
                    "type": "azurerm_virtual_machine",
                    "depends_on": [
                        "azurerm_network_interface.NIC.*",
                        "azurerm_resource_group.myterraformgroup.*"
                    ],
                    "primary": {
                        "id": "/subscriptions/a0e10630-889a-46e5-b203-9a4e91567e59/resourceGroups/ressourceGRP1/providers/Microsoft.Compute/virtualMachines/MongoVM",
                        "attributes": {
                            "delete_data_disks_on_termination": "false",
                            "delete_os_disk_on_termination": "false",
                            "id": "/subscriptions/a0e10630-889a-46e5-b203-9a4e91567e59/resourceGroups/ressourceGRP1/providers/Microsoft.Compute/virtualMachines/MongoVM",
                            "identity.#": "0",
                            "location": "eastus",
                            "name": "MongoVM",
                            "network_interface_ids.#": "1",
                            "network_interface_ids.0": "/subscriptions/a0e10630-889a-46e5-b203-9a4e91567e59/resourceGroups/ressourceGRP1/providers/Microsoft.Network/networkInterfaces/MongoNIC",
                            "os_profile.#": "1",
                            "os_profile.3019449397.admin_password": "",
                            "os_profile.3019449397.admin_username": "azureuser",
                            "os_profile.3019449397.computer_name": "MongoVM",
                            "os_profile.3019449397.custom_data": "",
                            "os_profile_linux_config.#": "1",
                            "os_profile_linux_config.69840937.disable_password_authentication": "true",
                            "os_profile_linux_config.69840937.ssh_keys.#": "1",
                            "os_profile_linux_config.69840937.ssh_keys.0.key_data": "ssh-rsa AAAAB3NzaC1yc2EAAAADAQABAAABAQC/loFdLgNMVS5xbaZubYj/0EBhQxq/MlqsgcoJpjDiXYyDsDrmMqPBCR3n0516DBJfYXG5wXeKik6h60vJscDp27z1DNkAHBxgLUYErOvMkftEyHnb+KeoI3AtmKvpn9wozENHP9VqmSmbv+h0zASK0MJjkxQxsZVAZTPNDJIdW9cFBgx9KRLD4Xct7c+VhToQeaWG/ChQszsyC7uT7YAsIQVAVBpRPiiQ1H4+nrj43KwrtAYSSNcRhEppsZCS0QVzrgBJ98DrvLfv2qDLuFGZ34AyzNtS7ZVrii+NU6n0a80pIYMFy/dZUbnwRP4tKuq8eyF/uBlk+I7NyvDeEZcN henry@linux-3.home",
                            "os_profile_linux_config.69840937.ssh_keys.0.path": "/home/azureuser/.ssh/authorized_keys",
                            "os_profile_secrets.#": "0",
                            "os_profile_windows_config.#": "0",
                            "plan.#": "0",
                            "resource_group_name": "ressourceGRP1",
                            "storage_data_disk.#": "0",
                            "storage_image_reference.#": "1",
                            "storage_image_reference.363552096.id": "",
                            "storage_image_reference.363552096.offer": "UbuntuServer",
                            "storage_image_reference.363552096.publisher": "Canonical",
                            "storage_image_reference.363552096.sku": "16.04.0-LTS",
                            "storage_image_reference.363552096.version": "latest",
                            "storage_os_disk.#": "1",
                            "storage_os_disk.0.caching": "ReadWrite",
                            "storage_os_disk.0.create_option": "FromImage",
                            "storage_os_disk.0.disk_size_gb": "30",
                            "storage_os_disk.0.image_uri": "",
                            "storage_os_disk.0.managed_disk_id": "/subscriptions/a0e10630-889a-46e5-b203-9a4e91567e59/resourceGroups/ressourceGRP1/providers/Microsoft.Compute/disks/myOsDisk5",
                            "storage_os_disk.0.managed_disk_type": "Premium_LRS",
                            "storage_os_disk.0.name": "myOsDisk5",
                            "storage_os_disk.0.os_type": "Linux",
                            "storage_os_disk.0.vhd_uri": "",
                            "storage_os_disk.0.write_accelerator_enabled": "false",
                            "tags.%": "1",
                            "tags.environment": "Terraform Demo",
                            "vm_size": "Standard_B1ms",
                            "zones.#": "0"
                        },
                        "meta": {},
                        "tainted": false
                    },
                    "deposed": [],
                    "provider": "provider.azurerm"
                },
                "azurerm_virtual_network.Vnet.0": {
                    "type": "azurerm_virtual_network",
                    "depends_on": [
                        "azurerm_resource_group.myterraformgroup.*"
                    ],
                    "primary": {
                        "id": "/subscriptions/a0e10630-889a-46e5-b203-9a4e91567e59/resourceGroups/ressourceGRP1/providers/Microsoft.Network/virtualNetworks/vNet1",
                        "attributes": {
                            "address_space.#": "1",
                            "address_space.0": "10.0.0.0/16",
                            "ddos_protection_plan.#": "0",
                            "dns_servers.#": "0",
                            "id": "/subscriptions/a0e10630-889a-46e5-b203-9a4e91567e59/resourceGroups/ressourceGRP1/providers/Microsoft.Network/virtualNetworks/vNet1",
                            "location": "eastus",
                            "name": "vNet1",
                            "resource_group_name": "ressourceGRP1",
                            "subnet.#": "0",
                            "tags.%": "1",
                            "tags.environment": "Terraform Demo"
                        },
                        "meta": {},
                        "tainted": false
                    },
                    "deposed": [],
                    "provider": "provider.azurerm"
                },
                "azurerm_virtual_network.Vnet.1": {
                    "type": "azurerm_virtual_network",
                    "depends_on": [
                        "azurerm_resource_group.myterraformgroup.*"
                    ],
                    "primary": {
                        "id": "/subscriptions/a0e10630-889a-46e5-b203-9a4e91567e59/resourceGroups/ressourceGRP2/providers/Microsoft.Network/virtualNetworks/vNet2",
                        "attributes": {
                            "address_space.#": "1",
                            "address_space.0": "10.1.0.0/16",
                            "ddos_protection_plan.#": "0",
                            "dns_servers.#": "0",
                            "id": "/subscriptions/a0e10630-889a-46e5-b203-9a4e91567e59/resourceGroups/ressourceGRP2/providers/Microsoft.Network/virtualNetworks/vNet2",
                            "location": "westus",
                            "name": "vNet2",
                            "resource_group_name": "ressourceGRP2",
                            "subnet.#": "0",
                            "tags.%": "1",
                            "tags.environment": "Terraform Demo"
                        },
                        "meta": {},
                        "tainted": false
                    },
                    "deposed": [],
                    "provider": "provider.azurerm"
                },
                "random_id.randomId.0": {
                    "type": "random_id",
                    "depends_on": [],
                    "primary": {
                        "id": "N5GLpeJNe3M",
                        "attributes": {
                            "b64": "N5GLpeJNe3M",
                            "b64_std": "N5GLpeJNe3M=",
                            "b64_url": "N5GLpeJNe3M",
                            "byte_length": "8",
                            "dec": "4004135088291674995",
                            "hex": "37918ba5e24d7b73",
                            "id": "N5GLpeJNe3M",
                            "keepers.%": "1",
                            "keepers.resource_group": "ressourceGRP1"
                        },
                        "meta": {},
                        "tainted": false
                    },
                    "deposed": [],
                    "provider": "provider.random"
                },
                "random_id.randomId.1": {
                    "type": "random_id",
                    "depends_on": [],
                    "primary": {
                        "id": "R1ONWQYobBQ",
                        "attributes": {
                            "b64": "R1ONWQYobBQ",
                            "b64_std": "R1ONWQYobBQ=",
                            "b64_url": "R1ONWQYobBQ",
                            "byte_length": "8",
                            "dec": "5139607013254786068",
                            "hex": "47538d5906286c14",
                            "id": "R1ONWQYobBQ",
                            "keepers.%": "1",
                            "keepers.resource_group": "ressourceGRP2"
                        },
                        "meta": {},
                        "tainted": false
                    },
                    "deposed": [],
                    "provider": "provider.random"
                }
            },
            "depends_on": []
        }
    ]
}
