{
    "version": 3,
    "terraform_version": "0.11.14",
    "serial": 16,
    "lineage": "01bd42f8-c34a-89ed-5b9b-0c9a4ed389db",
    "modules": [
        {
            "path": [
                "root"
            ],
            "outputs": {},
            "resources": {
                "google_compute_firewall.firewall1": {
                    "type": "google_compute_firewall",
                    "depends_on": [
                        "google_compute_network.vnet"
                    ],
                    "primary": {
                        "id": "ssh-firewall",
                        "attributes": {
                            "allow.#": "1",
                            "allow.803338340.ports.#": "1",
                            "allow.803338340.ports.0": "22",
                            "allow.803338340.protocol": "tcp",
                            "creation_timestamp": "2019-05-28T01:21:35.097-07:00",
                            "deny.#": "0",
                            "description": "",
                            "destination_ranges.#": "0",
                            "direction": "INGRESS",
                            "disabled": "false",
                            "id": "ssh-firewall",
                            "name": "ssh-firewall",
                            "network": "https://www.googleapis.com/compute/v1/projects/fabled-orbit-241907/global/networks/kub-project-vnet",
                            "priority": "1000",
                            "project": "fabled-orbit-241907",
                            "self_link": "https://www.googleapis.com/compute/v1/projects/fabled-orbit-241907/global/firewalls/ssh-firewall",
                            "source_ranges.#": "1",
                            "source_ranges.1080289494": "0.0.0.0/0",
                            "source_service_accounts.#": "0",
                            "source_tags.#": "0",
                            "target_service_accounts.#": "0",
                            "target_tags.#": "0"
                        },
                        "meta": {
                            "e2bfb730-ecaa-11e6-8f88-34363bc7c4c0": {
                                "create": 240000000000,
                                "delete": 240000000000,
                                "update": 240000000000
                            },
                            "schema_version": "1"
                        },
                        "tainted": false
                    },
                    "deposed": [],
                    "provider": "provider.google"
                },
                "google_compute_firewall.firewall2": {
                    "type": "google_compute_firewall",
                    "depends_on": [
                        "google_compute_network.vnet"
                    ],
                    "primary": {
                        "id": "egress-firewall",
                        "attributes": {
                            "allow.#": "1",
                            "allow.3848845357.ports.#": "0",
                            "allow.3848845357.protocol": "tcp",
                            "creation_timestamp": "2019-05-28T01:21:35.215-07:00",
                            "deny.#": "0",
                            "description": "",
                            "destination_ranges.#": "1",
                            "destination_ranges.1080289494": "0.0.0.0/0",
                            "direction": "EGRESS",
                            "disabled": "false",
                            "id": "egress-firewall",
                            "name": "egress-firewall",
                            "network": "https://www.googleapis.com/compute/v1/projects/fabled-orbit-241907/global/networks/kub-project-vnet",
                            "priority": "1001",
                            "project": "fabled-orbit-241907",
                            "self_link": "https://www.googleapis.com/compute/v1/projects/fabled-orbit-241907/global/firewalls/egress-firewall",
                            "source_ranges.#": "0",
                            "source_service_accounts.#": "0",
                            "source_tags.#": "0",
                            "target_service_accounts.#": "0",
                            "target_tags.#": "0"
                        },
                        "meta": {
                            "e2bfb730-ecaa-11e6-8f88-34363bc7c4c0": {
                                "create": 240000000000,
                                "delete": 240000000000,
                                "update": 240000000000
                            },
                            "schema_version": "1"
                        },
                        "tainted": false
                    },
                    "deposed": [],
                    "provider": "provider.google"
                },
                "google_compute_firewall.firewall3": {
                    "type": "google_compute_firewall",
                    "depends_on": [
                        "google_compute_network.vnet"
                    ],
                    "primary": {
                        "id": "master-access-firewall",
                        "attributes": {
                            "allow.#": "1",
                            "allow.680193008.ports.#": "1",
                            "allow.680193008.ports.0": "443",
                            "allow.680193008.protocol": "tcp",
                            "creation_timestamp": "2019-05-28T01:21:35.374-07:00",
                            "deny.#": "0",
                            "description": "",
                            "destination_ranges.#": "0",
                            "direction": "INGRESS",
                            "disabled": "false",
                            "id": "master-access-firewall",
                            "name": "master-access-firewall",
                            "network": "https://www.googleapis.com/compute/v1/projects/fabled-orbit-241907/global/networks/kub-project-vnet",
                            "priority": "1002",
                            "project": "fabled-orbit-241907",
                            "self_link": "https://www.googleapis.com/compute/v1/projects/fabled-orbit-241907/global/firewalls/master-access-firewall",
                            "source_ranges.#": "1",
                            "source_ranges.1080289494": "0.0.0.0/0",
                            "source_service_accounts.#": "0",
                            "source_tags.#": "0",
                            "target_service_accounts.#": "0",
                            "target_tags.#": "0"
                        },
                        "meta": {
                            "e2bfb730-ecaa-11e6-8f88-34363bc7c4c0": {
                                "create": 240000000000,
                                "delete": 240000000000,
                                "update": 240000000000
                            },
                            "schema_version": "1"
                        },
                        "tainted": false
                    },
                    "deposed": [],
                    "provider": "provider.google"
                },
                "google_compute_instance.admin": {
                    "type": "google_compute_instance",
                    "depends_on": [
                        "google_compute_network.vnet",
                        "google_compute_subnetwork.admin-subnet"
                    ],
                    "primary": {
                        "id": "admin",
                        "attributes": {
                            "attached_disk.#": "0",
                            "boot_disk.#": "1",
                            "boot_disk.0.auto_delete": "true",
                            "boot_disk.0.device_name": "persistent-disk-0",
                            "boot_disk.0.disk_encryption_key_raw": "",
                            "boot_disk.0.disk_encryption_key_sha256": "",
                            "boot_disk.0.initialize_params.#": "1",
                            "boot_disk.0.initialize_params.0.image": "https://www.googleapis.com/compute/v1/projects/centos-cloud/global/images/centos-7-v20190515",
                            "boot_disk.0.initialize_params.0.size": "10",
                            "boot_disk.0.initialize_params.0.type": "pd-standard",
                            "boot_disk.0.kms_key_self_link": "",
                            "boot_disk.0.source": "https://www.googleapis.com/compute/v1/projects/fabled-orbit-241907/zones/us-central1-a/disks/admin",
                            "can_ip_forward": "false",
                            "cpu_platform": "Intel Haswell",
                            "deletion_protection": "false",
                            "guest_accelerator.#": "0",
                            "hostname": "",
                            "id": "admin",
                            "instance_id": "1803309418037727557",
                            "label_fingerprint": "42WmSpB8rSM=",
                            "labels.%": "0",
                            "machine_type": "f1-micro",
                            "metadata.%": "1",
                            "metadata.sshKeys": "henry:ssh-rsa AAAAB3NzaC1yc2EAAAADAQABAAABAQC/loFdLgNMVS5xbaZubYj/0EBhQxq/MlqsgcoJpjDiXYyDsDrmMqPBCR3n0516DBJfYXG5wXeKik6h60vJscDp27z1DNkAHBxgLUYErOvMkftEyHnb+KeoI3AtmKvpn9wozENHP9VqmSmbv+h0zASK0MJjkxQxsZVAZTPNDJIdW9cFBgx9KRLD4Xct7c+VhToQeaWG/ChQszsyC7uT7YAsIQVAVBpRPiiQ1H4+nrj43KwrtAYSSNcRhEppsZCS0QVzrgBJ98DrvLfv2qDLuFGZ34AyzNtS7ZVrii+NU6n0a80pIYMFy/dZUbnwRP4tKuq8eyF/uBlk+I7NyvDeEZcN henry@linux-3.home\n",
                            "metadata_fingerprint": "l1UasU_qqow=",
                            "metadata_startup_script": "",
                            "min_cpu_platform": "",
                            "name": "admin",
                            "network_interface.#": "1",
                            "network_interface.0.access_config.#": "1",
                            "network_interface.0.access_config.0.assigned_nat_ip": "",
                            "network_interface.0.access_config.0.nat_ip": "35.222.30.0",
                            "network_interface.0.access_config.0.network_tier": "PREMIUM",
                            "network_interface.0.access_config.0.public_ptr_domain_name": "",
                            "network_interface.0.address": "",
                            "network_interface.0.alias_ip_range.#": "0",
                            "network_interface.0.name": "nic0",
                            "network_interface.0.network": "https://www.googleapis.com/compute/v1/projects/fabled-orbit-241907/global/networks/kub-project-vnet",
                            "network_interface.0.network_ip": "10.2.0.2",
                            "network_interface.0.subnetwork": "https://www.googleapis.com/compute/v1/projects/fabled-orbit-241907/regions/us-central1/subnetworks/admin-subnet",
                            "network_interface.0.subnetwork_project": "fabled-orbit-241907",
                            "project": "fabled-orbit-241907",
                            "scheduling.#": "1",
                            "scheduling.0.automatic_restart": "true",
                            "scheduling.0.node_affinities.#": "0",
                            "scheduling.0.on_host_maintenance": "MIGRATE",
                            "scheduling.0.preemptible": "false",
                            "scratch_disk.#": "0",
                            "self_link": "https://www.googleapis.com/compute/v1/projects/fabled-orbit-241907/zones/us-central1-a/instances/admin",
                            "service_account.#": "0",
                            "shielded_instance_config.#": "0",
                            "tags.#": "0",
                            "tags_fingerprint": "42WmSpB8rSM=",
                            "zone": "us-central1-a"
                        },
                        "meta": {
                            "e2bfb730-ecaa-11e6-8f88-34363bc7c4c0": {
                                "create": 360000000000,
                                "delete": 360000000000,
                                "update": 360000000000
                            },
                            "schema_version": "6"
                        },
                        "tainted": false
                    },
                    "deposed": [],
                    "provider": "provider.google"
                },
                "google_compute_network.vnet": {
                    "type": "google_compute_network",
                    "depends_on": [],
                    "primary": {
                        "id": "kub-project-vnet",
                        "attributes": {
                            "auto_create_subnetworks": "false",
                            "delete_default_routes_on_create": "false",
                            "description": "",
                            "gateway_ipv4": "",
                            "id": "kub-project-vnet",
                            "ipv4_range": "",
                            "name": "kub-project-vnet",
                            "project": "fabled-orbit-241907",
                            "routing_mode": "REGIONAL",
                            "self_link": "https://www.googleapis.com/compute/v1/projects/fabled-orbit-241907/global/networks/kub-project-vnet"
                        },
                        "meta": {
                            "e2bfb730-ecaa-11e6-8f88-34363bc7c4c0": {
                                "create": 240000000000,
                                "delete": 240000000000,
                                "update": 240000000000
                            }
                        },
                        "tainted": false
                    },
                    "deposed": [],
                    "provider": "provider.google"
                },
                "google_compute_subnetwork.admin-subnet": {
                    "type": "google_compute_subnetwork",
                    "depends_on": [
                        "google_compute_network.vnet"
                    ],
                    "primary": {
                        "id": "us-central1/admin-subnet",
                        "attributes": {
                            "creation_timestamp": "2019-05-28T01:21:35.313-07:00",
                            "description": "",
                            "enable_flow_logs": "false",
                            "fingerprint": "4h5xqdQAceM=",
                            "gateway_address": "10.2.0.1",
                            "id": "us-central1/admin-subnet",
                            "ip_cidr_range": "10.2.0.0/16",
                            "name": "admin-subnet",
                            "network": "https://www.googleapis.com/compute/v1/projects/fabled-orbit-241907/global/networks/kub-project-vnet",
                            "private_ip_google_access": "false",
                            "project": "fabled-orbit-241907",
                            "region": "us-central1",
                            "secondary_ip_range.#": "0",
                            "self_link": "https://www.googleapis.com/compute/v1/projects/fabled-orbit-241907/regions/us-central1/subnetworks/admin-subnet"
                        },
                        "meta": {
                            "e2bfb730-ecaa-11e6-8f88-34363bc7c4c0": {
                                "create": 360000000000,
                                "delete": 360000000000,
                                "update": 360000000000
                            }
                        },
                        "tainted": false
                    },
                    "deposed": [],
                    "provider": "provider.google"
                },
                "google_compute_subnetwork.nodes-subnet": {
                    "type": "google_compute_subnetwork",
                    "depends_on": [
                        "google_compute_network.vnet"
                    ],
                    "primary": {
                        "id": "us-central1/nodes-subnet",
                        "attributes": {
                            "creation_timestamp": "2019-05-28T01:21:35.204-07:00",
                            "description": "",
                            "enable_flow_logs": "false",
                            "fingerprint": "3muUQvNkli0=",
                            "gateway_address": "10.3.0.1",
                            "id": "us-central1/nodes-subnet",
                            "ip_cidr_range": "10.3.0.0/16",
                            "name": "nodes-subnet",
                            "network": "https://www.googleapis.com/compute/v1/projects/fabled-orbit-241907/global/networks/kub-project-vnet",
                            "private_ip_google_access": "false",
                            "project": "fabled-orbit-241907",
                            "region": "us-central1",
                            "secondary_ip_range.#": "0",
                            "self_link": "https://www.googleapis.com/compute/v1/projects/fabled-orbit-241907/regions/us-central1/subnetworks/nodes-subnet"
                        },
                        "meta": {
                            "e2bfb730-ecaa-11e6-8f88-34363bc7c4c0": {
                                "create": 360000000000,
                                "delete": 360000000000,
                                "update": 360000000000
                            }
                        },
                        "tainted": false
                    },
                    "deposed": [],
                    "provider": "provider.google"
                },
                "google_container_cluster.primary": {
                    "type": "google_container_cluster",
                    "depends_on": [
                        "google_compute_network.vnet",
                        "google_compute_subnetwork.nodes-subnet"
                    ],
                    "primary": {
                        "id": "my-gke-cluster",
                        "attributes": {
                            "additional_zones.#": "0",
                            "addons_config.#": "1",
                            "addons_config.0.horizontal_pod_autoscaling.#": "0",
                            "addons_config.0.http_load_balancing.#": "0",
                            "addons_config.0.kubernetes_dashboard.#": "1",
                            "addons_config.0.kubernetes_dashboard.0.disabled": "true",
                            "addons_config.0.network_policy_config.#": "1",
                            "addons_config.0.network_policy_config.0.disabled": "true",
                            "cluster_autoscaling.#": "0",
                            "cluster_ipv4_cidr": "10.44.0.0/14",
                            "description": "",
                            "enable_kubernetes_alpha": "false",
                            "enable_legacy_abac": "false",
                            "endpoint": "10.4.0.2",
                            "id": "my-gke-cluster",
                            "initial_node_count": "1",
                            "instance_group_urls.#": "0",
                            "ip_allocation_policy.#": "1",
                            "ip_allocation_policy.0.cluster_ipv4_cidr_block": "10.44.0.0/14",
                            "ip_allocation_policy.0.cluster_secondary_range_name": "gke-my-gke-cluster-pods-5865ad3b",
                            "ip_allocation_policy.0.create_subnetwork": "false",
                            "ip_allocation_policy.0.node_ipv4_cidr_block": "10.3.0.0/16",
                            "ip_allocation_policy.0.services_ipv4_cidr_block": "10.175.0.0/20",
                            "ip_allocation_policy.0.services_secondary_range_name": "gke-my-gke-cluster-services-5865ad3b",
                            "ip_allocation_policy.0.subnetwork_name": "",
                            "ip_allocation_policy.0.use_ip_aliases": "true",
                            "location": "us-central1-a",
                            "logging_service": "logging.googleapis.com",
                            "maintenance_policy.#": "0",
                            "master_auth.#": "1",
                            "master_auth.0.client_certificate": "",
                            "master_auth.0.client_certificate_config.#": "1",
                            "master_auth.0.client_certificate_config.0.issue_client_certificate": "false",
                            "master_auth.0.client_key": "",
                            "master_auth.0.cluster_ca_certificate": "LS0tLS1CRUdJTiBDRVJUSUZJQ0FURS0tLS0tCk1JSURDekNDQWZPZ0F3SUJBZ0lRWEN1UHh4NTl2YjJ1N2pOSDRUNk85akFOQmdrcWhraUc5dzBCQVFzRkFEQXYKTVMwd0t3WURWUVFERXlReVl6STVZVGM1WXkwME16UTJMVFF3T0RjdFlqaG1aUzFrTVRReVpUTmlPV0l4WWpNdwpIaGNOTVRrd05USTRNRGd6T1RVNFdoY05NalF3TlRJMk1Ea3pPVFU0V2pBdk1TMHdLd1lEVlFRREV5UXlZekk1CllUYzVZeTAwTXpRMkxUUXdPRGN0WWpobVpTMWtNVFF5WlROaU9XSXhZak13Z2dFaU1BMEdDU3FHU0liM0RRRUIKQVFVQUE0SUJEd0F3Z2dFS0FvSUJBUUM5WU0vRGYzTzZvNU1DK0JFYkgzSkhsLzl5ZDVQbHJzYks4MVJTbys1RApJRmNBcGFqZWlrSFluSXZ3SElJeVAzK084MjM4R2tENENvcExJaWRNcy9ZM3RBSHp0U0N3bVNVRmZIcm1DT3dECjUwV3dKL1QrZ3hHVnNKUm53a0QrbGVaT3Z5ZHZkTkhLWTd5dmo3OHJ0OGd3Z2padFFNc0lqRTJsWmdlVWJDSFAKZmpsdnp1ZlA5UWF1QXd2eHNxdXF2VmVyaW83T1l4cWFTTGxFOEJJY2tlRThJbnY4RkJTMVg4N2UyWDJyeGVOMgpoR3VTN0daWXdQODR0TU1XdG5ZNXArbzBxaTBUWkViRllmaFAzdC9XNHNEcDQzV0lpd1B1aE8zekc4MTdCNFhYCkhNK2Nvdit6dWlqRTdaRytKNHZoU1Fib0tkS2RYZjNNRElzbEJZV0N5cnZuQWdNQkFBR2pJekFoTUE0R0ExVWQKRHdFQi93UUVBd0lDQkRBUEJnTlZIUk1CQWY4RUJUQURBUUgvTUEwR0NTcUdTSWIzRFFFQkN3VUFBNElCQVFBdwpUQS9RdlRJQXZ4TS93dnN6WWxlamJZMU9PNEZyVjVGdXUwYy9GcFBBS2FRdEFqeC9iR1o2YklWdlBUUzZlK2Q4Cis0UTRPV3Q3UEVMalltVExCNTJHV29tU0xrNGhhTHpFc0lWMjlLckJVOU0rSXBmRENCT1ZDOXR2YzM1L0NlczUKelUxNTdTcUlqaFJBTkQ2UWtFMkhGWTV3MXBrRUlUeHNpNkRLQUFiSWUyWEZaVkxCSUVDU1lxem9jbTVnYXFyZApJWGhHMFdaaXEweUpYMzBCVHlyYTdLME5rLzdDUXZPWm85WjZZVUg5MTNmbGdwMUx6bnIwd1M3bEdLOXJzd0dzCk1yMTgvbzhkR3VSNHJ5Y292c3FUakNCSm5uZjdXbGJOcHdZeGhKV296MTlpbGpEZ0dZNHE5YWI1QTlQZGR1MEoKcTJSUUdxRDBmKzhpYW8zWjNDZlAKLS0tLS1FTkQgQ0VSVElGSUNBVEUtLS0tLQo=",
                            "master_auth.0.password": "",
                            "master_auth.0.username": "",
                            "master_authorized_networks_config.#": "1",
                            "master_authorized_networks_config.0.cidr_blocks.#": "2",
                            "master_authorized_networks_config.0.cidr_blocks.2399239674.cidr_block": "10.3.0.0/16",
                            "master_authorized_networks_config.0.cidr_blocks.2399239674.display_name": "nodes-subnet",
                            "master_authorized_networks_config.0.cidr_blocks.713252900.cidr_block": "10.2.0.0/16",
                            "master_authorized_networks_config.0.cidr_blocks.713252900.display_name": "admin-subnet",
                            "master_version": "1.12.7-gke.10",
                            "monitoring_service": "monitoring.googleapis.com",
                            "name": "my-gke-cluster",
                            "network": "projects/fabled-orbit-241907/global/networks/kub-project-vnet",
                            "network_policy.#": "1",
                            "network_policy.0.enabled": "false",
                            "network_policy.0.provider": "PROVIDER_UNSPECIFIED",
                            "node_config.#": "0",
                            "node_locations.#": "0",
                            "node_pool.#": "0",
                            "node_version": "1.12.7-gke.10",
                            "private_cluster_config.#": "1",
                            "private_cluster_config.0.enable_private_endpoint": "true",
                            "private_cluster_config.0.enable_private_nodes": "true",
                            "private_cluster_config.0.master_ipv4_cidr_block": "10.4.0.0/28",
                            "private_cluster_config.0.private_endpoint": "10.4.0.2",
                            "private_cluster_config.0.public_endpoint": "35.225.64.104",
                            "project": "fabled-orbit-241907",
                            "remove_default_node_pool": "true",
                            "resource_labels.%": "0",
                            "subnetwork": "projects/fabled-orbit-241907/regions/us-central1/subnetworks/nodes-subnet",
                            "zone": "us-central1-a"
                        },
                        "meta": {
                            "e2bfb730-ecaa-11e6-8f88-34363bc7c4c0": {
                                "create": 1800000000000,
                                "delete": 1800000000000,
                                "update": 1800000000000
                            },
                            "schema_version": "1"
                        },
                        "tainted": false
                    },
                    "deposed": [],
                    "provider": "provider.google"
                },
                "google_container_node_pool.primary_stateful_nodes": {
                    "type": "google_container_node_pool",
                    "depends_on": [
                        "google_container_cluster.primary"
                    ],
                    "primary": {
                        "id": "us-central1-a/my-gke-cluster/my-node-pool1",
                        "attributes": {
                            "cluster": "my-gke-cluster",
                            "id": "us-central1-a/my-gke-cluster/my-node-pool1",
                            "initial_node_count": "1",
                            "instance_group_urls.#": "1",
                            "instance_group_urls.0": "https://www.googleapis.com/compute/v1/projects/fabled-orbit-241907/zones/us-central1-a/instanceGroupManagers/gke-my-gke-cluster-my-node-pool1-e25b355b-grp",
                            "location": "us-central1-a",
                            "management.#": "1",
                            "management.0.auto_repair": "false",
                            "management.0.auto_upgrade": "false",
                            "name": "my-node-pool1",
                            "name_prefix": "",
                            "node_config.#": "1",
                            "node_config.0.disk_size_gb": "100",
                            "node_config.0.disk_type": "pd-standard",
                            "node_config.0.guest_accelerator.#": "0",
                            "node_config.0.image_type": "COS",
                            "node_config.0.labels.%": "0",
                            "node_config.0.local_ssd_count": "0",
                            "node_config.0.machine_type": "n1-standard-1",
                            "node_config.0.metadata.%": "2",
                            "node_config.0.metadata.disable-legacy-endpoints": "true",
                            "node_config.0.metadata.type": "stateful",
                            "node_config.0.min_cpu_platform": "",
                            "node_config.0.oauth_scopes.#": "2",
                            "node_config.0.oauth_scopes.1277378754": "https://www.googleapis.com/auth/monitoring",
                            "node_config.0.oauth_scopes.172152165": "https://www.googleapis.com/auth/logging.write",
                            "node_config.0.preemptible": "true",
                            "node_config.0.service_account": "default",
                            "node_config.0.tags.#": "0",
                            "node_config.0.taint.#": "0",
                            "node_config.0.workload_metadata_config.#": "0",
                            "node_count": "1",
                            "project": "fabled-orbit-241907",
                            "version": "1.12.7-gke.10",
                            "zone": "us-central1-a"
                        },
                        "meta": {
                            "e2bfb730-ecaa-11e6-8f88-34363bc7c4c0": {
                                "create": 1800000000000,
                                "delete": 600000000000,
                                "update": 600000000000
                            },
                            "schema_version": "1"
                        },
                        "tainted": false
                    },
                    "deposed": [],
                    "provider": "provider.google"
                },
                "google_container_node_pool.primary_stateless_nodes2": {
                    "type": "google_container_node_pool",
                    "depends_on": [
                        "google_container_cluster.primary"
                    ],
                    "primary": {
                        "id": "us-central1-a/my-gke-cluster/my-node-pool2",
                        "attributes": {
                            "cluster": "my-gke-cluster",
                            "id": "us-central1-a/my-gke-cluster/my-node-pool2",
                            "initial_node_count": "1",
                            "instance_group_urls.#": "1",
                            "instance_group_urls.0": "https://www.googleapis.com/compute/v1/projects/fabled-orbit-241907/zones/us-central1-a/instanceGroupManagers/gke-my-gke-cluster-my-node-pool2-e71834c9-grp",
                            "location": "us-central1-a",
                            "management.#": "1",
                            "management.0.auto_repair": "false",
                            "management.0.auto_upgrade": "false",
                            "name": "my-node-pool2",
                            "name_prefix": "",
                            "node_config.#": "1",
                            "node_config.0.disk_size_gb": "100",
                            "node_config.0.disk_type": "pd-standard",
                            "node_config.0.guest_accelerator.#": "0",
                            "node_config.0.image_type": "COS",
                            "node_config.0.labels.%": "0",
                            "node_config.0.local_ssd_count": "0",
                            "node_config.0.machine_type": "n1-standard-1",
                            "node_config.0.metadata.%": "2",
                            "node_config.0.metadata.disable-legacy-endpoints": "true",
                            "node_config.0.metadata.type": "stateless",
                            "node_config.0.min_cpu_platform": "",
                            "node_config.0.oauth_scopes.#": "2",
                            "node_config.0.oauth_scopes.1277378754": "https://www.googleapis.com/auth/monitoring",
                            "node_config.0.oauth_scopes.172152165": "https://www.googleapis.com/auth/logging.write",
                            "node_config.0.preemptible": "true",
                            "node_config.0.service_account": "default",
                            "node_config.0.tags.#": "0",
                            "node_config.0.taint.#": "0",
                            "node_config.0.workload_metadata_config.#": "0",
                            "node_count": "1",
                            "project": "fabled-orbit-241907",
                            "version": "1.12.7-gke.10",
                            "zone": "us-central1-a"
                        },
                        "meta": {
                            "e2bfb730-ecaa-11e6-8f88-34363bc7c4c0": {
                                "create": 1800000000000,
                                "delete": 600000000000,
                                "update": 600000000000
                            },
                            "schema_version": "1"
                        },
                        "tainted": false
                    },
                    "deposed": [],
                    "provider": "provider.google"
                }
            },
            "depends_on": []
        }
    ]
}
