{
    "version": 3,
    "terraform_version": "0.11.14",
    "serial": 17,
    "lineage": "46da6e43-2d0c-9d8c-66f2-ac44f4a8223c",
    "modules": [
        {
            "path": [
                "root"
            ],
            "outputs": {},
            "resources": {
                "azurerm_availability_set.Azure-AS": {
                    "type": "azurerm_availability_set",
                    "depends_on": [
                        "data.azurerm_resource_group.baseRG"
                    ],
                    "primary": {
                        "id": "/subscriptions/a0e10630-889a-46e5-b203-9a4e91567e59/resourceGroups/Azure_Data/providers/Microsoft.Compute/availabilitySets/Azure-AS",
                        "attributes": {
                            "id": "/subscriptions/a0e10630-889a-46e5-b203-9a4e91567e59/resourceGroups/Azure_Data/providers/Microsoft.Compute/availabilitySets/Azure-AS",
                            "location": "northeurope",
                            "managed": "true",
                            "name": "Azure-AS",
                            "platform_fault_domain_count": "3",
                            "platform_update_domain_count": "5",
                            "resource_group_name": "Azure_Data",
                            "tags.%": "0"
                        },
                        "meta": {},
                        "tainted": false
                    },
                    "deposed": [],
                    "provider": "provider.azurerm"
                },
                "azurerm_lb.Azure-LB": {
                    "type": "azurerm_lb",
                    "depends_on": [
                        "azurerm_public_ip.lbPIP",
                        "data.azurerm_resource_group.baseRG"
                    ],
                    "primary": {
                        "id": "/subscriptions/a0e10630-889a-46e5-b203-9a4e91567e59/resourceGroups/Azure_Data/providers/Microsoft.Network/loadBalancers/Azure-LB",
                        "attributes": {
                            "frontend_ip_configuration.#": "1",
                            "frontend_ip_configuration.0.inbound_nat_rules.#": "0",
                            "frontend_ip_configuration.0.load_balancer_rules.#": "0",
                            "frontend_ip_configuration.0.name": "Azure-LB-PIP",
                            "frontend_ip_configuration.0.outbound_rules.#": "0",
                            "frontend_ip_configuration.0.private_ip_address": "",
                            "frontend_ip_configuration.0.private_ip_address_allocation": "Dynamic",
                            "frontend_ip_configuration.0.public_ip_address_id": "/subscriptions/a0e10630-889a-46e5-b203-9a4e91567e59/resourceGroups/Azure_Data/providers/Microsoft.Network/publicIPAddresses/lbPIP",
                            "frontend_ip_configuration.0.subnet_id": "",
                            "frontend_ip_configuration.0.zones.#": "0",
                            "id": "/subscriptions/a0e10630-889a-46e5-b203-9a4e91567e59/resourceGroups/Azure_Data/providers/Microsoft.Network/loadBalancers/Azure-LB",
                            "location": "northeurope",
                            "name": "Azure-LB",
                            "private_ip_address": "",
                            "private_ip_addresses.#": "0",
                            "resource_group_name": "Azure_Data",
                            "sku": "Basic",
                            "tags.%": "0"
                        },
                        "meta": {},
                        "tainted": false
                    },
                    "deposed": [],
                    "provider": "provider.azurerm"
                },
                "azurerm_lb_backend_address_pool.Azure-LB-AP": {
                    "type": "azurerm_lb_backend_address_pool",
                    "depends_on": [
                        "azurerm_lb.Azure-LB",
                        "data.azurerm_resource_group.baseRG"
                    ],
                    "primary": {
                        "id": "/subscriptions/a0e10630-889a-46e5-b203-9a4e91567e59/resourceGroups/Azure_Data/providers/Microsoft.Network/loadBalancers/Azure-LB/backendAddressPools/BackEndAddressPool",
                        "attributes": {
                            "backend_ip_configurations.#": "0",
                            "id": "/subscriptions/a0e10630-889a-46e5-b203-9a4e91567e59/resourceGroups/Azure_Data/providers/Microsoft.Network/loadBalancers/Azure-LB/backendAddressPools/BackEndAddressPool",
                            "load_balancing_rules.#": "0",
                            "loadbalancer_id": "/subscriptions/a0e10630-889a-46e5-b203-9a4e91567e59/resourceGroups/Azure_Data/providers/Microsoft.Network/loadBalancers/Azure-LB",
                            "name": "BackEndAddressPool",
                            "resource_group_name": "Azure_Data"
                        },
                        "meta": {},
                        "tainted": false
                    },
                    "deposed": [],
                    "provider": "provider.azurerm"
                },
                "azurerm_lb_rule.Azure-LB-Rule": {
                    "type": "azurerm_lb_rule",
                    "depends_on": [
                        "azurerm_lb.Azure-LB",
                        "azurerm_lb_backend_address_pool.Azure-LB-AP",
                        "data.azurerm_resource_group.baseRG"
                    ],
                    "primary": {
                        "id": "/subscriptions/a0e10630-889a-46e5-b203-9a4e91567e59/resourceGroups/Azure_Data/providers/Microsoft.Network/loadBalancers/Azure-LB/loadBalancingRules/LBRule",
                        "attributes": {
                            "backend_address_pool_id": "/subscriptions/a0e10630-889a-46e5-b203-9a4e91567e59/resourceGroups/Azure_Data/providers/Microsoft.Network/loadBalancers/Azure-LB/backendAddressPools/BackEndAddressPool",
                            "backend_port": "3389",
                            "enable_floating_ip": "false",
                            "frontend_ip_configuration_id": "/subscriptions/a0e10630-889a-46e5-b203-9a4e91567e59/resourceGroups/Azure_Data/providers/Microsoft.Network/loadBalancers/Azure-LB/frontendIPConfigurations/Azure-LB-PIP",
                            "frontend_ip_configuration_name": "Azure-LB-PIP",
                            "frontend_port": "3389",
                            "id": "/subscriptions/a0e10630-889a-46e5-b203-9a4e91567e59/resourceGroups/Azure_Data/providers/Microsoft.Network/loadBalancers/Azure-LB/loadBalancingRules/LBRule",
                            "idle_timeout_in_minutes": "4",
                            "load_distribution": "Default",
                            "loadbalancer_id": "/subscriptions/a0e10630-889a-46e5-b203-9a4e91567e59/resourceGroups/Azure_Data/providers/Microsoft.Network/loadBalancers/Azure-LB",
                            "name": "LBRule",
                            "protocol": "Tcp",
                            "resource_group_name": "Azure_Data"
                        },
                        "meta": {},
                        "tainted": false
                    },
                    "deposed": [],
                    "provider": "provider.azurerm"
                },
                "azurerm_network_interface.NIC.0": {
                    "type": "azurerm_network_interface",
                    "depends_on": [
                        "azurerm_lb_backend_address_pool.Azure-LB-AP",
                        "azurerm_network_security_group.NSG.*",
                        "azurerm_public_ip.PIP.*",
                        "data.azurerm_resource_group.baseRG",
                        "data.azurerm_subnet.baseSubnet"
                    ],
                    "primary": {
                        "id": "/subscriptions/a0e10630-889a-46e5-b203-9a4e91567e59/resourceGroups/Azure_Data/providers/Microsoft.Network/networkInterfaces/NIC0",
                        "attributes": {
                            "applied_dns_servers.#": "0",
                            "dns_servers.#": "0",
                            "enable_accelerated_networking": "false",
                            "enable_ip_forwarding": "false",
                            "id": "/subscriptions/a0e10630-889a-46e5-b203-9a4e91567e59/resourceGroups/Azure_Data/providers/Microsoft.Network/networkInterfaces/NIC0",
                            "internal_dns_name_label": "",
                            "internal_fqdn": "",
                            "ip_configuration.#": "1",
                            "ip_configuration.0.application_gateway_backend_address_pools_ids.#": "0",
                            "ip_configuration.0.application_security_group_ids.#": "0",
                            "ip_configuration.0.load_balancer_backend_address_pools_ids.#": "1",
                            "ip_configuration.0.load_balancer_backend_address_pools_ids.185184662": "/subscriptions/a0e10630-889a-46e5-b203-9a4e91567e59/resourceGroups/Azure_Data/providers/Microsoft.Network/loadBalancers/Azure-LB/backendAddressPools/BackEndAddressPool",
                            "ip_configuration.0.load_balancer_inbound_nat_rules_ids.#": "0",
                            "ip_configuration.0.name": "myNicConfiguration",
                            "ip_configuration.0.primary": "true",
                            "ip_configuration.0.private_ip_address": "",
                            "ip_configuration.0.private_ip_address_allocation": "dynamic",
                            "ip_configuration.0.private_ip_address_version": "IPv4",
                            "ip_configuration.0.public_ip_address_id": "/subscriptions/a0e10630-889a-46e5-b203-9a4e91567e59/resourceGroups/Azure_Data/providers/Microsoft.Network/publicIPAddresses/Azure-PIP0",
                            "ip_configuration.0.subnet_id": "/subscriptions/a0e10630-889a-46e5-b203-9a4e91567e59/resourceGroups/Azure_Data/providers/Microsoft.Network/virtualNetworks/Azure_Data-vnet/subnets/default",
                            "location": "northeurope",
                            "mac_address": "",
                            "name": "NIC0",
                            "network_security_group_id": "/subscriptions/a0e10630-889a-46e5-b203-9a4e91567e59/resourceGroups/Azure_Data/providers/Microsoft.Network/networkSecurityGroups/Azure-NSG",
                            "private_ip_address": "10.0.0.7",
                            "private_ip_addresses.#": "1",
                            "private_ip_addresses.0": "10.0.0.7",
                            "resource_group_name": "Azure_Data",
                            "tags.%": "1",
                            "tags.environment": "Terraform Demo"
                        },
                        "meta": {},
                        "tainted": false
                    },
                    "deposed": [],
                    "provider": "provider.azurerm"
                },
                "azurerm_network_interface.NIC.1": {
                    "type": "azurerm_network_interface",
                    "depends_on": [
                        "azurerm_lb_backend_address_pool.Azure-LB-AP",
                        "azurerm_network_security_group.NSG.*",
                        "azurerm_public_ip.PIP.*",
                        "data.azurerm_resource_group.baseRG",
                        "data.azurerm_subnet.baseSubnet"
                    ],
                    "primary": {
                        "id": "/subscriptions/a0e10630-889a-46e5-b203-9a4e91567e59/resourceGroups/Azure_Data/providers/Microsoft.Network/networkInterfaces/NIC1",
                        "attributes": {
                            "applied_dns_servers.#": "0",
                            "dns_servers.#": "0",
                            "enable_accelerated_networking": "false",
                            "enable_ip_forwarding": "false",
                            "id": "/subscriptions/a0e10630-889a-46e5-b203-9a4e91567e59/resourceGroups/Azure_Data/providers/Microsoft.Network/networkInterfaces/NIC1",
                            "internal_dns_name_label": "",
                            "internal_fqdn": "",
                            "ip_configuration.#": "1",
                            "ip_configuration.0.application_gateway_backend_address_pools_ids.#": "0",
                            "ip_configuration.0.application_security_group_ids.#": "0",
                            "ip_configuration.0.load_balancer_backend_address_pools_ids.#": "1",
                            "ip_configuration.0.load_balancer_backend_address_pools_ids.185184662": "/subscriptions/a0e10630-889a-46e5-b203-9a4e91567e59/resourceGroups/Azure_Data/providers/Microsoft.Network/loadBalancers/Azure-LB/backendAddressPools/BackEndAddressPool",
                            "ip_configuration.0.load_balancer_inbound_nat_rules_ids.#": "0",
                            "ip_configuration.0.name": "myNicConfiguration",
                            "ip_configuration.0.primary": "true",
                            "ip_configuration.0.private_ip_address": "",
                            "ip_configuration.0.private_ip_address_allocation": "dynamic",
                            "ip_configuration.0.private_ip_address_version": "IPv4",
                            "ip_configuration.0.public_ip_address_id": "/subscriptions/a0e10630-889a-46e5-b203-9a4e91567e59/resourceGroups/Azure_Data/providers/Microsoft.Network/publicIPAddresses/Azure-PIP1",
                            "ip_configuration.0.subnet_id": "/subscriptions/a0e10630-889a-46e5-b203-9a4e91567e59/resourceGroups/Azure_Data/providers/Microsoft.Network/virtualNetworks/Azure_Data-vnet/subnets/default",
                            "location": "northeurope",
                            "mac_address": "",
                            "name": "NIC1",
                            "network_security_group_id": "/subscriptions/a0e10630-889a-46e5-b203-9a4e91567e59/resourceGroups/Azure_Data/providers/Microsoft.Network/networkSecurityGroups/Azure-NSG",
                            "private_ip_address": "10.0.0.5",
                            "private_ip_addresses.#": "1",
                            "private_ip_addresses.0": "10.0.0.5",
                            "resource_group_name": "Azure_Data",
                            "tags.%": "1",
                            "tags.environment": "Terraform Demo"
                        },
                        "meta": {},
                        "tainted": false
                    },
                    "deposed": [],
                    "provider": "provider.azurerm"
                },
                "azurerm_network_interface.NIC.2": {
                    "type": "azurerm_network_interface",
                    "depends_on": [
                        "azurerm_lb_backend_address_pool.Azure-LB-AP",
                        "azurerm_network_security_group.NSG.*",
                        "azurerm_public_ip.PIP.*",
                        "data.azurerm_resource_group.baseRG",
                        "data.azurerm_subnet.baseSubnet"
                    ],
                    "primary": {
                        "id": "/subscriptions/a0e10630-889a-46e5-b203-9a4e91567e59/resourceGroups/Azure_Data/providers/Microsoft.Network/networkInterfaces/NIC2",
                        "attributes": {
                            "applied_dns_servers.#": "0",
                            "dns_servers.#": "0",
                            "enable_accelerated_networking": "false",
                            "enable_ip_forwarding": "false",
                            "id": "/subscriptions/a0e10630-889a-46e5-b203-9a4e91567e59/resourceGroups/Azure_Data/providers/Microsoft.Network/networkInterfaces/NIC2",
                            "internal_dns_name_label": "",
                            "internal_fqdn": "",
                            "ip_configuration.#": "1",
                            "ip_configuration.0.application_gateway_backend_address_pools_ids.#": "0",
                            "ip_configuration.0.application_security_group_ids.#": "0",
                            "ip_configuration.0.load_balancer_backend_address_pools_ids.#": "1",
                            "ip_configuration.0.load_balancer_backend_address_pools_ids.185184662": "/subscriptions/a0e10630-889a-46e5-b203-9a4e91567e59/resourceGroups/Azure_Data/providers/Microsoft.Network/loadBalancers/Azure-LB/backendAddressPools/BackEndAddressPool",
                            "ip_configuration.0.load_balancer_inbound_nat_rules_ids.#": "0",
                            "ip_configuration.0.name": "myNicConfiguration",
                            "ip_configuration.0.primary": "true",
                            "ip_configuration.0.private_ip_address": "",
                            "ip_configuration.0.private_ip_address_allocation": "dynamic",
                            "ip_configuration.0.private_ip_address_version": "IPv4",
                            "ip_configuration.0.public_ip_address_id": "/subscriptions/a0e10630-889a-46e5-b203-9a4e91567e59/resourceGroups/Azure_Data/providers/Microsoft.Network/publicIPAddresses/Azure-PIP2",
                            "ip_configuration.0.subnet_id": "/subscriptions/a0e10630-889a-46e5-b203-9a4e91567e59/resourceGroups/Azure_Data/providers/Microsoft.Network/virtualNetworks/Azure_Data-vnet/subnets/default",
                            "location": "northeurope",
                            "mac_address": "",
                            "name": "NIC2",
                            "network_security_group_id": "/subscriptions/a0e10630-889a-46e5-b203-9a4e91567e59/resourceGroups/Azure_Data/providers/Microsoft.Network/networkSecurityGroups/Azure-NSG",
                            "private_ip_address": "10.0.0.6",
                            "private_ip_addresses.#": "1",
                            "private_ip_addresses.0": "10.0.0.6",
                            "resource_group_name": "Azure_Data",
                            "tags.%": "1",
                            "tags.environment": "Terraform Demo"
                        },
                        "meta": {},
                        "tainted": false
                    },
                    "deposed": [],
                    "provider": "provider.azurerm"
                },
                "azurerm_network_security_group.NSG": {
                    "type": "azurerm_network_security_group",
                    "depends_on": [
                        "data.azurerm_resource_group.baseRG"
                    ],
                    "primary": {
                        "id": "/subscriptions/a0e10630-889a-46e5-b203-9a4e91567e59/resourceGroups/Azure_Data/providers/Microsoft.Network/networkSecurityGroups/Azure-NSG",
                        "attributes": {
                            "id": "/subscriptions/a0e10630-889a-46e5-b203-9a4e91567e59/resourceGroups/Azure_Data/providers/Microsoft.Network/networkSecurityGroups/Azure-NSG",
                            "location": "northeurope",
                            "name": "Azure-NSG",
                            "resource_group_name": "Azure_Data",
                            "security_rule.#": "1",
                            "security_rule.2090309246.access": "Allow",
                            "security_rule.2090309246.description": "",
                            "security_rule.2090309246.destination_address_prefix": "*",
                            "security_rule.2090309246.destination_address_prefixes.#": "0",
                            "security_rule.2090309246.destination_application_security_group_ids.#": "0",
                            "security_rule.2090309246.destination_port_range": "22",
                            "security_rule.2090309246.destination_port_ranges.#": "0",
                            "security_rule.2090309246.direction": "Inbound",
                            "security_rule.2090309246.name": "SSH",
                            "security_rule.2090309246.priority": "1001",
                            "security_rule.2090309246.protocol": "Tcp",
                            "security_rule.2090309246.source_address_prefix": "*",
                            "security_rule.2090309246.source_address_prefixes.#": "0",
                            "security_rule.2090309246.source_application_security_group_ids.#": "0",
                            "security_rule.2090309246.source_port_range": "*",
                            "security_rule.2090309246.source_port_ranges.#": "0",
                            "tags.%": "1",
                            "tags.environment": "Terraform Demo"
                        },
                        "meta": {},
                        "tainted": false
                    },
                    "deposed": [],
                    "provider": "provider.azurerm"
                },
                "azurerm_public_ip.PIP.0": {
                    "type": "azurerm_public_ip",
                    "depends_on": [
                        "data.azurerm_resource_group.baseRG"
                    ],
                    "primary": {
                        "id": "/subscriptions/a0e10630-889a-46e5-b203-9a4e91567e59/resourceGroups/Azure_Data/providers/Microsoft.Network/publicIPAddresses/Azure-PIP0",
                        "attributes": {
                            "allocation_method": "Dynamic",
                            "id": "/subscriptions/a0e10630-889a-46e5-b203-9a4e91567e59/resourceGroups/Azure_Data/providers/Microsoft.Network/publicIPAddresses/Azure-PIP0",
                            "idle_timeout_in_minutes": "4",
                            "ip_address": "",
                            "ip_version": "IPv4",
                            "location": "northeurope",
                            "name": "Azure-PIP0",
                            "public_ip_address_allocation": "Dynamic",
                            "resource_group_name": "Azure_Data",
                            "sku": "Basic",
                            "tags.%": "1",
                            "tags.environment": "Terraform Demo",
                            "zones.#": "0"
                        },
                        "meta": {},
                        "tainted": false
                    },
                    "deposed": [],
                    "provider": "provider.azurerm"
                },
                "azurerm_public_ip.PIP.1": {
                    "type": "azurerm_public_ip",
                    "depends_on": [
                        "data.azurerm_resource_group.baseRG"
                    ],
                    "primary": {
                        "id": "/subscriptions/a0e10630-889a-46e5-b203-9a4e91567e59/resourceGroups/Azure_Data/providers/Microsoft.Network/publicIPAddresses/Azure-PIP1",
                        "attributes": {
                            "allocation_method": "Dynamic",
                            "id": "/subscriptions/a0e10630-889a-46e5-b203-9a4e91567e59/resourceGroups/Azure_Data/providers/Microsoft.Network/publicIPAddresses/Azure-PIP1",
                            "idle_timeout_in_minutes": "4",
                            "ip_address": "",
                            "ip_version": "IPv4",
                            "location": "northeurope",
                            "name": "Azure-PIP1",
                            "public_ip_address_allocation": "Dynamic",
                            "resource_group_name": "Azure_Data",
                            "sku": "Basic",
                            "tags.%": "1",
                            "tags.environment": "Terraform Demo",
                            "zones.#": "0"
                        },
                        "meta": {},
                        "tainted": false
                    },
                    "deposed": [],
                    "provider": "provider.azurerm"
                },
                "azurerm_public_ip.PIP.2": {
                    "type": "azurerm_public_ip",
                    "depends_on": [
                        "data.azurerm_resource_group.baseRG"
                    ],
                    "primary": {
                        "id": "/subscriptions/a0e10630-889a-46e5-b203-9a4e91567e59/resourceGroups/Azure_Data/providers/Microsoft.Network/publicIPAddresses/Azure-PIP2",
                        "attributes": {
                            "allocation_method": "Dynamic",
                            "id": "/subscriptions/a0e10630-889a-46e5-b203-9a4e91567e59/resourceGroups/Azure_Data/providers/Microsoft.Network/publicIPAddresses/Azure-PIP2",
                            "idle_timeout_in_minutes": "4",
                            "ip_address": "",
                            "ip_version": "IPv4",
                            "location": "northeurope",
                            "name": "Azure-PIP2",
                            "public_ip_address_allocation": "Dynamic",
                            "resource_group_name": "Azure_Data",
                            "sku": "Basic",
                            "tags.%": "1",
                            "tags.environment": "Terraform Demo",
                            "zones.#": "0"
                        },
                        "meta": {},
                        "tainted": false
                    },
                    "deposed": [],
                    "provider": "provider.azurerm"
                },
                "azurerm_public_ip.lbPIP": {
                    "type": "azurerm_public_ip",
                    "depends_on": [
                        "data.azurerm_resource_group.baseRG"
                    ],
                    "primary": {
                        "id": "/subscriptions/a0e10630-889a-46e5-b203-9a4e91567e59/resourceGroups/Azure_Data/providers/Microsoft.Network/publicIPAddresses/lbPIP",
                        "attributes": {
                            "allocation_method": "Dynamic",
                            "id": "/subscriptions/a0e10630-889a-46e5-b203-9a4e91567e59/resourceGroups/Azure_Data/providers/Microsoft.Network/publicIPAddresses/lbPIP",
                            "idle_timeout_in_minutes": "4",
                            "ip_address": "",
                            "ip_version": "IPv4",
                            "location": "northeurope",
                            "name": "lbPIP",
                            "public_ip_address_allocation": "Dynamic",
                            "resource_group_name": "Azure_Data",
                            "sku": "Basic",
                            "tags.%": "1",
                            "tags.environment": "Terraform Demo",
                            "zones.#": "0"
                        },
                        "meta": {},
                        "tainted": false
                    },
                    "deposed": [],
                    "provider": "provider.azurerm"
                },
                "data.azurerm_resource_group.baseRG": {
                    "type": "azurerm_resource_group",
                    "depends_on": [],
                    "primary": {
                        "id": "/subscriptions/a0e10630-889a-46e5-b203-9a4e91567e59/resourceGroups/Azure_Data",
                        "attributes": {
                            "id": "/subscriptions/a0e10630-889a-46e5-b203-9a4e91567e59/resourceGroups/Azure_Data",
                            "location": "northeurope",
                            "name": "Azure_Data",
                            "tags.%": "0"
                        },
                        "meta": {},
                        "tainted": false
                    },
                    "deposed": [],
                    "provider": "provider.azurerm"
                },
                "data.azurerm_subnet.baseSubnet": {
                    "type": "azurerm_subnet",
                    "depends_on": [
                        "data.azurerm_resource_group.baseRG",
                        "data.azurerm_virtual_network.baseVnet"
                    ],
                    "primary": {
                        "id": "/subscriptions/a0e10630-889a-46e5-b203-9a4e91567e59/resourceGroups/Azure_Data/providers/Microsoft.Network/virtualNetworks/Azure_Data-vnet/subnets/default",
                        "attributes": {
                            "address_prefix": "10.0.0.0/24",
                            "id": "/subscriptions/a0e10630-889a-46e5-b203-9a4e91567e59/resourceGroups/Azure_Data/providers/Microsoft.Network/virtualNetworks/Azure_Data-vnet/subnets/default",
                            "ip_configurations.#": "1",
                            "ip_configurations.3897770446": "/subscriptions/a0e10630-889a-46e5-b203-9a4e91567e59/resourceGroups/Azure_Data/providers/Microsoft.Network/networkInterfaces/azure-vm527/ipConfigurations/ipconfig1",
                            "name": "default",
                            "network_security_group_id": "",
                            "resource_group_name": "Azure_Data",
                            "route_table_id": "",
                            "service_endpoints.#": "0",
                            "virtual_network_name": "Azure_Data-vnet"
                        },
                        "meta": {},
                        "tainted": false
                    },
                    "deposed": [],
                    "provider": "provider.azurerm"
                },
                "data.azurerm_virtual_network.baseVnet": {
                    "type": "azurerm_virtual_network",
                    "depends_on": [
                        "data.azurerm_resource_group.baseRG"
                    ],
                    "primary": {
                        "id": "/subscriptions/a0e10630-889a-46e5-b203-9a4e91567e59/resourceGroups/Azure_Data/providers/Microsoft.Network/virtualNetworks/Azure_Data-vnet",
                        "attributes": {
                            "address_spaces.#": "1",
                            "address_spaces.0": "10.0.0.0/24",
                            "id": "/subscriptions/a0e10630-889a-46e5-b203-9a4e91567e59/resourceGroups/Azure_Data/providers/Microsoft.Network/virtualNetworks/Azure_Data-vnet",
                            "name": "Azure_Data-vnet",
                            "resource_group_name": "Azure_Data",
                            "subnets.#": "1",
                            "subnets.0": "default",
                            "vnet_peerings.%": "0"
                        },
                        "meta": {},
                        "tainted": false
                    },
                    "deposed": [],
                    "provider": "provider.azurerm"
                }
            },
            "depends_on": []
        }
    ]
}
